// !$*UTF8*$!
{
	archiveVersion = 1;
	classes = {
	};
	objectVersion = 46;
	objects = {

/* Begin PBXBuildFile section */
		611017D61B4D4A2800C143AC /* main.m in Sources */ = {isa = PBXBuildFile; fileRef = 611017D51B4D4A2800C143AC /* main.m */; };
		611017E11B4D4A2800C143AC /* Images.xcassets in Resources */ = {isa = PBXBuildFile; fileRef = 611017E01B4D4A2800C143AC /* Images.xcassets */; };
		611017E41B4D4A2800C143AC /* LaunchScreen.xib in Resources */ = {isa = PBXBuildFile; fileRef = 611017E21B4D4A2800C143AC /* LaunchScreen.xib */; };
		611017F01B4D4A2800C143AC /* XW____Tests.m in Sources */ = {isa = PBXBuildFile; fileRef = 611017EF1B4D4A2800C143AC /* XW____Tests.m */; };
		611017FA1B4D4B3A00C143AC /* Default@2x.png in Resources */ = {isa = PBXBuildFile; fileRef = 611017F91B4D4B3A00C143AC /* Default@2x.png */; };
		611221311B57E2F200EEC110 /* XWOAuthTool.m in Sources */ = {isa = PBXBuildFile; fileRef = 611221301B57E2F200EEC110 /* XWOAuthTool.m */; };
		615AE4001B5B87B100885C71 /* MJConst.m in Sources */ = {isa = PBXBuildFile; fileRef = 615AE3F01B5B87B100885C71 /* MJConst.m */; };
		615AE4011B5B87B100885C71 /* MJFoundation.m in Sources */ = {isa = PBXBuildFile; fileRef = 615AE3F31B5B87B100885C71 /* MJFoundation.m */; };
		615AE4021B5B87B100885C71 /* MJProperty.m in Sources */ = {isa = PBXBuildFile; fileRef = 615AE3F51B5B87B100885C71 /* MJProperty.m */; };
		615AE4031B5B87B100885C71 /* MJType.m in Sources */ = {isa = PBXBuildFile; fileRef = 615AE3F71B5B87B100885C71 /* MJType.m */; };
		615AE4041B5B87B100885C71 /* NSObject+MJCoding.m in Sources */ = {isa = PBXBuildFile; fileRef = 615AE3F91B5B87B100885C71 /* NSObject+MJCoding.m */; };
		615AE4051B5B87B100885C71 /* NSObject+MJKeyValue.m in Sources */ = {isa = PBXBuildFile; fileRef = 615AE3FB1B5B87B100885C71 /* NSObject+MJKeyValue.m */; };
		615AE4061B5B87B100885C71 /* NSObject+MJProperty.m in Sources */ = {isa = PBXBuildFile; fileRef = 615AE3FD1B5B87B100885C71 /* NSObject+MJProperty.m */; };
		615AE4071B5B87B100885C71 /* NSString+MJExtension.m in Sources */ = {isa = PBXBuildFile; fileRef = 615AE3FF1B5B87B100885C71 /* NSString+MJExtension.m */; };
		615AE40A1B5B8A2300885C71 /* XWUser.m in Sources */ = {isa = PBXBuildFile; fileRef = 615AE4091B5B8A2300885C71 /* XWUser.m */; };
		615AE40D1B5B8AC600885C71 /* XWStatus.m in Sources */ = {isa = PBXBuildFile; fileRef = 615AE40C1B5B8AC600885C71 /* XWStatus.m */; };
		615AE4101B5B8C6900885C71 /* XWPhoto.m in Sources */ = {isa = PBXBuildFile; fileRef = 615AE40F1B5B8C6900885C71 /* XWPhoto.m */; };
		61602D191B553FCF001B741A /* XWOAuthViewController.m in Sources */ = {isa = PBXBuildFile; fileRef = 61602D171B553FCF001B741A /* XWOAuthViewController.m */; };
		61602D381B5549B6001B741A /* XWNavigationController.m in Sources */ = {isa = PBXBuildFile; fileRef = 61602D1D1B5549B6001B741A /* XWNavigationController.m */; };
		61602D391B5549B6001B741A /* XWTabBarViewController.m in Sources */ = {isa = PBXBuildFile; fileRef = 61602D1F1B5549B6001B741A /* XWTabBarViewController.m */; };
		61602D3A1B5549B6001B741A /* AFHTTPRequestOperation.m in Sources */ = {isa = PBXBuildFile; fileRef = 61602D231B5549B6001B741A /* AFHTTPRequestOperation.m */; };
		61602D3B1B5549B6001B741A /* AFHTTPRequestOperationManager.m in Sources */ = {isa = PBXBuildFile; fileRef = 61602D251B5549B6001B741A /* AFHTTPRequestOperationManager.m */; };
		61602D3C1B5549B6001B741A /* AFHTTPSessionManager.m in Sources */ = {isa = PBXBuildFile; fileRef = 61602D271B5549B6001B741A /* AFHTTPSessionManager.m */; };
		61602D3D1B5549B6001B741A /* AFNetworkReachabilityManager.m in Sources */ = {isa = PBXBuildFile; fileRef = 61602D2A1B5549B6001B741A /* AFNetworkReachabilityManager.m */; };
		61602D3E1B5549B6001B741A /* AFSecurityPolicy.m in Sources */ = {isa = PBXBuildFile; fileRef = 61602D2C1B5549B6001B741A /* AFSecurityPolicy.m */; };
		61602D3F1B5549B6001B741A /* AFURLConnectionOperation.m in Sources */ = {isa = PBXBuildFile; fileRef = 61602D2E1B5549B6001B741A /* AFURLConnectionOperation.m */; };
		61602D401B5549B6001B741A /* AFURLRequestSerialization.m in Sources */ = {isa = PBXBuildFile; fileRef = 61602D301B5549B6001B741A /* AFURLRequestSerialization.m */; };
		61602D411B5549B6001B741A /* AFURLResponseSerialization.m in Sources */ = {isa = PBXBuildFile; fileRef = 61602D321B5549B6001B741A /* AFURLResponseSerialization.m */; };
		61602D421B5549B6001B741A /* AFURLSessionManager.m in Sources */ = {isa = PBXBuildFile; fileRef = 61602D341B5549B6001B741A /* AFURLSessionManager.m */; };
		61602D431B5549B6001B741A /* XWTabBar.m in Sources */ = {isa = PBXBuildFile; fileRef = 61602D371B5549B6001B741A /* XWTabBar.m */; };
		617A14621B5A83A300B6C437 /* MKAnnotationView+WebCache.m in Sources */ = {isa = PBXBuildFile; fileRef = 617A14421B5A83A300B6C437 /* MKAnnotationView+WebCache.m */; };
		617A14631B5A83A300B6C437 /* NSData+ImageContentType.m in Sources */ = {isa = PBXBuildFile; fileRef = 617A14441B5A83A300B6C437 /* NSData+ImageContentType.m */; };
		617A14641B5A83A300B6C437 /* SDImageCache.m in Sources */ = {isa = PBXBuildFile; fileRef = 617A14461B5A83A300B6C437 /* SDImageCache.m */; };
		617A14651B5A83A300B6C437 /* SDWebImageCompat.m in Sources */ = {isa = PBXBuildFile; fileRef = 617A14481B5A83A300B6C437 /* SDWebImageCompat.m */; };
		617A14661B5A83A300B6C437 /* SDWebImageDecoder.m in Sources */ = {isa = PBXBuildFile; fileRef = 617A144A1B5A83A300B6C437 /* SDWebImageDecoder.m */; };
		617A14671B5A83A300B6C437 /* SDWebImageDownloader.m in Sources */ = {isa = PBXBuildFile; fileRef = 617A144C1B5A83A300B6C437 /* SDWebImageDownloader.m */; };
		617A14681B5A83A300B6C437 /* SDWebImageDownloaderOperation.m in Sources */ = {isa = PBXBuildFile; fileRef = 617A144E1B5A83A300B6C437 /* SDWebImageDownloaderOperation.m */; };
		617A14691B5A83A300B6C437 /* SDWebImageManager.m in Sources */ = {isa = PBXBuildFile; fileRef = 617A14501B5A83A300B6C437 /* SDWebImageManager.m */; };
		617A146A1B5A83A300B6C437 /* SDWebImagePrefetcher.m in Sources */ = {isa = PBXBuildFile; fileRef = 617A14531B5A83A300B6C437 /* SDWebImagePrefetcher.m */; };
		617A146B1B5A83A300B6C437 /* UIButton+WebCache.m in Sources */ = {isa = PBXBuildFile; fileRef = 617A14551B5A83A300B6C437 /* UIButton+WebCache.m */; };
		617A146C1B5A83A300B6C437 /* UIImage+GIF.m in Sources */ = {isa = PBXBuildFile; fileRef = 617A14571B5A83A300B6C437 /* UIImage+GIF.m */; };
		617A146D1B5A83A300B6C437 /* UIImage+MultiFormat.m in Sources */ = {isa = PBXBuildFile; fileRef = 617A14591B5A83A300B6C437 /* UIImage+MultiFormat.m */; };
		617A146E1B5A83A300B6C437 /* UIImage+WebP.m in Sources */ = {isa = PBXBuildFile; fileRef = 617A145B1B5A83A300B6C437 /* UIImage+WebP.m */; };
		617A146F1B5A83A300B6C437 /* UIImageView+HighlightedWebCache.m in Sources */ = {isa = PBXBuildFile; fileRef = 617A145D1B5A83A300B6C437 /* UIImageView+HighlightedWebCache.m */; };
		617A14701B5A83A300B6C437 /* UIImageView+WebCache.m in Sources */ = {isa = PBXBuildFile; fileRef = 617A145F1B5A83A300B6C437 /* UIImageView+WebCache.m */; };
		617A14711B5A83A300B6C437 /* UIView+WebCacheOperation.m in Sources */ = {isa = PBXBuildFile; fileRef = 617A14611B5A83A300B6C437 /* UIView+WebCacheOperation.m */; };
		617B2C1A1B50B8B200ACEE0C /* AppDelegate.m in Sources */ = {isa = PBXBuildFile; fileRef = 617B2C171B50B8B200ACEE0C /* AppDelegate.m */; };
		617B2C1D1B50BB0D00ACEE0C /* XWMsgTableViewController.m in Sources */ = {isa = PBXBuildFile; fileRef = 617B2C1C1B50BB0D00ACEE0C /* XWMsgTableViewController.m */; };
		617B2C231B50F84200ACEE0C /* XWHomeTableViewController.m in Sources */ = {isa = PBXBuildFile; fileRef = 617B2C221B50F84200ACEE0C /* XWHomeTableViewController.m */; };
		617B2C261B51057F00ACEE0C /* UIBarButtonItem+Extension.m in Sources */ = {isa = PBXBuildFile; fileRef = 617B2C251B51057F00ACEE0C /* UIBarButtonItem+Extension.m */; };
		617B2C291B514B6F00ACEE0C /* XWMeTableViewController.m in Sources */ = {isa = PBXBuildFile; fileRef = 617B2C281B514B6F00ACEE0C /* XWMeTableViewController.m */; };
		618A04901B5699D600266683 /* XWAccount.m in Sources */ = {isa = PBXBuildFile; fileRef = 618A048F1B5699D600266683 /* XWAccount.m */; };
		61A1085C1B520A2A00A15E88 /* XWDiscoverTableViewController.m in Sources */ = {isa = PBXBuildFile; fileRef = 61A1085B1B520A2A00A15E88 /* XWDiscoverTableViewController.m */; };
		61A1085F1B52100000A15E88 /* UIImage+resizable.m in Sources */ = {isa = PBXBuildFile; fileRef = 61A1085E1B52100000A15E88 /* UIImage+resizable.m */; };
		61A108631B524C7B00A15E88 /* XWSearchBar.m in Sources */ = {isa = PBXBuildFile; fileRef = 61A108621B524C7B00A15E88 /* XWSearchBar.m */; };
		61A108661B52545400A15E88 /* XWHomeTitleButton.m in Sources */ = {isa = PBXBuildFile; fileRef = 61A108651B52545400A15E88 /* XWHomeTitleButton.m */; };
		61B579C91B4EB210002B6109 /* UIKit.framework in Frameworks */ = {isa = PBXBuildFile; fileRef = 61B579C81B4EB210002B6109 /* UIKit.framework */; };
		61BE27841B5D1AF50049D38C /* XWFooterView.m in Sources */ = {isa = PBXBuildFile; fileRef = 61BE27831B5D1AF50049D38C /* XWFooterView.m */; };
		61BE278A1B5D240D0049D38C /* XWFooterView.xib in Resources */ = {isa = PBXBuildFile; fileRef = 61BE27891B5D240D0049D38C /* XWFooterView.xib */; };
		61BE27911B5D2DE20049D38C /* XWComposeViewController.m in Sources */ = {isa = PBXBuildFile; fileRef = 61BE278E1B5D2DE20049D38C /* XWComposeViewController.m */; };
/* End PBXBuildFile section */

/* Begin PBXContainerItemProxy section */
		611017EA1B4D4A2800C143AC /* PBXContainerItemProxy */ = {
			isa = PBXContainerItemProxy;
			containerPortal = 611017C81B4D4A2700C143AC /* Project object */;
			proxyType = 1;
			remoteGlobalIDString = 611017CF1B4D4A2800C143AC;
			remoteInfo = "XW新浪微博";
		};
/* End PBXContainerItemProxy section */

/* Begin PBXFileReference section */
		611017D01B4D4A2800C143AC /* XW新浪微博.app */ = {isa = PBXFileReference; explicitFileType = wrapper.application; includeInIndex = 0; path = "XW新浪微博.app"; sourceTree = BUILT_PRODUCTS_DIR; };
		611017D41B4D4A2800C143AC /* Info.plist */ = {isa = PBXFileReference; lastKnownFileType = text.plist.xml; path = Info.plist; sourceTree = "<group>"; };
		611017D51B4D4A2800C143AC /* main.m */ = {isa = PBXFileReference; lastKnownFileType = sourcecode.c.objc; path = main.m; sourceTree = "<group>"; };
		611017E01B4D4A2800C143AC /* Images.xcassets */ = {isa = PBXFileReference; lastKnownFileType = folder.assetcatalog; path = Images.xcassets; sourceTree = "<group>"; };
		611017E31B4D4A2800C143AC /* Base */ = {isa = PBXFileReference; lastKnownFileType = file.xib; name = Base; path = Base.lproj/LaunchScreen.xib; sourceTree = "<group>"; };
		611017E91B4D4A2800C143AC /* XW新浪微博Tests.xctest */ = {isa = PBXFileReference; explicitFileType = wrapper.cfbundle; includeInIndex = 0; path = "XW新浪微博Tests.xctest"; sourceTree = BUILT_PRODUCTS_DIR; };
		611017EE1B4D4A2800C143AC /* Info.plist */ = {isa = PBXFileReference; lastKnownFileType = text.plist.xml; path = Info.plist; sourceTree = "<group>"; };
		611017EF1B4D4A2800C143AC /* XW____Tests.m */ = {isa = PBXFileReference; lastKnownFileType = sourcecode.c.objc; path = "XW____Tests.m"; sourceTree = "<group>"; };
		611017F91B4D4B3A00C143AC /* Default@2x.png */ = {isa = PBXFileReference; lastKnownFileType = image.png; name = "Default@2x.png"; path = "../../../../Documents/黑马ios/0703/代码/黑马微博03-增加导航功能/黑马微博/Images.xcassets/LaunchImage.launchimage/Default@2x.png"; sourceTree = "<group>"; };
		6112212F1B57E2F200EEC110 /* XWOAuthTool.h */ = {isa = PBXFileReference; fileEncoding = 4; lastKnownFileType = sourcecode.c.h; path = XWOAuthTool.h; sourceTree = "<group>"; };
		611221301B57E2F200EEC110 /* XWOAuthTool.m */ = {isa = PBXFileReference; fileEncoding = 4; lastKnownFileType = sourcecode.c.objc; path = XWOAuthTool.m; sourceTree = "<group>"; };
		615AE3EF1B5B87B100885C71 /* MJConst.h */ = {isa = PBXFileReference; fileEncoding = 4; lastKnownFileType = sourcecode.c.h; path = MJConst.h; sourceTree = "<group>"; };
		615AE3F01B5B87B100885C71 /* MJConst.m */ = {isa = PBXFileReference; fileEncoding = 4; lastKnownFileType = sourcecode.c.objc; path = MJConst.m; sourceTree = "<group>"; };
		615AE3F11B5B87B100885C71 /* MJExtension.h */ = {isa = PBXFileReference; fileEncoding = 4; lastKnownFileType = sourcecode.c.h; path = MJExtension.h; sourceTree = "<group>"; };
		615AE3F21B5B87B100885C71 /* MJFoundation.h */ = {isa = PBXFileReference; fileEncoding = 4; lastKnownFileType = sourcecode.c.h; path = MJFoundation.h; sourceTree = "<group>"; };
		615AE3F31B5B87B100885C71 /* MJFoundation.m */ = {isa = PBXFileReference; fileEncoding = 4; lastKnownFileType = sourcecode.c.objc; path = MJFoundation.m; sourceTree = "<group>"; };
		615AE3F41B5B87B100885C71 /* MJProperty.h */ = {isa = PBXFileReference; fileEncoding = 4; lastKnownFileType = sourcecode.c.h; path = MJProperty.h; sourceTree = "<group>"; };
		615AE3F51B5B87B100885C71 /* MJProperty.m */ = {isa = PBXFileReference; fileEncoding = 4; lastKnownFileType = sourcecode.c.objc; path = MJProperty.m; sourceTree = "<group>"; };
		615AE3F61B5B87B100885C71 /* MJType.h */ = {isa = PBXFileReference; fileEncoding = 4; lastKnownFileType = sourcecode.c.h; path = MJType.h; sourceTree = "<group>"; };
		615AE3F71B5B87B100885C71 /* MJType.m */ = {isa = PBXFileReference; fileEncoding = 4; lastKnownFileType = sourcecode.c.objc; path = MJType.m; sourceTree = "<group>"; };
		615AE3F81B5B87B100885C71 /* NSObject+MJCoding.h */ = {isa = PBXFileReference; fileEncoding = 4; lastKnownFileType = sourcecode.c.h; path = "NSObject+MJCoding.h"; sourceTree = "<group>"; };
		615AE3F91B5B87B100885C71 /* NSObject+MJCoding.m */ = {isa = PBXFileReference; fileEncoding = 4; lastKnownFileType = sourcecode.c.objc; path = "NSObject+MJCoding.m"; sourceTree = "<group>"; };
		615AE3FA1B5B87B100885C71 /* NSObject+MJKeyValue.h */ = {isa = PBXFileReference; fileEncoding = 4; lastKnownFileType = sourcecode.c.h; path = "NSObject+MJKeyValue.h"; sourceTree = "<group>"; };
		615AE3FB1B5B87B100885C71 /* NSObject+MJKeyValue.m */ = {isa = PBXFileReference; fileEncoding = 4; lastKnownFileType = sourcecode.c.objc; path = "NSObject+MJKeyValue.m"; sourceTree = "<group>"; };
		615AE3FC1B5B87B100885C71 /* NSObject+MJProperty.h */ = {isa = PBXFileReference; fileEncoding = 4; lastKnownFileType = sourcecode.c.h; path = "NSObject+MJProperty.h"; sourceTree = "<group>"; };
		615AE3FD1B5B87B100885C71 /* NSObject+MJProperty.m */ = {isa = PBXFileReference; fileEncoding = 4; lastKnownFileType = sourcecode.c.objc; path = "NSObject+MJProperty.m"; sourceTree = "<group>"; };
		615AE3FE1B5B87B100885C71 /* NSString+MJExtension.h */ = {isa = PBXFileReference; fileEncoding = 4; lastKnownFileType = sourcecode.c.h; path = "NSString+MJExtension.h"; sourceTree = "<group>"; };
		615AE3FF1B5B87B100885C71 /* NSString+MJExtension.m */ = {isa = PBXFileReference; fileEncoding = 4; lastKnownFileType = sourcecode.c.objc; path = "NSString+MJExtension.m"; sourceTree = "<group>"; };
		615AE4081B5B8A2300885C71 /* XWUser.h */ = {isa = PBXFileReference; fileEncoding = 4; lastKnownFileType = sourcecode.c.h; path = XWUser.h; sourceTree = "<group>"; };
		615AE4091B5B8A2300885C71 /* XWUser.m */ = {isa = PBXFileReference; fileEncoding = 4; lastKnownFileType = sourcecode.c.objc; path = XWUser.m; sourceTree = "<group>"; };
		615AE40B1B5B8AC600885C71 /* XWStatus.h */ = {isa = PBXFileReference; fileEncoding = 4; lastKnownFileType = sourcecode.c.h; path = XWStatus.h; sourceTree = "<group>"; };
		615AE40C1B5B8AC600885C71 /* XWStatus.m */ = {isa = PBXFileReference; fileEncoding = 4; lastKnownFileType = sourcecode.c.objc; path = XWStatus.m; sourceTree = "<group>"; };
		615AE40E1B5B8C6900885C71 /* XWPhoto.h */ = {isa = PBXFileReference; fileEncoding = 4; lastKnownFileType = sourcecode.c.h; path = XWPhoto.h; sourceTree = "<group>"; };
		615AE40F1B5B8C6900885C71 /* XWPhoto.m */ = {isa = PBXFileReference; fileEncoding = 4; lastKnownFileType = sourcecode.c.objc; path = XWPhoto.m; sourceTree = "<group>"; };
		61602D161B553FCF001B741A /* XWOAuthViewController.h */ = {isa = PBXFileReference; fileEncoding = 4; lastKnownFileType = sourcecode.c.h; path = XWOAuthViewController.h; sourceTree = "<group>"; };
		61602D171B553FCF001B741A /* XWOAuthViewController.m */ = {isa = PBXFileReference; fileEncoding = 4; lastKnownFileType = sourcecode.c.objc; path = XWOAuthViewController.m; sourceTree = "<group>"; };
		61602D1C1B5549B6001B741A /* XWNavigationController.h */ = {isa = PBXFileReference; fileEncoding = 4; lastKnownFileType = sourcecode.c.h; path = XWNavigationController.h; sourceTree = "<group>"; };
		61602D1D1B5549B6001B741A /* XWNavigationController.m */ = {isa = PBXFileReference; fileEncoding = 4; lastKnownFileType = sourcecode.c.objc; path = XWNavigationController.m; sourceTree = "<group>"; };
		61602D1E1B5549B6001B741A /* XWTabBarViewController.h */ = {isa = PBXFileReference; fileEncoding = 4; lastKnownFileType = sourcecode.c.h; path = XWTabBarViewController.h; sourceTree = "<group>"; };
		61602D1F1B5549B6001B741A /* XWTabBarViewController.m */ = {isa = PBXFileReference; fileEncoding = 4; lastKnownFileType = sourcecode.c.objc; path = XWTabBarViewController.m; sourceTree = "<group>"; };
		61602D221B5549B6001B741A /* AFHTTPRequestOperation.h */ = {isa = PBXFileReference; fileEncoding = 4; lastKnownFileType = sourcecode.c.h; path = AFHTTPRequestOperation.h; sourceTree = "<group>"; };
		61602D231B5549B6001B741A /* AFHTTPRequestOperation.m */ = {isa = PBXFileReference; fileEncoding = 4; lastKnownFileType = sourcecode.c.objc; path = AFHTTPRequestOperation.m; sourceTree = "<group>"; };
		61602D241B5549B6001B741A /* AFHTTPRequestOperationManager.h */ = {isa = PBXFileReference; fileEncoding = 4; lastKnownFileType = sourcecode.c.h; path = AFHTTPRequestOperationManager.h; sourceTree = "<group>"; };
		61602D251B5549B6001B741A /* AFHTTPRequestOperationManager.m */ = {isa = PBXFileReference; fileEncoding = 4; lastKnownFileType = sourcecode.c.objc; path = AFHTTPRequestOperationManager.m; sourceTree = "<group>"; };
		61602D261B5549B6001B741A /* AFHTTPSessionManager.h */ = {isa = PBXFileReference; fileEncoding = 4; lastKnownFileType = sourcecode.c.h; path = AFHTTPSessionManager.h; sourceTree = "<group>"; };
		61602D271B5549B6001B741A /* AFHTTPSessionManager.m */ = {isa = PBXFileReference; fileEncoding = 4; lastKnownFileType = sourcecode.c.objc; path = AFHTTPSessionManager.m; sourceTree = "<group>"; };
		61602D281B5549B6001B741A /* AFNetworking.h */ = {isa = PBXFileReference; fileEncoding = 4; lastKnownFileType = sourcecode.c.h; path = AFNetworking.h; sourceTree = "<group>"; };
		61602D291B5549B6001B741A /* AFNetworkReachabilityManager.h */ = {isa = PBXFileReference; fileEncoding = 4; lastKnownFileType = sourcecode.c.h; path = AFNetworkReachabilityManager.h; sourceTree = "<group>"; };
		61602D2A1B5549B6001B741A /* AFNetworkReachabilityManager.m */ = {isa = PBXFileReference; fileEncoding = 4; lastKnownFileType = sourcecode.c.objc; path = AFNetworkReachabilityManager.m; sourceTree = "<group>"; };
		61602D2B1B5549B6001B741A /* AFSecurityPolicy.h */ = {isa = PBXFileReference; fileEncoding = 4; lastKnownFileType = sourcecode.c.h; path = AFSecurityPolicy.h; sourceTree = "<group>"; };
		61602D2C1B5549B6001B741A /* AFSecurityPolicy.m */ = {isa = PBXFileReference; fileEncoding = 4; lastKnownFileType = sourcecode.c.objc; path = AFSecurityPolicy.m; sourceTree = "<group>"; };
		61602D2D1B5549B6001B741A /* AFURLConnectionOperation.h */ = {isa = PBXFileReference; fileEncoding = 4; lastKnownFileType = sourcecode.c.h; path = AFURLConnectionOperation.h; sourceTree = "<group>"; };
		61602D2E1B5549B6001B741A /* AFURLConnectionOperation.m */ = {isa = PBXFileReference; fileEncoding = 4; lastKnownFileType = sourcecode.c.objc; path = AFURLConnectionOperation.m; sourceTree = "<group>"; };
		61602D2F1B5549B6001B741A /* AFURLRequestSerialization.h */ = {isa = PBXFileReference; fileEncoding = 4; lastKnownFileType = sourcecode.c.h; path = AFURLRequestSerialization.h; sourceTree = "<group>"; };
		61602D301B5549B6001B741A /* AFURLRequestSerialization.m */ = {isa = PBXFileReference; fileEncoding = 4; lastKnownFileType = sourcecode.c.objc; path = AFURLRequestSerialization.m; sourceTree = "<group>"; };
		61602D311B5549B6001B741A /* AFURLResponseSerialization.h */ = {isa = PBXFileReference; fileEncoding = 4; lastKnownFileType = sourcecode.c.h; path = AFURLResponseSerialization.h; sourceTree = "<group>"; };
		61602D321B5549B6001B741A /* AFURLResponseSerialization.m */ = {isa = PBXFileReference; fileEncoding = 4; lastKnownFileType = sourcecode.c.objc; path = AFURLResponseSerialization.m; sourceTree = "<group>"; };
		61602D331B5549B6001B741A /* AFURLSessionManager.h */ = {isa = PBXFileReference; fileEncoding = 4; lastKnownFileType = sourcecode.c.h; path = AFURLSessionManager.h; sourceTree = "<group>"; };
		61602D341B5549B6001B741A /* AFURLSessionManager.m */ = {isa = PBXFileReference; fileEncoding = 4; lastKnownFileType = sourcecode.c.objc; path = AFURLSessionManager.m; sourceTree = "<group>"; };
		61602D361B5549B6001B741A /* XWTabBar.h */ = {isa = PBXFileReference; fileEncoding = 4; lastKnownFileType = sourcecode.c.h; path = XWTabBar.h; sourceTree = "<group>"; };
		61602D371B5549B6001B741A /* XWTabBar.m */ = {isa = PBXFileReference; fileEncoding = 4; lastKnownFileType = sourcecode.c.objc; path = XWTabBar.m; sourceTree = "<group>"; };
		617A14411B5A83A300B6C437 /* MKAnnotationView+WebCache.h */ = {isa = PBXFileReference; fileEncoding = 4; lastKnownFileType = sourcecode.c.h; path = "MKAnnotationView+WebCache.h"; sourceTree = "<group>"; };
		617A14421B5A83A300B6C437 /* MKAnnotationView+WebCache.m */ = {isa = PBXFileReference; fileEncoding = 4; lastKnownFileType = sourcecode.c.objc; path = "MKAnnotationView+WebCache.m"; sourceTree = "<group>"; };
		617A14431B5A83A300B6C437 /* NSData+ImageContentType.h */ = {isa = PBXFileReference; fileEncoding = 4; lastKnownFileType = sourcecode.c.h; path = "NSData+ImageContentType.h"; sourceTree = "<group>"; };
		617A14441B5A83A300B6C437 /* NSData+ImageContentType.m */ = {isa = PBXFileReference; fileEncoding = 4; lastKnownFileType = sourcecode.c.objc; path = "NSData+ImageContentType.m"; sourceTree = "<group>"; };
		617A14451B5A83A300B6C437 /* SDImageCache.h */ = {isa = PBXFileReference; fileEncoding = 4; lastKnownFileType = sourcecode.c.h; path = SDImageCache.h; sourceTree = "<group>"; };
		617A14461B5A83A300B6C437 /* SDImageCache.m */ = {isa = PBXFileReference; fileEncoding = 4; lastKnownFileType = sourcecode.c.objc; path = SDImageCache.m; sourceTree = "<group>"; };
		617A14471B5A83A300B6C437 /* SDWebImageCompat.h */ = {isa = PBXFileReference; fileEncoding = 4; lastKnownFileType = sourcecode.c.h; path = SDWebImageCompat.h; sourceTree = "<group>"; };
		617A14481B5A83A300B6C437 /* SDWebImageCompat.m */ = {isa = PBXFileReference; fileEncoding = 4; lastKnownFileType = sourcecode.c.objc; path = SDWebImageCompat.m; sourceTree = "<group>"; };
		617A14491B5A83A300B6C437 /* SDWebImageDecoder.h */ = {isa = PBXFileReference; fileEncoding = 4; lastKnownFileType = sourcecode.c.h; path = SDWebImageDecoder.h; sourceTree = "<group>"; };
		617A144A1B5A83A300B6C437 /* SDWebImageDecoder.m */ = {isa = PBXFileReference; fileEncoding = 4; lastKnownFileType = sourcecode.c.objc; path = SDWebImageDecoder.m; sourceTree = "<group>"; };
		617A144B1B5A83A300B6C437 /* SDWebImageDownloader.h */ = {isa = PBXFileReference; fileEncoding = 4; lastKnownFileType = sourcecode.c.h; path = SDWebImageDownloader.h; sourceTree = "<group>"; };
		617A144C1B5A83A300B6C437 /* SDWebImageDownloader.m */ = {isa = PBXFileReference; fileEncoding = 4; lastKnownFileType = sourcecode.c.objc; path = SDWebImageDownloader.m; sourceTree = "<group>"; };
		617A144D1B5A83A300B6C437 /* SDWebImageDownloaderOperation.h */ = {isa = PBXFileReference; fileEncoding = 4; lastKnownFileType = sourcecode.c.h; path = SDWebImageDownloaderOperation.h; sourceTree = "<group>"; };
		617A144E1B5A83A300B6C437 /* SDWebImageDownloaderOperation.m */ = {isa = PBXFileReference; fileEncoding = 4; lastKnownFileType = sourcecode.c.objc; path = SDWebImageDownloaderOperation.m; sourceTree = "<group>"; };
		617A144F1B5A83A300B6C437 /* SDWebImageManager.h */ = {isa = PBXFileReference; fileEncoding = 4; lastKnownFileType = sourcecode.c.h; path = SDWebImageManager.h; sourceTree = "<group>"; };
		617A14501B5A83A300B6C437 /* SDWebImageManager.m */ = {isa = PBXFileReference; fileEncoding = 4; lastKnownFileType = sourcecode.c.objc; path = SDWebImageManager.m; sourceTree = "<group>"; };
		617A14511B5A83A300B6C437 /* SDWebImageOperation.h */ = {isa = PBXFileReference; fileEncoding = 4; lastKnownFileType = sourcecode.c.h; path = SDWebImageOperation.h; sourceTree = "<group>"; };
		617A14521B5A83A300B6C437 /* SDWebImagePrefetcher.h */ = {isa = PBXFileReference; fileEncoding = 4; lastKnownFileType = sourcecode.c.h; path = SDWebImagePrefetcher.h; sourceTree = "<group>"; };
		617A14531B5A83A300B6C437 /* SDWebImagePrefetcher.m */ = {isa = PBXFileReference; fileEncoding = 4; lastKnownFileType = sourcecode.c.objc; path = SDWebImagePrefetcher.m; sourceTree = "<group>"; };
		617A14541B5A83A300B6C437 /* UIButton+WebCache.h */ = {isa = PBXFileReference; fileEncoding = 4; lastKnownFileType = sourcecode.c.h; path = "UIButton+WebCache.h"; sourceTree = "<group>"; };
		617A14551B5A83A300B6C437 /* UIButton+WebCache.m */ = {isa = PBXFileReference; fileEncoding = 4; lastKnownFileType = sourcecode.c.objc; path = "UIButton+WebCache.m"; sourceTree = "<group>"; };
		617A14561B5A83A300B6C437 /* UIImage+GIF.h */ = {isa = PBXFileReference; fileEncoding = 4; lastKnownFileType = sourcecode.c.h; path = "UIImage+GIF.h"; sourceTree = "<group>"; };
		617A14571B5A83A300B6C437 /* UIImage+GIF.m */ = {isa = PBXFileReference; fileEncoding = 4; lastKnownFileType = sourcecode.c.objc; path = "UIImage+GIF.m"; sourceTree = "<group>"; };
		617A14581B5A83A300B6C437 /* UIImage+MultiFormat.h */ = {isa = PBXFileReference; fileEncoding = 4; lastKnownFileType = sourcecode.c.h; path = "UIImage+MultiFormat.h"; sourceTree = "<group>"; };
		617A14591B5A83A300B6C437 /* UIImage+MultiFormat.m */ = {isa = PBXFileReference; fileEncoding = 4; lastKnownFileType = sourcecode.c.objc; path = "UIImage+MultiFormat.m"; sourceTree = "<group>"; };
		617A145A1B5A83A300B6C437 /* UIImage+WebP.h */ = {isa = PBXFileReference; fileEncoding = 4; lastKnownFileType = sourcecode.c.h; path = "UIImage+WebP.h"; sourceTree = "<group>"; };
		617A145B1B5A83A300B6C437 /* UIImage+WebP.m */ = {isa = PBXFileReference; fileEncoding = 4; lastKnownFileType = sourcecode.c.objc; path = "UIImage+WebP.m"; sourceTree = "<group>"; };
		617A145C1B5A83A300B6C437 /* UIImageView+HighlightedWebCache.h */ = {isa = PBXFileReference; fileEncoding = 4; lastKnownFileType = sourcecode.c.h; path = "UIImageView+HighlightedWebCache.h"; sourceTree = "<group>"; };
		617A145D1B5A83A300B6C437 /* UIImageView+HighlightedWebCache.m */ = {isa = PBXFileReference; fileEncoding = 4; lastKnownFileType = sourcecode.c.objc; path = "UIImageView+HighlightedWebCache.m"; sourceTree = "<group>"; };
		617A145E1B5A83A300B6C437 /* UIImageView+WebCache.h */ = {isa = PBXFileReference; fileEncoding = 4; lastKnownFileType = sourcecode.c.h; path = "UIImageView+WebCache.h"; sourceTree = "<group>"; };
		617A145F1B5A83A300B6C437 /* UIImageView+WebCache.m */ = {isa = PBXFileReference; fileEncoding = 4; lastKnownFileType = sourcecode.c.objc; path = "UIImageView+WebCache.m"; sourceTree = "<group>"; };
		617A14601B5A83A300B6C437 /* UIView+WebCacheOperation.h */ = {isa = PBXFileReference; fileEncoding = 4; lastKnownFileType = sourcecode.c.h; path = "UIView+WebCacheOperation.h"; sourceTree = "<group>"; };
		617A14611B5A83A300B6C437 /* UIView+WebCacheOperation.m */ = {isa = PBXFileReference; fileEncoding = 4; lastKnownFileType = sourcecode.c.objc; path = "UIView+WebCacheOperation.m"; sourceTree = "<group>"; };
		617B2C161B50B8B200ACEE0C /* AppDelegate.h */ = {isa = PBXFileReference; fileEncoding = 4; lastKnownFileType = sourcecode.c.h; path = AppDelegate.h; sourceTree = "<group>"; };
		617B2C171B50B8B200ACEE0C /* AppDelegate.m */ = {isa = PBXFileReference; fileEncoding = 4; lastKnownFileType = sourcecode.c.objc; path = AppDelegate.m; sourceTree = "<group>"; };
		617B2C1B1B50BB0D00ACEE0C /* XWMsgTableViewController.h */ = {isa = PBXFileReference; fileEncoding = 4; lastKnownFileType = sourcecode.c.h; path = XWMsgTableViewController.h; sourceTree = "<group>"; };
		617B2C1C1B50BB0D00ACEE0C /* XWMsgTableViewController.m */ = {isa = PBXFileReference; fileEncoding = 4; lastKnownFileType = sourcecode.c.objc; path = XWMsgTableViewController.m; sourceTree = "<group>"; };
		617B2C211B50F84200ACEE0C /* XWHomeTableViewController.h */ = {isa = PBXFileReference; fileEncoding = 4; lastKnownFileType = sourcecode.c.h; path = XWHomeTableViewController.h; sourceTree = "<group>"; };
		617B2C221B50F84200ACEE0C /* XWHomeTableViewController.m */ = {isa = PBXFileReference; fileEncoding = 4; lastKnownFileType = sourcecode.c.objc; path = XWHomeTableViewController.m; sourceTree = "<group>"; };
		617B2C241B51057F00ACEE0C /* UIBarButtonItem+Extension.h */ = {isa = PBXFileReference; fileEncoding = 4; lastKnownFileType = sourcecode.c.h; path = "UIBarButtonItem+Extension.h"; sourceTree = "<group>"; };
		617B2C251B51057F00ACEE0C /* UIBarButtonItem+Extension.m */ = {isa = PBXFileReference; fileEncoding = 4; lastKnownFileType = sourcecode.c.objc; path = "UIBarButtonItem+Extension.m"; sourceTree = "<group>"; };
		617B2C271B514B6F00ACEE0C /* XWMeTableViewController.h */ = {isa = PBXFileReference; fileEncoding = 4; lastKnownFileType = sourcecode.c.h; path = XWMeTableViewController.h; sourceTree = "<group>"; };
		617B2C281B514B6F00ACEE0C /* XWMeTableViewController.m */ = {isa = PBXFileReference; fileEncoding = 4; lastKnownFileType = sourcecode.c.objc; path = XWMeTableViewController.m; sourceTree = "<group>"; };
		618A048C1B56867300266683 /* XW新浪微博-Prefix.pch */ = {isa = PBXFileReference; lastKnownFileType = sourcecode.c.h; path = "XW新浪微博-Prefix.pch"; sourceTree = "<group>"; };
		618A048E1B5699D600266683 /* XWAccount.h */ = {isa = PBXFileReference; fileEncoding = 4; lastKnownFileType = sourcecode.c.h; path = XWAccount.h; sourceTree = "<group>"; };
		618A048F1B5699D600266683 /* XWAccount.m */ = {isa = PBXFileReference; fileEncoding = 4; lastKnownFileType = sourcecode.c.objc; path = XWAccount.m; sourceTree = "<group>"; };
		61A1085A1B520A2A00A15E88 /* XWDiscoverTableViewController.h */ = {isa = PBXFileReference; fileEncoding = 4; lastKnownFileType = sourcecode.c.h; path = XWDiscoverTableViewController.h; sourceTree = "<group>"; };
		61A1085B1B520A2A00A15E88 /* XWDiscoverTableViewController.m */ = {isa = PBXFileReference; fileEncoding = 4; lastKnownFileType = sourcecode.c.objc; path = XWDiscoverTableViewController.m; sourceTree = "<group>"; };
		61A1085D1B52100000A15E88 /* UIImage+resizable.h */ = {isa = PBXFileReference; fileEncoding = 4; lastKnownFileType = sourcecode.c.h; name = "UIImage+resizable.h"; path = "../UIImage+resizable.h"; sourceTree = "<group>"; };
		61A1085E1B52100000A15E88 /* UIImage+resizable.m */ = {isa = PBXFileReference; fileEncoding = 4; lastKnownFileType = sourcecode.c.objc; name = "UIImage+resizable.m"; path = "../UIImage+resizable.m"; sourceTree = "<group>"; };
		61A108611B524C7B00A15E88 /* XWSearchBar.h */ = {isa = PBXFileReference; fileEncoding = 4; lastKnownFileType = sourcecode.c.h; path = XWSearchBar.h; sourceTree = "<group>"; };
		61A108621B524C7B00A15E88 /* XWSearchBar.m */ = {isa = PBXFileReference; fileEncoding = 4; lastKnownFileType = sourcecode.c.objc; path = XWSearchBar.m; sourceTree = "<group>"; };
		61A108641B52545400A15E88 /* XWHomeTitleButton.h */ = {isa = PBXFileReference; fileEncoding = 4; lastKnownFileType = sourcecode.c.h; path = XWHomeTitleButton.h; sourceTree = "<group>"; };
		61A108651B52545400A15E88 /* XWHomeTitleButton.m */ = {isa = PBXFileReference; fileEncoding = 4; lastKnownFileType = sourcecode.c.objc; path = XWHomeTitleButton.m; sourceTree = "<group>"; };
		61B579C81B4EB210002B6109 /* UIKit.framework */ = {isa = PBXFileReference; lastKnownFileType = wrapper.framework; name = UIKit.framework; path = System/Library/Frameworks/UIKit.framework; sourceTree = SDKROOT; };
		61BE27821B5D1AF50049D38C /* XWFooterView.h */ = {isa = PBXFileReference; fileEncoding = 4; lastKnownFileType = sourcecode.c.h; path = XWFooterView.h; sourceTree = "<group>"; };
		61BE27831B5D1AF50049D38C /* XWFooterView.m */ = {isa = PBXFileReference; fileEncoding = 4; lastKnownFileType = sourcecode.c.objc; path = XWFooterView.m; sourceTree = "<group>"; };
		61BE27891B5D240D0049D38C /* XWFooterView.xib */ = {isa = PBXFileReference; fileEncoding = 4; lastKnownFileType = file.xib; path = XWFooterView.xib; sourceTree = "<group>"; };
		61BE278D1B5D2DE20049D38C /* XWComposeViewController.h */ = {isa = PBXFileReference; fileEncoding = 4; lastKnownFileType = sourcecode.c.h; path = XWComposeViewController.h; sourceTree = "<group>"; };
		61BE278E1B5D2DE20049D38C /* XWComposeViewController.m */ = {isa = PBXFileReference; fileEncoding = 4; lastKnownFileType = sourcecode.c.objc; path = XWComposeViewController.m; sourceTree = "<group>"; };
/* End PBXFileReference section */

/* Begin PBXFrameworksBuildPhase section */
		611017CD1B4D4A2800C143AC /* Frameworks */ = {
			isa = PBXFrameworksBuildPhase;
			buildActionMask = 2147483647;
			files = (
				61B579C91B4EB210002B6109 /* UIKit.framework in Frameworks */,
			);
			runOnlyForDeploymentPostprocessing = 0;
		};
		611017E61B4D4A2800C143AC /* Frameworks */ = {
			isa = PBXFrameworksBuildPhase;
			buildActionMask = 2147483647;
			files = (
			);
			runOnlyForDeploymentPostprocessing = 0;
		};
/* End PBXFrameworksBuildPhase section */

/* Begin PBXGroup section */
		611017C71B4D4A2700C143AC = {
			isa = PBXGroup;
			children = (
				61B579C81B4EB210002B6109 /* UIKit.framework */,
				611017D21B4D4A2800C143AC /* XW新浪微博 */,
				611017EC1B4D4A2800C143AC /* XW新浪微博Tests */,
				611017D11B4D4A2800C143AC /* Products */,
			);
			sourceTree = "<group>";
		};
		611017D11B4D4A2800C143AC /* Products */ = {
			isa = PBXGroup;
			children = (
				611017D01B4D4A2800C143AC /* XW新浪微博.app */,
				611017E91B4D4A2800C143AC /* XW新浪微博Tests.xctest */,
			);
			name = Products;
			sourceTree = "<group>";
		};
		611017D21B4D4A2800C143AC /* XW新浪微博 */ = {
			isa = PBXGroup;
			children = (
				617B2BFF1B50B8B200ACEE0C /* Class */,
				611017E01B4D4A2800C143AC /* Images.xcassets */,
				611017E21B4D4A2800C143AC /* LaunchScreen.xib */,
				611017D31B4D4A2800C143AC /* Supporting Files */,
			);
			path = "XW新浪微博";
			sourceTree = "<group>";
		};
		611017D31B4D4A2800C143AC /* Supporting Files */ = {
			isa = PBXGroup;
			children = (
				611017F91B4D4B3A00C143AC /* Default@2x.png */,
				611017D41B4D4A2800C143AC /* Info.plist */,
				611017D51B4D4A2800C143AC /* main.m */,
			);
			name = "Supporting Files";
			sourceTree = "<group>";
		};
		611017EC1B4D4A2800C143AC /* XW新浪微博Tests */ = {
			isa = PBXGroup;
			children = (
				611017EF1B4D4A2800C143AC /* XW____Tests.m */,
				611017ED1B4D4A2800C143AC /* Supporting Files */,
			);
			path = "XW新浪微博Tests";
			sourceTree = "<group>";
		};
		611017ED1B4D4A2800C143AC /* Supporting Files */ = {
			isa = PBXGroup;
			children = (
				611017EE1B4D4A2800C143AC /* Info.plist */,
			);
			name = "Supporting Files";
			sourceTree = "<group>";
		};
		615AE3EE1B5B87B100885C71 /* MJExtension */ = {
			isa = PBXGroup;
			children = (
				615AE3EF1B5B87B100885C71 /* MJConst.h */,
				615AE3F01B5B87B100885C71 /* MJConst.m */,
				615AE3F11B5B87B100885C71 /* MJExtension.h */,
				615AE3F21B5B87B100885C71 /* MJFoundation.h */,
				615AE3F31B5B87B100885C71 /* MJFoundation.m */,
				615AE3F41B5B87B100885C71 /* MJProperty.h */,
				615AE3F51B5B87B100885C71 /* MJProperty.m */,
				615AE3F61B5B87B100885C71 /* MJType.h */,
				615AE3F71B5B87B100885C71 /* MJType.m */,
				615AE3F81B5B87B100885C71 /* NSObject+MJCoding.h */,
				615AE3F91B5B87B100885C71 /* NSObject+MJCoding.m */,
				615AE3FA1B5B87B100885C71 /* NSObject+MJKeyValue.h */,
				615AE3FB1B5B87B100885C71 /* NSObject+MJKeyValue.m */,
				615AE3FC1B5B87B100885C71 /* NSObject+MJProperty.h */,
				615AE3FD1B5B87B100885C71 /* NSObject+MJProperty.m */,
				615AE3FE1B5B87B100885C71 /* NSString+MJExtension.h */,
				615AE3FF1B5B87B100885C71 /* NSString+MJExtension.m */,
			);
			path = MJExtension;
			sourceTree = "<group>";
		};
		61602D141B553FCF001B741A /* OAuth */ = {
			isa = PBXGroup;
			children = (
				61602D151B553FCF001B741A /* Controller */,
				61602D181B553FCF001B741A /* View */,
			);
			path = OAuth;
			sourceTree = "<group>";
		};
		61602D151B553FCF001B741A /* Controller */ = {
			isa = PBXGroup;
			children = (
				61602D161B553FCF001B741A /* XWOAuthViewController.h */,
				61602D171B553FCF001B741A /* XWOAuthViewController.m */,
			);
			path = Controller;
			sourceTree = "<group>";
		};
		61602D181B553FCF001B741A /* View */ = {
			isa = PBXGroup;
			children = (
			);
			path = View;
			sourceTree = "<group>";
		};
		61602D1A1B5549B6001B741A /* main */ = {
			isa = PBXGroup;
			children = (
				618A048D1B5699BD00266683 /* model */,
				61602D1B1B5549B6001B741A /* controller */,
				61602D201B5549B6001B741A /* other */,
				61602D351B5549B6001B741A /* view */,
			);
			path = main;
			sourceTree = "<group>";
		};
		61602D1B1B5549B6001B741A /* controller */ = {
			isa = PBXGroup;
			children = (
				61602D1C1B5549B6001B741A /* XWNavigationController.h */,
				61602D1D1B5549B6001B741A /* XWNavigationController.m */,
				61602D1E1B5549B6001B741A /* XWTabBarViewController.h */,
				61602D1F1B5549B6001B741A /* XWTabBarViewController.m */,
			);
			path = controller;
			sourceTree = "<group>";
		};
		61602D201B5549B6001B741A /* other */ = {
			isa = PBXGroup;
			children = (
				61602D211B5549B6001B741A /* AFNetworking */,
				6112212F1B57E2F200EEC110 /* XWOAuthTool.h */,
				611221301B57E2F200EEC110 /* XWOAuthTool.m */,
			);
			path = other;
			sourceTree = "<group>";
		};
		61602D211B5549B6001B741A /* AFNetworking */ = {
			isa = PBXGroup;
			children = (
				61602D221B5549B6001B741A /* AFHTTPRequestOperation.h */,
				61602D231B5549B6001B741A /* AFHTTPRequestOperation.m */,
				61602D241B5549B6001B741A /* AFHTTPRequestOperationManager.h */,
				61602D251B5549B6001B741A /* AFHTTPRequestOperationManager.m */,
				61602D261B5549B6001B741A /* AFHTTPSessionManager.h */,
				61602D271B5549B6001B741A /* AFHTTPSessionManager.m */,
				61602D281B5549B6001B741A /* AFNetworking.h */,
				61602D291B5549B6001B741A /* AFNetworkReachabilityManager.h */,
				61602D2A1B5549B6001B741A /* AFNetworkReachabilityManager.m */,
				61602D2B1B5549B6001B741A /* AFSecurityPolicy.h */,
				61602D2C1B5549B6001B741A /* AFSecurityPolicy.m */,
				61602D2D1B5549B6001B741A /* AFURLConnectionOperation.h */,
				61602D2E1B5549B6001B741A /* AFURLConnectionOperation.m */,
				61602D2F1B5549B6001B741A /* AFURLRequestSerialization.h */,
				61602D301B5549B6001B741A /* AFURLRequestSerialization.m */,
				61602D311B5549B6001B741A /* AFURLResponseSerialization.h */,
				61602D321B5549B6001B741A /* AFURLResponseSerialization.m */,
				61602D331B5549B6001B741A /* AFURLSessionManager.h */,
				61602D341B5549B6001B741A /* AFURLSessionManager.m */,
			);
			path = AFNetworking;
			sourceTree = "<group>";
		};
		61602D351B5549B6001B741A /* view */ = {
			isa = PBXGroup;
			children = (
				61602D361B5549B6001B741A /* XWTabBar.h */,
				61602D371B5549B6001B741A /* XWTabBar.m */,
			);
			path = view;
			sourceTree = "<group>";
		};
		617A143F1B5A83A300B6C437 /* Lib */ = {
			isa = PBXGroup;
			children = (
				615AE3EE1B5B87B100885C71 /* MJExtension */,
				617A14401B5A83A300B6C437 /* SDWebImage */,
			);
			path = Lib;
			sourceTree = "<group>";
		};
		617A14401B5A83A300B6C437 /* SDWebImage */ = {
			isa = PBXGroup;
			children = (
				617A14411B5A83A300B6C437 /* MKAnnotationView+WebCache.h */,
				617A14421B5A83A300B6C437 /* MKAnnotationView+WebCache.m */,
				617A14431B5A83A300B6C437 /* NSData+ImageContentType.h */,
				617A14441B5A83A300B6C437 /* NSData+ImageContentType.m */,
				617A14451B5A83A300B6C437 /* SDImageCache.h */,
				617A14461B5A83A300B6C437 /* SDImageCache.m */,
				617A14471B5A83A300B6C437 /* SDWebImageCompat.h */,
				617A14481B5A83A300B6C437 /* SDWebImageCompat.m */,
				617A14491B5A83A300B6C437 /* SDWebImageDecoder.h */,
				617A144A1B5A83A300B6C437 /* SDWebImageDecoder.m */,
				617A144B1B5A83A300B6C437 /* SDWebImageDownloader.h */,
				617A144C1B5A83A300B6C437 /* SDWebImageDownloader.m */,
				617A144D1B5A83A300B6C437 /* SDWebImageDownloaderOperation.h */,
				617A144E1B5A83A300B6C437 /* SDWebImageDownloaderOperation.m */,
				617A144F1B5A83A300B6C437 /* SDWebImageManager.h */,
				617A14501B5A83A300B6C437 /* SDWebImageManager.m */,
				617A14511B5A83A300B6C437 /* SDWebImageOperation.h */,
				617A14521B5A83A300B6C437 /* SDWebImagePrefetcher.h */,
				617A14531B5A83A300B6C437 /* SDWebImagePrefetcher.m */,
				617A14541B5A83A300B6C437 /* UIButton+WebCache.h */,
				617A14551B5A83A300B6C437 /* UIButton+WebCache.m */,
				617A14561B5A83A300B6C437 /* UIImage+GIF.h */,
				617A14571B5A83A300B6C437 /* UIImage+GIF.m */,
				617A14581B5A83A300B6C437 /* UIImage+MultiFormat.h */,
				617A14591B5A83A300B6C437 /* UIImage+MultiFormat.m */,
				617A145A1B5A83A300B6C437 /* UIImage+WebP.h */,
				617A145B1B5A83A300B6C437 /* UIImage+WebP.m */,
				617A145C1B5A83A300B6C437 /* UIImageView+HighlightedWebCache.h */,
				617A145D1B5A83A300B6C437 /* UIImageView+HighlightedWebCache.m */,
				617A145E1B5A83A300B6C437 /* UIImageView+WebCache.h */,
				617A145F1B5A83A300B6C437 /* UIImageView+WebCache.m */,
				617A14601B5A83A300B6C437 /* UIView+WebCacheOperation.h */,
				617A14611B5A83A300B6C437 /* UIView+WebCacheOperation.m */,
			);
			path = SDWebImage;
			sourceTree = "<group>";
		};
		617B2BFF1B50B8B200ACEE0C /* Class */ = {
			isa = PBXGroup;
			children = (
				61BE278B1B5D2DE20049D38C /* sendWeibo */,
				617A143F1B5A83A300B6C437 /* Lib */,
				61602D1A1B5549B6001B741A /* main */,
				61602D141B553FCF001B741A /* OAuth */,
				617B2C001B50B8B200ACEE0C /* discover */,
				617B2C041B50B8B200ACEE0C /* home */,
				617B2C0D1B50B8B200ACEE0C /* me */,
				617B2C111B50B8B200ACEE0C /* message */,
				617B2C151B50B8B200ACEE0C /* others */,
			);
			path = Class;
			sourceTree = "<group>";
		};
		617B2C001B50B8B200ACEE0C /* discover */ = {
			isa = PBXGroup;
			children = (
				617B2C011B50B8B200ACEE0C /* controller */,
				617B2C021B50B8B200ACEE0C /* model */,
				617B2C031B50B8B200ACEE0C /* view */,
			);
			path = discover;
			sourceTree = "<group>";
		};
		617B2C011B50B8B200ACEE0C /* controller */ = {
			isa = PBXGroup;
			children = (
				61A1085A1B520A2A00A15E88 /* XWDiscoverTableViewController.h */,
				61A1085B1B520A2A00A15E88 /* XWDiscoverTableViewController.m */,
			);
			path = controller;
			sourceTree = "<group>";
		};
		617B2C021B50B8B200ACEE0C /* model */ = {
			isa = PBXGroup;
			children = (
			);
			path = model;
			sourceTree = "<group>";
		};
		617B2C031B50B8B200ACEE0C /* view */ = {
			isa = PBXGroup;
			children = (
				61A108611B524C7B00A15E88 /* XWSearchBar.h */,
				61A108621B524C7B00A15E88 /* XWSearchBar.m */,
			);
			path = view;
			sourceTree = "<group>";
		};
		617B2C041B50B8B200ACEE0C /* home */ = {
			isa = PBXGroup;
			children = (
				617B2C051B50B8B200ACEE0C /* controller */,
				617B2C061B50B8B200ACEE0C /* model */,
				617B2C071B50B8B200ACEE0C /* view */,
			);
			path = home;
			sourceTree = "<group>";
		};
		617B2C051B50B8B200ACEE0C /* controller */ = {
			isa = PBXGroup;
			children = (
				617B2C211B50F84200ACEE0C /* XWHomeTableViewController.h */,
				617B2C221B50F84200ACEE0C /* XWHomeTableViewController.m */,
			);
			path = controller;
			sourceTree = "<group>";
		};
		617B2C061B50B8B200ACEE0C /* model */ = {
			isa = PBXGroup;
			children = (
				615AE4081B5B8A2300885C71 /* XWUser.h */,
				615AE4091B5B8A2300885C71 /* XWUser.m */,
				615AE40B1B5B8AC600885C71 /* XWStatus.h */,
				615AE40C1B5B8AC600885C71 /* XWStatus.m */,
				615AE40E1B5B8C6900885C71 /* XWPhoto.h */,
				615AE40F1B5B8C6900885C71 /* XWPhoto.m */,
			);
			path = model;
			sourceTree = "<group>";
		};
		617B2C071B50B8B200ACEE0C /* view */ = {
			isa = PBXGroup;
			children = (
				61A108641B52545400A15E88 /* XWHomeTitleButton.h */,
				61A108651B52545400A15E88 /* XWHomeTitleButton.m */,
				61BE27821B5D1AF50049D38C /* XWFooterView.h */,
				61BE27831B5D1AF50049D38C /* XWFooterView.m */,
				61BE27891B5D240D0049D38C /* XWFooterView.xib */,
			);
			path = view;
			sourceTree = "<group>";
		};
		617B2C0D1B50B8B200ACEE0C /* me */ = {
			isa = PBXGroup;
			children = (
				617B2C0E1B50B8B200ACEE0C /* controller */,
				617B2C0F1B50B8B200ACEE0C /* model */,
				617B2C101B50B8B200ACEE0C /* view */,
			);
			path = me;
			sourceTree = "<group>";
		};
		617B2C0E1B50B8B200ACEE0C /* controller */ = {
			isa = PBXGroup;
			children = (
				617B2C271B514B6F00ACEE0C /* XWMeTableViewController.h */,
				617B2C281B514B6F00ACEE0C /* XWMeTableViewController.m */,
			);
			path = controller;
			sourceTree = "<group>";
		};
		617B2C0F1B50B8B200ACEE0C /* model */ = {
			isa = PBXGroup;
			children = (
			);
			path = model;
			sourceTree = "<group>";
		};
		617B2C101B50B8B200ACEE0C /* view */ = {
			isa = PBXGroup;
			children = (
			);
			path = view;
			sourceTree = "<group>";
		};
		617B2C111B50B8B200ACEE0C /* message */ = {
			isa = PBXGroup;
			children = (
				617B2C121B50B8B200ACEE0C /* controller */,
				617B2C131B50B8B200ACEE0C /* model */,
				617B2C141B50B8B200ACEE0C /* view */,
			);
			path = message;
			sourceTree = "<group>";
		};
		617B2C121B50B8B200ACEE0C /* controller */ = {
			isa = PBXGroup;
			children = (
				617B2C1B1B50BB0D00ACEE0C /* XWMsgTableViewController.h */,
				617B2C1C1B50BB0D00ACEE0C /* XWMsgTableViewController.m */,
			);
			path = controller;
			sourceTree = "<group>";
		};
		617B2C131B50B8B200ACEE0C /* model */ = {
			isa = PBXGroup;
			children = (
			);
			path = model;
			sourceTree = "<group>";
		};
		617B2C141B50B8B200ACEE0C /* view */ = {
			isa = PBXGroup;
			children = (
			);
			path = view;
			sourceTree = "<group>";
		};
		617B2C151B50B8B200ACEE0C /* others */ = {
			isa = PBXGroup;
			children = (
				61A108601B52104E00A15E88 /* catergory */,
				617B2C161B50B8B200ACEE0C /* AppDelegate.h */,
				617B2C171B50B8B200ACEE0C /* AppDelegate.m */,
				618A048C1B56867300266683 /* XW新浪微博-Prefix.pch */,
			);
			path = others;
			sourceTree = "<group>";
		};
		618A048D1B5699BD00266683 /* model */ = {
			isa = PBXGroup;
			children = (
				618A048E1B5699D600266683 /* XWAccount.h */,
				618A048F1B5699D600266683 /* XWAccount.m */,
			);
			name = model;
			sourceTree = "<group>";
		};
		61A108601B52104E00A15E88 /* catergory */ = {
			isa = PBXGroup;
			children = (
				61A1085D1B52100000A15E88 /* UIImage+resizable.h */,
				61A1085E1B52100000A15E88 /* UIImage+resizable.m */,
				617B2C241B51057F00ACEE0C /* UIBarButtonItem+Extension.h */,
				617B2C251B51057F00ACEE0C /* UIBarButtonItem+Extension.m */,
			);
			name = catergory;
			sourceTree = "<group>";
		};
		61BE278B1B5D2DE20049D38C /* sendWeibo */ = {
			isa = PBXGroup;
			children = (
				61BE278C1B5D2DE20049D38C /* controller */,
				61BE278F1B5D2DE20049D38C /* model */,
				61BE27901B5D2DE20049D38C /* view */,
			);
			path = sendWeibo;
			sourceTree = "<group>";
		};
		61BE278C1B5D2DE20049D38C /* controller */ = {
			isa = PBXGroup;
			children = (
				61BE278D1B5D2DE20049D38C /* XWComposeViewController.h */,
				61BE278E1B5D2DE20049D38C /* XWComposeViewController.m */,
			);
			path = controller;
			sourceTree = "<group>";
		};
		61BE278F1B5D2DE20049D38C /* model */ = {
			isa = PBXGroup;
			children = (
			);
			path = model;
			sourceTree = "<group>";
		};
		61BE27901B5D2DE20049D38C /* view */ = {
			isa = PBXGroup;
			children = (
			);
			path = view;
			sourceTree = "<group>";
		};
/* End PBXGroup section */

/* Begin PBXNativeTarget section */
		611017CF1B4D4A2800C143AC /* XW新浪微博 */ = {
			isa = PBXNativeTarget;
			buildConfigurationList = 611017F31B4D4A2800C143AC /* Build configuration list for PBXNativeTarget "XW新浪微博" */;
			buildPhases = (
				611017CC1B4D4A2800C143AC /* Sources */,
				611017CD1B4D4A2800C143AC /* Frameworks */,
				611017CE1B4D4A2800C143AC /* Resources */,
			);
			buildRules = (
			);
			dependencies = (
			);
			name = "XW新浪微博";
			productName = "XW新浪微博";
			productReference = 611017D01B4D4A2800C143AC /* XW新浪微博.app */;
			productType = "com.apple.product-type.application";
		};
		611017E81B4D4A2800C143AC /* XW新浪微博Tests */ = {
			isa = PBXNativeTarget;
			buildConfigurationList = 611017F61B4D4A2800C143AC /* Build configuration list for PBXNativeTarget "XW新浪微博Tests" */;
			buildPhases = (
				611017E51B4D4A2800C143AC /* Sources */,
				611017E61B4D4A2800C143AC /* Frameworks */,
				611017E71B4D4A2800C143AC /* Resources */,
			);
			buildRules = (
			);
			dependencies = (
				611017EB1B4D4A2800C143AC /* PBXTargetDependency */,
			);
			name = "XW新浪微博Tests";
			productName = "XW新浪微博Tests";
			productReference = 611017E91B4D4A2800C143AC /* XW新浪微博Tests.xctest */;
			productType = "com.apple.product-type.bundle.unit-test";
		};
/* End PBXNativeTarget section */

/* Begin PBXProject section */
		611017C81B4D4A2700C143AC /* Project object */ = {
			isa = PBXProject;
			attributes = {
				CLASSPREFIX = XW;
				LastUpgradeCheck = 0620;
				ORGANIZATIONNAME = bbq;
				TargetAttributes = {
					611017CF1B4D4A2800C143AC = {
						CreatedOnToolsVersion = 6.2;
					};
					611017E81B4D4A2800C143AC = {
						CreatedOnToolsVersion = 6.2;
						TestTargetID = 611017CF1B4D4A2800C143AC;
					};
				};
			};
			buildConfigurationList = 611017CB1B4D4A2700C143AC /* Build configuration list for PBXProject "XW新浪微博" */;
			compatibilityVersion = "Xcode 3.2";
			developmentRegion = English;
			hasScannedForEncodings = 0;
			knownRegions = (
				en,
				Base,
			);
			mainGroup = 611017C71B4D4A2700C143AC;
			productRefGroup = 611017D11B4D4A2800C143AC /* Products */;
			projectDirPath = "";
			projectRoot = "";
			targets = (
				611017CF1B4D4A2800C143AC /* XW新浪微博 */,
				611017E81B4D4A2800C143AC /* XW新浪微博Tests */,
			);
		};
/* End PBXProject section */

/* Begin PBXResourcesBuildPhase section */
		611017CE1B4D4A2800C143AC /* Resources */ = {
			isa = PBXResourcesBuildPhase;
			buildActionMask = 2147483647;
			files = (
				611017FA1B4D4B3A00C143AC /* Default@2x.png in Resources */,
				611017E41B4D4A2800C143AC /* LaunchScreen.xib in Resources */,
				61BE278A1B5D240D0049D38C /* XWFooterView.xib in Resources */,
				611017E11B4D4A2800C143AC /* Images.xcassets in Resources */,
			);
			runOnlyForDeploymentPostprocessing = 0;
		};
		611017E71B4D4A2800C143AC /* Resources */ = {
			isa = PBXResourcesBuildPhase;
			buildActionMask = 2147483647;
			files = (
			);
			runOnlyForDeploymentPostprocessing = 0;
		};
/* End PBXResourcesBuildPhase section */

/* Begin PBXSourcesBuildPhase section */
		611017CC1B4D4A2800C143AC /* Sources */ = {
			isa = PBXSourcesBuildPhase;
			buildActionMask = 2147483647;
			files = (
				617A14681B5A83A300B6C437 /* SDWebImageDownloaderOperation.m in Sources */,
				617A146E1B5A83A300B6C437 /* UIImage+WebP.m in Sources */,
				617A146A1B5A83A300B6C437 /* SDWebImagePrefetcher.m in Sources */,
				617B2C1D1B50BB0D00ACEE0C /* XWMsgTableViewController.m in Sources */,
				617A14641B5A83A300B6C437 /* SDImageCache.m in Sources */,
				617A14691B5A83A300B6C437 /* SDWebImageManager.m in Sources */,
				61602D381B5549B6001B741A /* XWNavigationController.m in Sources */,
				617B2C231B50F84200ACEE0C /* XWHomeTableViewController.m in Sources */,
				617B2C291B514B6F00ACEE0C /* XWMeTableViewController.m in Sources */,
				61602D411B5549B6001B741A /* AFURLResponseSerialization.m in Sources */,
				617A14711B5A83A300B6C437 /* UIView+WebCacheOperation.m in Sources */,
				61602D3F1B5549B6001B741A /* AFURLConnectionOperation.m in Sources */,
				617A14651B5A83A300B6C437 /* SDWebImageCompat.m in Sources */,
				615AE4021B5B87B100885C71 /* MJProperty.m in Sources */,
				615AE4001B5B87B100885C71 /* MJConst.m in Sources */,
				61A1085C1B520A2A00A15E88 /* XWDiscoverTableViewController.m in Sources */,
				615AE4061B5B87B100885C71 /* NSObject+MJProperty.m in Sources */,
				615AE4051B5B87B100885C71 /* NSObject+MJKeyValue.m in Sources */,
				617B2C1A1B50B8B200ACEE0C /* AppDelegate.m in Sources */,
				617A14661B5A83A300B6C437 /* SDWebImageDecoder.m in Sources */,
				61602D431B5549B6001B741A /* XWTabBar.m in Sources */,
				61602D3B1B5549B6001B741A /* AFHTTPRequestOperationManager.m in Sources */,
				615AE4101B5B8C6900885C71 /* XWPhoto.m in Sources */,
				617B2C261B51057F00ACEE0C /* UIBarButtonItem+Extension.m in Sources */,
				617A146F1B5A83A300B6C437 /* UIImageView+HighlightedWebCache.m in Sources */,
				61602D3E1B5549B6001B741A /* AFSecurityPolicy.m in Sources */,
				615AE40A1B5B8A2300885C71 /* XWUser.m in Sources */,
				611017D61B4D4A2800C143AC /* main.m in Sources */,
				615AE4011B5B87B100885C71 /* MJFoundation.m in Sources */,
				61A108631B524C7B00A15E88 /* XWSearchBar.m in Sources */,
				615AE4031B5B87B100885C71 /* MJType.m in Sources */,
				61602D401B5549B6001B741A /* AFURLRequestSerialization.m in Sources */,
				61602D3D1B5549B6001B741A /* AFNetworkReachabilityManager.m in Sources */,
				617A146D1B5A83A300B6C437 /* UIImage+MultiFormat.m in Sources */,
				61602D191B553FCF001B741A /* XWOAuthViewController.m in Sources */,
				617A14621B5A83A300B6C437 /* MKAnnotationView+WebCache.m in Sources */,
				617A14631B5A83A300B6C437 /* NSData+ImageContentType.m in Sources */,
				615AE40D1B5B8AC600885C71 /* XWStatus.m in Sources */,
				61BE27841B5D1AF50049D38C /* XWFooterView.m in Sources */,
				617A146B1B5A83A300B6C437 /* UIButton+WebCache.m in Sources */,
				617A14701B5A83A300B6C437 /* UIImageView+WebCache.m in Sources */,
				61A1085F1B52100000A15E88 /* UIImage+resizable.m in Sources */,
				61BE27911B5D2DE20049D38C /* XWComposeViewController.m in Sources */,
				618A04901B5699D600266683 /* XWAccount.m in Sources */,
				615AE4041B5B87B100885C71 /* NSObject+MJCoding.m in Sources */,
				617A146C1B5A83A300B6C437 /* UIImage+GIF.m in Sources */,
				617A14671B5A83A300B6C437 /* SDWebImageDownloader.m in Sources */,
				61602D391B5549B6001B741A /* XWTabBarViewController.m in Sources */,
				611221311B57E2F200EEC110 /* XWOAuthTool.m in Sources */,
				61602D3A1B5549B6001B741A /* AFHTTPRequestOperation.m in Sources */,
				61602D3C1B5549B6001B741A /* AFHTTPSessionManager.m in Sources */,
				61A108661B52545400A15E88 /* XWHomeTitleButton.m in Sources */,
				615AE4071B5B87B100885C71 /* NSString+MJExtension.m in Sources */,
				61602D421B5549B6001B741A /* AFURLSessionManager.m in Sources */,
			);
			runOnlyForDeploymentPostprocessing = 0;
		};
		611017E51B4D4A2800C143AC /* Sources */ = {
			isa = PBXSourcesBuildPhase;
			buildActionMask = 2147483647;
			files = (
				611017F01B4D4A2800C143AC /* XW____Tests.m in Sources */,
			);
			runOnlyForDeploymentPostprocessing = 0;
		};
/* End PBXSourcesBuildPhase section */

/* Begin PBXTargetDependency section */
		611017EB1B4D4A2800C143AC /* PBXTargetDependency */ = {
			isa = PBXTargetDependency;
			target = 611017CF1B4D4A2800C143AC /* XW新浪微博 */;
			targetProxy = 611017EA1B4D4A2800C143AC /* PBXContainerItemProxy */;
		};
/* End PBXTargetDependency section */

/* Begin PBXVariantGroup section */
		611017E21B4D4A2800C143AC /* LaunchScreen.xib */ = {
			isa = PBXVariantGroup;
			children = (
				611017E31B4D4A2800C143AC /* Base */,
			);
			name = LaunchScreen.xib;
			sourceTree = "<group>";
		};
/* End PBXVariantGroup section */

/* Begin XCBuildConfiguration section */
		611017F11B4D4A2800C143AC /* Debug */ = {
			isa = XCBuildConfiguration;
			buildSettings = {
				ALWAYS_SEARCH_USER_PATHS = NO;
				CLANG_CXX_LANGUAGE_STANDARD = "gnu++0x";
				CLANG_CXX_LIBRARY = "libc++";
				CLANG_ENABLE_MODULES = YES;
				CLANG_ENABLE_OBJC_ARC = YES;
				CLANG_WARN_BOOL_CONVERSION = YES;
				CLANG_WARN_CONSTANT_CONVERSION = YES;
				CLANG_WARN_DIRECT_OBJC_ISA_USAGE = YES_ERROR;
				CLANG_WARN_EMPTY_BODY = YES;
				CLANG_WARN_ENUM_CONVERSION = YES;
				CLANG_WARN_INT_CONVERSION = YES;
				CLANG_WARN_OBJC_ROOT_CLASS = YES_ERROR;
				CLANG_WARN_UNREACHABLE_CODE = YES;
				CLANG_WARN__DUPLICATE_METHOD_MATCH = YES;
				"CODE_SIGN_IDENTITY[sdk=iphoneos*]" = "iPhone Developer";
				COPY_PHASE_STRIP = NO;
				ENABLE_STRICT_OBJC_MSGSEND = YES;
				GCC_C_LANGUAGE_STANDARD = gnu99;
				GCC_DYNAMIC_NO_PIC = NO;
				GCC_OPTIMIZATION_LEVEL = 0;
				GCC_PREPROCESSOR_DEFINITIONS = (
					"DEBUG=1",
					"$(inherited)",
				);
				GCC_SYMBOLS_PRIVATE_EXTERN = NO;
				GCC_WARN_64_TO_32_BIT_CONVERSION = YES;
				GCC_WARN_ABOUT_RETURN_TYPE = YES_ERROR;
				GCC_WARN_UNDECLARED_SELECTOR = YES;
				GCC_WARN_UNINITIALIZED_AUTOS = YES_AGGRESSIVE;
				GCC_WARN_UNUSED_FUNCTION = YES;
				GCC_WARN_UNUSED_VARIABLE = YES;
				IPHONEOS_DEPLOYMENT_TARGET = 8.2;
				MTL_ENABLE_DEBUG_INFO = YES;
				ONLY_ACTIVE_ARCH = YES;
				SDKROOT = iphoneos;
				TARGETED_DEVICE_FAMILY = "1,2";
			};
			name = Debug;
		};
		611017F21B4D4A2800C143AC /* Release */ = {
			isa = XCBuildConfiguration;
			buildSettings = {
				ALWAYS_SEARCH_USER_PATHS = NO;
				CLANG_CXX_LANGUAGE_STANDARD = "gnu++0x";
				CLANG_CXX_LIBRARY = "libc++";
				CLANG_ENABLE_MODULES = YES;
				CLANG_ENABLE_OBJC_ARC = YES;
				CLANG_WARN_BOOL_CONVERSION = YES;
				CLANG_WARN_CONSTANT_CONVERSION = YES;
				CLANG_WARN_DIRECT_OBJC_ISA_USAGE = YES_ERROR;
				CLANG_WARN_EMPTY_BODY = YES;
				CLANG_WARN_ENUM_CONVERSION = YES;
				CLANG_WARN_INT_CONVERSION = YES;
				CLANG_WARN_OBJC_ROOT_CLASS = YES_ERROR;
				CLANG_WARN_UNREACHABLE_CODE = YES;
				CLANG_WARN__DUPLICATE_METHOD_MATCH = YES;
				"CODE_SIGN_IDENTITY[sdk=iphoneos*]" = "iPhone Developer";
				COPY_PHASE_STRIP = NO;
				ENABLE_NS_ASSERTIONS = NO;
				ENABLE_STRICT_OBJC_MSGSEND = YES;
				GCC_C_LANGUAGE_STANDARD = gnu99;
				GCC_WARN_64_TO_32_BIT_CONVERSION = YES;
				GCC_WARN_ABOUT_RETURN_TYPE = YES_ERROR;
				GCC_WARN_UNDECLARED_SELECTOR = YES;
				GCC_WARN_UNINITIALIZED_AUTOS = YES_AGGRESSIVE;
				GCC_WARN_UNUSED_FUNCTION = YES;
				GCC_WARN_UNUSED_VARIABLE = YES;
				IPHONEOS_DEPLOYMENT_TARGET = 8.2;
				MTL_ENABLE_DEBUG_INFO = NO;
				SDKROOT = iphoneos;
				TARGETED_DEVICE_FAMILY = "1,2";
				VALIDATE_PRODUCT = YES;
			};
			name = Release;
		};
		611017F41B4D4A2800C143AC /* Debug */ = {
			isa = XCBuildConfiguration;
			buildSettings = {
				ASSETCATALOG_COMPILER_APPICON_NAME = AppIcon;
				GCC_PRECOMPILE_PREFIX_HEADER = YES;
				GCC_PREFIX_HEADER = "$(SRCROOT)/XW新浪微博/Class/others/XW新浪微博-Prefix.pch";
				INFOPLIST_FILE = "XW新浪微博/Info.plist";
				LD_RUNPATH_SEARCH_PATHS = "$(inherited) @executable_path/Frameworks";
				PRODUCT_NAME = "$(TARGET_NAME)";
			};
			name = Debug;
		};
		611017F51B4D4A2800C143AC /* Release */ = {
			isa = XCBuildConfiguration;
			buildSettings = {
				ASSETCATALOG_COMPILER_APPICON_NAME = AppIcon;
				GCC_PRECOMPILE_PREFIX_HEADER = YES;
				GCC_PREFIX_HEADER = "$(SRCROOT)/XW新浪微博/Class/others/XW新浪微博-Prefix.pch";
				INFOPLIST_FILE = "XW新浪微博/Info.plist";
				LD_RUNPATH_SEARCH_PATHS = "$(inherited) @executable_path/Frameworks";
				PRODUCT_NAME = "$(TARGET_NAME)";
			};
			name = Release;
		};
		611017F71B4D4A2800C143AC /* Debug */ = {
			isa = XCBuildConfiguration;
			buildSettings = {
				BUNDLE_LOADER = "$(TEST_HOST)";
				FRAMEWORK_SEARCH_PATHS = (
					"$(SDKROOT)/Developer/Library/Frameworks",
					"$(inherited)",
				);
				GCC_PREPROCESSOR_DEFINITIONS = (
					"DEBUG=1",
					"$(inherited)",
				);
				INFOPLIST_FILE = "XW新浪微博Tests/Info.plist";
				LD_RUNPATH_SEARCH_PATHS = "$(inherited) @executable_path/Frameworks @loader_path/Frameworks";
				PRODUCT_NAME = "$(TARGET_NAME)";
				TEST_HOST = "$(BUILT_PRODUCTS_DIR)/XW新浪微博.app/XW新浪微博";
			};
			name = Debug;
		};
		611017F81B4D4A2800C143AC /* Release */ = {
			isa = XCBuildConfiguration;
			buildSettings = {
				BUNDLE_LOADER = "$(TEST_HOST)";
				FRAMEWORK_SEARCH_PATHS = (
					"$(SDKROOT)/Developer/Library/Frameworks",
					"$(inherited)",
				);
				INFOPLIST_FILE = "XW新浪微博Tests/Info.plist";
				LD_RUNPATH_SEARCH_PATHS = "$(inherited) @executable_path/Frameworks @loader_path/Frameworks";
				PRODUCT_NAME = "$(TARGET_NAME)";
				TEST_HOST = "$(BUILT_PRODUCTS_DIR)/XW新浪微博.app/XW新浪微博";
			};
			name = Release;
		};
/* End XCBuildConfiguration section */

/* Begin XCConfigurationList section */
		611017CB1B4D4A2700C143AC /* Build configuration list for PBXProject "XW新浪微博" */ = {
			isa = XCConfigurationList;
			buildConfigurations = (
				611017F11B4D4A2800C143AC /* Debug */,
				611017F21B4D4A2800C143AC /* Release */,
			);
			defaultConfigurationIsVisible = 0;
			defaultConfigurationName = Release;
		};
		611017F31B4D4A2800C143AC /* Build configuration list for PBXNativeTarget "XW新浪微博" */ = {
			isa = XCConfigurationList;
			buildConfigurations = (
				611017F41B4D4A2800C143AC /* Debug */,
				611017F51B4D4A2800C143AC /* Release */,
			);
			defaultConfigurationIsVisible = 0;
			defaultConfigurationName = Release;
		};
		611017F61B4D4A2800C143AC /* Build configuration list for PBXNativeTarget "XW新浪微博Tests" */ = {
			isa = XCConfigurationList;
			buildConfigurations = (
				611017F71B4D4A2800C143AC /* Debug */,
				611017F81B4D4A2800C143AC /* Release */,
			);
			defaultConfigurationIsVisible = 0;
			defaultConfigurationName = Release;
		};
/* End XCConfigurationList section */
	};
	rootObject = 611017C81B4D4A2700C143AC /* Project object */;
}
