// !$*UTF8*$!
{
	archiveVersion = 1;
	classes = {
	};
	objectVersion = 46;
	objects = {

/* Begin PBXBuildFile section */
		611017D61B4D4A2800C143AC /* main.m in Sources */ = {isa = PBXBuildFile; fileRef = 611017D51B4D4A2800C143AC /* main.m */; };
		611017E11B4D4A2800C143AC /* Images.xcassets in Resources */ = {isa = PBXBuildFile; fileRef = 611017E01B4D4A2800C143AC /* Images.xcassets */; };
		611017E41B4D4A2800C143AC /* LaunchScreen.xib in Resources */ = {isa = PBXBuildFile; fileRef = 611017E21B4D4A2800C143AC /* LaunchScreen.xib */; };
		611017F01B4D4A2800C143AC /* XW____Tests.m in Sources */ = {isa = PBXBuildFile; fileRef = 611017EF1B4D4A2800C143AC /* XW____Tests.m */; };
		611017FA1B4D4B3A00C143AC /* Default@2x.png in Resources */ = {isa = PBXBuildFile; fileRef = 611017F91B4D4B3A00C143AC /* Default@2x.png */; };
		611221311B57E2F200EEC110 /* XWAccountTool.m in Sources */ = {isa = PBXBuildFile; fileRef = 611221301B57E2F200EEC110 /* XWAccountTool.m */; };
		61148DF11B6504DE00FC96D7 /* XWHttpTool.m in Sources */ = {isa = PBXBuildFile; fileRef = 61148DF01B6504DE00FC96D7 /* XWHttpTool.m */; };
		613B1C051B80828B0003BF5C /* XWArrowsItem.m in Sources */ = {isa = PBXBuildFile; fileRef = 613B1C041B80828B0003BF5C /* XWArrowsItem.m */; };
		6153E4621B6A71DD00EC50EE /* XWStatusFrame.m in Sources */ = {isa = PBXBuildFile; fileRef = 6153E4611B6A71DD00EC50EE /* XWStatusFrame.m */; };
		6153E4651B6A71FD00EC50EE /* XWOriginalFrame.m in Sources */ = {isa = PBXBuildFile; fileRef = 6153E4641B6A71FD00EC50EE /* XWOriginalFrame.m */; };
		6153E4681B6A720C00EC50EE /* XWRetweetFrame.m in Sources */ = {isa = PBXBuildFile; fileRef = 6153E4671B6A720C00EC50EE /* XWRetweetFrame.m */; };
		615AE40A1B5B8A2300885C71 /* XWUser.m in Sources */ = {isa = PBXBuildFile; fileRef = 615AE4091B5B8A2300885C71 /* XWUser.m */; };
		615AE40D1B5B8AC600885C71 /* XWStatus.m in Sources */ = {isa = PBXBuildFile; fileRef = 615AE40C1B5B8AC600885C71 /* XWStatus.m */; };
		615AE4101B5B8C6900885C71 /* XWPhoto.m in Sources */ = {isa = PBXBuildFile; fileRef = 615AE40F1B5B8C6900885C71 /* XWPhoto.m */; };
		61602D191B553FCF001B741A /* XWOAuthViewController.m in Sources */ = {isa = PBXBuildFile; fileRef = 61602D171B553FCF001B741A /* XWOAuthViewController.m */; };
		61602D381B5549B6001B741A /* XWNavigationController.m in Sources */ = {isa = PBXBuildFile; fileRef = 61602D1D1B5549B6001B741A /* XWNavigationController.m */; };
		61602D391B5549B6001B741A /* XWTabBarViewController.m in Sources */ = {isa = PBXBuildFile; fileRef = 61602D1F1B5549B6001B741A /* XWTabBarViewController.m */; };
		61602D431B5549B6001B741A /* XWTabBar.m in Sources */ = {isa = PBXBuildFile; fileRef = 61602D371B5549B6001B741A /* XWTabBar.m */; };
		6173853D1B63CD5200E8F285 /* MJRefresh.bundle in Resources */ = {isa = PBXBuildFile; fileRef = 6173852D1B63CD5200E8F285 /* MJRefresh.bundle */; };
		6173853E1B63CD5200E8F285 /* MJRefreshBaseView.m in Sources */ = {isa = PBXBuildFile; fileRef = 617385301B63CD5200E8F285 /* MJRefreshBaseView.m */; };
		6173853F1B63CD5200E8F285 /* MJRefreshConst.m in Sources */ = {isa = PBXBuildFile; fileRef = 617385321B63CD5200E8F285 /* MJRefreshConst.m */; };
		617385401B63CD5200E8F285 /* MJRefreshFooterView.m in Sources */ = {isa = PBXBuildFile; fileRef = 617385341B63CD5200E8F285 /* MJRefreshFooterView.m */; };
		617385411B63CD5200E8F285 /* MJRefreshHeaderView.m in Sources */ = {isa = PBXBuildFile; fileRef = 617385361B63CD5200E8F285 /* MJRefreshHeaderView.m */; };
		617385421B63CD5200E8F285 /* UIScrollView+MJExtension.m in Sources */ = {isa = PBXBuildFile; fileRef = 617385381B63CD5200E8F285 /* UIScrollView+MJExtension.m */; };
		617385431B63CD5200E8F285 /* UIScrollView+MJRefresh.m in Sources */ = {isa = PBXBuildFile; fileRef = 6173853A1B63CD5200E8F285 /* UIScrollView+MJRefresh.m */; };
		617385441B63CD5200E8F285 /* UIView+MJExtension.m in Sources */ = {isa = PBXBuildFile; fileRef = 6173853C1B63CD5200E8F285 /* UIView+MJExtension.m */; };
		617385461B63DD0200E8F285 /* Foundation+Log.m in Sources */ = {isa = PBXBuildFile; fileRef = 617385451B63DD0200E8F285 /* Foundation+Log.m */; };
		61738C741B6273D80052B7AA /* AFHTTPRequestOperation.m in Sources */ = {isa = PBXBuildFile; fileRef = 61738C281B6273D80052B7AA /* AFHTTPRequestOperation.m */; };
		61738C751B6273D80052B7AA /* AFHTTPRequestOperationManager.m in Sources */ = {isa = PBXBuildFile; fileRef = 61738C2A1B6273D80052B7AA /* AFHTTPRequestOperationManager.m */; };
		61738C761B6273D80052B7AA /* AFHTTPSessionManager.m in Sources */ = {isa = PBXBuildFile; fileRef = 61738C2C1B6273D80052B7AA /* AFHTTPSessionManager.m */; };
		61738C771B6273D80052B7AA /* AFNetworkReachabilityManager.m in Sources */ = {isa = PBXBuildFile; fileRef = 61738C2F1B6273D80052B7AA /* AFNetworkReachabilityManager.m */; };
		61738C781B6273D80052B7AA /* AFSecurityPolicy.m in Sources */ = {isa = PBXBuildFile; fileRef = 61738C311B6273D80052B7AA /* AFSecurityPolicy.m */; };
		61738C791B6273D80052B7AA /* AFURLConnectionOperation.m in Sources */ = {isa = PBXBuildFile; fileRef = 61738C331B6273D80052B7AA /* AFURLConnectionOperation.m */; };
		61738C7A1B6273D80052B7AA /* AFURLRequestSerialization.m in Sources */ = {isa = PBXBuildFile; fileRef = 61738C351B6273D80052B7AA /* AFURLRequestSerialization.m */; };
		61738C7B1B6273D80052B7AA /* AFURLResponseSerialization.m in Sources */ = {isa = PBXBuildFile; fileRef = 61738C371B6273D80052B7AA /* AFURLResponseSerialization.m */; };
		61738C7C1B6273D80052B7AA /* AFURLSessionManager.m in Sources */ = {isa = PBXBuildFile; fileRef = 61738C391B6273D80052B7AA /* AFURLSessionManager.m */; };
		61738C7D1B6273D80052B7AA /* MBProgressHUD+MJ.m in Sources */ = {isa = PBXBuildFile; fileRef = 61738C3C1B6273D80052B7AA /* MBProgressHUD+MJ.m */; };
		61738C7E1B6273D80052B7AA /* MBProgressHUD.bundle in Resources */ = {isa = PBXBuildFile; fileRef = 61738C3D1B6273D80052B7AA /* MBProgressHUD.bundle */; };
		61738C7F1B6273D80052B7AA /* MBProgressHUD.m in Sources */ = {isa = PBXBuildFile; fileRef = 61738C3F1B6273D80052B7AA /* MBProgressHUD.m */; };
		61738C801B6273D80052B7AA /* MJArgument.m in Sources */ = {isa = PBXBuildFile; fileRef = 61738C421B6273D80052B7AA /* MJArgument.m */; };
		61738C811B6273D80052B7AA /* MJIvar.m in Sources */ = {isa = PBXBuildFile; fileRef = 61738C451B6273D80052B7AA /* MJIvar.m */; };
		61738C821B6273D80052B7AA /* MJMember.m in Sources */ = {isa = PBXBuildFile; fileRef = 61738C471B6273D80052B7AA /* MJMember.m */; };
		61738C831B6273D80052B7AA /* MJMethod.m in Sources */ = {isa = PBXBuildFile; fileRef = 61738C491B6273D80052B7AA /* MJMethod.m */; };
		61738C841B6273D80052B7AA /* MJType.m in Sources */ = {isa = PBXBuildFile; fileRef = 61738C4B1B6273D80052B7AA /* MJType.m */; };
		61738C851B6273D80052B7AA /* MJTypeEncoding.m in Sources */ = {isa = PBXBuildFile; fileRef = 61738C4D1B6273D80052B7AA /* MJTypeEncoding.m */; };
		61738C861B6273D80052B7AA /* NSObject+MJCoding.m in Sources */ = {isa = PBXBuildFile; fileRef = 61738C4F1B6273D80052B7AA /* NSObject+MJCoding.m */; };
		61738C871B6273D80052B7AA /* NSObject+MJKeyValue.m in Sources */ = {isa = PBXBuildFile; fileRef = 61738C511B6273D80052B7AA /* NSObject+MJKeyValue.m */; };
		61738C881B6273D80052B7AA /* NSObject+MJMember.m in Sources */ = {isa = PBXBuildFile; fileRef = 61738C531B6273D80052B7AA /* NSObject+MJMember.m */; };
		617513261B763E55008F6CD7 /* XWStatusPhotosView.m in Sources */ = {isa = PBXBuildFile; fileRef = 617513251B763E55008F6CD7 /* XWStatusPhotosView.m */; };
		617513291B763E75008F6CD7 /* XWStatusPhotoView.m in Sources */ = {isa = PBXBuildFile; fileRef = 617513281B763E75008F6CD7 /* XWStatusPhotoView.m */; };
		617B2C1A1B50B8B200ACEE0C /* AppDelegate.m in Sources */ = {isa = PBXBuildFile; fileRef = 617B2C171B50B8B200ACEE0C /* AppDelegate.m */; };
		617B2C1D1B50BB0D00ACEE0C /* XWMsgTableViewController.m in Sources */ = {isa = PBXBuildFile; fileRef = 617B2C1C1B50BB0D00ACEE0C /* XWMsgTableViewController.m */; };
		617B2C231B50F84200ACEE0C /* XWHomeTableViewController.m in Sources */ = {isa = PBXBuildFile; fileRef = 617B2C221B50F84200ACEE0C /* XWHomeTableViewController.m */; };
		617B2C261B51057F00ACEE0C /* UIBarButtonItem+Extension.m in Sources */ = {isa = PBXBuildFile; fileRef = 617B2C251B51057F00ACEE0C /* UIBarButtonItem+Extension.m */; };
		617B2C291B514B6F00ACEE0C /* XWMeTableViewController.m in Sources */ = {isa = PBXBuildFile; fileRef = 617B2C281B514B6F00ACEE0C /* XWMeTableViewController.m */; };
		618A04901B5699D600266683 /* XWAccount.m in Sources */ = {isa = PBXBuildFile; fileRef = 618A048F1B5699D600266683 /* XWAccount.m */; };
		618CDC051B7CCDEF001E834B /* XWInputEmotionView.m in Sources */ = {isa = PBXBuildFile; fileRef = 618CDC041B7CCDEF001E834B /* XWInputEmotionView.m */; };
		618CDC081B7CD152001E834B /* XWEmotionListView.m in Sources */ = {isa = PBXBuildFile; fileRef = 618CDC071B7CD152001E834B /* XWEmotionListView.m */; };
		619464171B6FAFF900D90C72 /* NSDate+MJ.m in Sources */ = {isa = PBXBuildFile; fileRef = 619464161B6FAFF900D90C72 /* NSDate+MJ.m */; };
		619CA1D51B5E7DD80090DC0E /* XWInputToolBar.m in Sources */ = {isa = PBXBuildFile; fileRef = 619CA1D41B5E7DD80090DC0E /* XWInputToolBar.m */; };
		619CB8ED1B6655EB00016A06 /* XWHomeStatusPara.m in Sources */ = {isa = PBXBuildFile; fileRef = 619CB8EC1B6655EB00016A06 /* XWHomeStatusPara.m */; };
		619CB8F01B6657D800016A06 /* XWHomeStatusResult.m in Sources */ = {isa = PBXBuildFile; fileRef = 619CB8EF1B6657D800016A06 /* XWHomeStatusResult.m */; };
		619CB8F31B665AEC00016A06 /* XWHomeStatusTool.m in Sources */ = {isa = PBXBuildFile; fileRef = 619CB8F21B665AEC00016A06 /* XWHomeStatusTool.m */; };
		619CB8F61B66757200016A06 /* XWUserInfoTool.m in Sources */ = {isa = PBXBuildFile; fileRef = 619CB8F51B66757200016A06 /* XWUserInfoTool.m */; };
		619CB8F91B6675CE00016A06 /* XWUserInfoPara.m in Sources */ = {isa = PBXBuildFile; fileRef = 619CB8F81B6675CE00016A06 /* XWUserInfoPara.m */; };
		61A0A63F1B67B15A00E48C1D /* XWUnreadCountPara.m in Sources */ = {isa = PBXBuildFile; fileRef = 61A0A63E1B67B15A00E48C1D /* XWUnreadCountPara.m */; };
		61A0A6421B67B1D900E48C1D /* XWUnreadCountResult.m in Sources */ = {isa = PBXBuildFile; fileRef = 61A0A6411B67B1D900E48C1D /* XWUnreadCountResult.m */; };
		61A0A6451B67B2D100E48C1D /* XWGetUnreadTool.m in Sources */ = {isa = PBXBuildFile; fileRef = 61A0A6441B67B2D100E48C1D /* XWGetUnreadTool.m */; };
		61A1085C1B520A2A00A15E88 /* XWDiscoverTableViewController.m in Sources */ = {isa = PBXBuildFile; fileRef = 61A1085B1B520A2A00A15E88 /* XWDiscoverTableViewController.m */; };
		61A1085F1B52100000A15E88 /* UIImage+resizable.m in Sources */ = {isa = PBXBuildFile; fileRef = 61A1085E1B52100000A15E88 /* UIImage+resizable.m */; };
		61A108631B524C7B00A15E88 /* XWSearchBar.m in Sources */ = {isa = PBXBuildFile; fileRef = 61A108621B524C7B00A15E88 /* XWSearchBar.m */; };
		61A108661B52545400A15E88 /* XWHomeTitleButton.m in Sources */ = {isa = PBXBuildFile; fileRef = 61A108651B52545400A15E88 /* XWHomeTitleButton.m */; };
		61A44B231B7EE11A0093E9F2 /* XWDiscoverCell.m in Sources */ = {isa = PBXBuildFile; fileRef = 61A44B221B7EE11A0093E9F2 /* XWDiscoverCell.m */; };
		61A44B261B7F2F200093E9F2 /* UIView+Extension.m in Sources */ = {isa = PBXBuildFile; fileRef = 61A44B251B7F2F200093E9F2 /* UIView+Extension.m */; };
		61A4F9971B6C725D0047917C /* NSString+XWCacularTextSizeExtension.m in Sources */ = {isa = PBXBuildFile; fileRef = 61A4F9961B6C725D0047917C /* NSString+XWCacularTextSizeExtension.m */; };
		61ABB8501B69074A00581D8E /* XWOriginalView.m in Sources */ = {isa = PBXBuildFile; fileRef = 61ABB8461B69074A00581D8E /* XWOriginalView.m */; };
		61ABB8511B69074A00581D8E /* XWRetweetView.m in Sources */ = {isa = PBXBuildFile; fileRef = 61ABB8481B69074A00581D8E /* XWRetweetView.m */; };
		61ABB8521B69074A00581D8E /* XWStatusDetailView.m in Sources */ = {isa = PBXBuildFile; fileRef = 61ABB84A1B69074A00581D8E /* XWStatusDetailView.m */; };
		61ABB8531B69074A00581D8E /* XWToolBarView.m in Sources */ = {isa = PBXBuildFile; fileRef = 61ABB84D1B69074A00581D8E /* XWToolBarView.m */; };
		61ABB8541B69074A00581D8E /* XWTableViewCell.m in Sources */ = {isa = PBXBuildFile; fileRef = 61ABB84F1B69074A00581D8E /* XWTableViewCell.m */; };
		61AE25EE1B6BA74E00865579 /* XWDetailFrame.m in Sources */ = {isa = PBXBuildFile; fileRef = 61AE25ED1B6BA74E00865579 /* XWDetailFrame.m */; };
		61AE31CF1B61278900E54AEA /* XWSelectImageView.m in Sources */ = {isa = PBXBuildFile; fileRef = 61AE31CE1B61278900E54AEA /* XWSelectImageView.m */; };
		61B579C91B4EB210002B6109 /* UIKit.framework in Frameworks */ = {isa = PBXBuildFile; fileRef = 61B579C81B4EB210002B6109 /* UIKit.framework */; };
		61BE27841B5D1AF50049D38C /* XWFooterView.m in Sources */ = {isa = PBXBuildFile; fileRef = 61BE27831B5D1AF50049D38C /* XWFooterView.m */; };
		61BE278A1B5D240D0049D38C /* XWFooterView.xib in Resources */ = {isa = PBXBuildFile; fileRef = 61BE27891B5D240D0049D38C /* XWFooterView.xib */; };
		61BE27911B5D2DE20049D38C /* XWComposeViewController.m in Sources */ = {isa = PBXBuildFile; fileRef = 61BE278E1B5D2DE20049D38C /* XWComposeViewController.m */; };
		61BE27941B5D2E4E0049D38C /* XWsendWeiboTextView.m in Sources */ = {isa = PBXBuildFile; fileRef = 61BE27931B5D2E4E0049D38C /* XWsendWeiboTextView.m */; };
		61C530161B7E25FA00ACACBC /* XWDiscoverTableViewGroup.m in Sources */ = {isa = PBXBuildFile; fileRef = 61C530151B7E25FA00ACACBC /* XWDiscoverTableViewGroup.m */; };
		61C530191B7E261400ACACBC /* XWDiscoverTableViewItem.m in Sources */ = {isa = PBXBuildFile; fileRef = 61C530181B7E261400ACACBC /* XWDiscoverTableViewItem.m */; };
		61D1A4941B8206FA00690C2E /* XWStatusDetailTableViewController.m in Sources */ = {isa = PBXBuildFile; fileRef = 61D1A4931B8206FA00690C2E /* XWStatusDetailTableViewController.m */; };
		61D1A4971B821ECE00690C2E /* XWRetweetedToolBar.m in Sources */ = {isa = PBXBuildFile; fileRef = 61D1A4961B821ECE00690C2E /* XWRetweetedToolBar.m */; };
		61DFDAE51B627F9A00294B05 /* MKAnnotationView+WebCache.m in Sources */ = {isa = PBXBuildFile; fileRef = 61DFDAC51B627F9A00294B05 /* MKAnnotationView+WebCache.m */; };
		61DFDAE61B627F9A00294B05 /* NSData+ImageContentType.m in Sources */ = {isa = PBXBuildFile; fileRef = 61DFDAC71B627F9A00294B05 /* NSData+ImageContentType.m */; };
		61DFDAE71B627F9A00294B05 /* SDImageCache.m in Sources */ = {isa = PBXBuildFile; fileRef = 61DFDAC91B627F9A00294B05 /* SDImageCache.m */; };
		61DFDAE81B627F9A00294B05 /* SDWebImageCompat.m in Sources */ = {isa = PBXBuildFile; fileRef = 61DFDACB1B627F9A00294B05 /* SDWebImageCompat.m */; };
		61DFDAE91B627F9A00294B05 /* SDWebImageDecoder.m in Sources */ = {isa = PBXBuildFile; fileRef = 61DFDACD1B627F9A00294B05 /* SDWebImageDecoder.m */; };
		61DFDAEA1B627F9A00294B05 /* SDWebImageDownloader.m in Sources */ = {isa = PBXBuildFile; fileRef = 61DFDACF1B627F9A00294B05 /* SDWebImageDownloader.m */; };
		61DFDAEB1B627F9A00294B05 /* SDWebImageDownloaderOperation.m in Sources */ = {isa = PBXBuildFile; fileRef = 61DFDAD11B627F9A00294B05 /* SDWebImageDownloaderOperation.m */; };
		61DFDAEC1B627F9A00294B05 /* SDWebImageManager.m in Sources */ = {isa = PBXBuildFile; fileRef = 61DFDAD31B627F9A00294B05 /* SDWebImageManager.m */; };
		61DFDAED1B627F9A00294B05 /* SDWebImagePrefetcher.m in Sources */ = {isa = PBXBuildFile; fileRef = 61DFDAD61B627F9A00294B05 /* SDWebImagePrefetcher.m */; };
		61DFDAEE1B627F9A00294B05 /* UIButton+WebCache.m in Sources */ = {isa = PBXBuildFile; fileRef = 61DFDAD81B627F9A00294B05 /* UIButton+WebCache.m */; };
		61DFDAEF1B627F9A00294B05 /* UIImage+GIF.m in Sources */ = {isa = PBXBuildFile; fileRef = 61DFDADA1B627F9A00294B05 /* UIImage+GIF.m */; };
		61DFDAF01B627F9A00294B05 /* UIImage+MultiFormat.m in Sources */ = {isa = PBXBuildFile; fileRef = 61DFDADC1B627F9A00294B05 /* UIImage+MultiFormat.m */; };
		61DFDAF11B627F9A00294B05 /* UIImage+WebP.m in Sources */ = {isa = PBXBuildFile; fileRef = 61DFDADE1B627F9A00294B05 /* UIImage+WebP.m */; };
		61DFDAF21B627F9A00294B05 /* UIImageView+HighlightedWebCache.m in Sources */ = {isa = PBXBuildFile; fileRef = 61DFDAE01B627F9A00294B05 /* UIImageView+HighlightedWebCache.m */; };
		61DFDAF31B627F9A00294B05 /* UIImageView+WebCache.m in Sources */ = {isa = PBXBuildFile; fileRef = 61DFDAE21B627F9A00294B05 /* UIImageView+WebCache.m */; };
		61DFDAF41B627F9A00294B05 /* UIView+WebCacheOperation.m in Sources */ = {isa = PBXBuildFile; fileRef = 61DFDAE41B627F9A00294B05 /* UIView+WebCacheOperation.m */; };
/* End PBXBuildFile section */

/* Begin PBXContainerItemProxy section */
		611017EA1B4D4A2800C143AC /* PBXContainerItemProxy */ = {
			isa = PBXContainerItemProxy;
			containerPortal = 611017C81B4D4A2700C143AC /* Project object */;
			proxyType = 1;
			remoteGlobalIDString = 611017CF1B4D4A2800C143AC;
			remoteInfo = "XW新浪微博";
		};
/* End PBXContainerItemProxy section */

/* Begin PBXFileReference section */
		611017D01B4D4A2800C143AC /* XW新浪微博.app */ = {isa = PBXFileReference; explicitFileType = wrapper.application; includeInIndex = 0; path = "XW新浪微博.app"; sourceTree = BUILT_PRODUCTS_DIR; };
		611017D41B4D4A2800C143AC /* Info.plist */ = {isa = PBXFileReference; lastKnownFileType = text.plist.xml; path = Info.plist; sourceTree = "<group>"; };
		611017D51B4D4A2800C143AC /* main.m */ = {isa = PBXFileReference; lastKnownFileType = sourcecode.c.objc; path = main.m; sourceTree = "<group>"; };
		611017E01B4D4A2800C143AC /* Images.xcassets */ = {isa = PBXFileReference; lastKnownFileType = folder.assetcatalog; path = Images.xcassets; sourceTree = "<group>"; };
		611017E31B4D4A2800C143AC /* Base */ = {isa = PBXFileReference; lastKnownFileType = file.xib; name = Base; path = Base.lproj/LaunchScreen.xib; sourceTree = "<group>"; };
		611017E91B4D4A2800C143AC /* XW新浪微博Tests.xctest */ = {isa = PBXFileReference; explicitFileType = wrapper.cfbundle; includeInIndex = 0; path = "XW新浪微博Tests.xctest"; sourceTree = BUILT_PRODUCTS_DIR; };
		611017EE1B4D4A2800C143AC /* Info.plist */ = {isa = PBXFileReference; lastKnownFileType = text.plist.xml; path = Info.plist; sourceTree = "<group>"; };
		611017EF1B4D4A2800C143AC /* XW____Tests.m */ = {isa = PBXFileReference; lastKnownFileType = sourcecode.c.objc; path = "XW____Tests.m"; sourceTree = "<group>"; };
		611017F91B4D4B3A00C143AC /* Default@2x.png */ = {isa = PBXFileReference; lastKnownFileType = image.png; name = "Default@2x.png"; path = "../../../../Documents/黑马ios/0703/代码/黑马微博03-增加导航功能/黑马微博/Images.xcassets/LaunchImage.launchimage/Default@2x.png"; sourceTree = "<group>"; };
		6112212F1B57E2F200EEC110 /* XWAccountTool.h */ = {isa = PBXFileReference; fileEncoding = 4; lastKnownFileType = sourcecode.c.h; path = XWAccountTool.h; sourceTree = "<group>"; };
		611221301B57E2F200EEC110 /* XWAccountTool.m */ = {isa = PBXFileReference; fileEncoding = 4; lastKnownFileType = sourcecode.c.objc; path = XWAccountTool.m; sourceTree = "<group>"; };
		61148DEF1B6504DE00FC96D7 /* XWHttpTool.h */ = {isa = PBXFileReference; fileEncoding = 4; lastKnownFileType = sourcecode.c.h; path = XWHttpTool.h; sourceTree = "<group>"; };
		61148DF01B6504DE00FC96D7 /* XWHttpTool.m */ = {isa = PBXFileReference; fileEncoding = 4; lastKnownFileType = sourcecode.c.objc; path = XWHttpTool.m; sourceTree = "<group>"; };
		613B1C031B80828B0003BF5C /* XWArrowsItem.h */ = {isa = PBXFileReference; fileEncoding = 4; lastKnownFileType = sourcecode.c.h; path = XWArrowsItem.h; sourceTree = "<group>"; };
		613B1C041B80828B0003BF5C /* XWArrowsItem.m */ = {isa = PBXFileReference; fileEncoding = 4; lastKnownFileType = sourcecode.c.objc; path = XWArrowsItem.m; sourceTree = "<group>"; };
		6153E4601B6A71DD00EC50EE /* XWStatusFrame.h */ = {isa = PBXFileReference; fileEncoding = 4; lastKnownFileType = sourcecode.c.h; path = XWStatusFrame.h; sourceTree = "<group>"; };
		6153E4611B6A71DD00EC50EE /* XWStatusFrame.m */ = {isa = PBXFileReference; fileEncoding = 4; lastKnownFileType = sourcecode.c.objc; path = XWStatusFrame.m; sourceTree = "<group>"; };
		6153E4631B6A71FD00EC50EE /* XWOriginalFrame.h */ = {isa = PBXFileReference; fileEncoding = 4; lastKnownFileType = sourcecode.c.h; path = XWOriginalFrame.h; sourceTree = "<group>"; };
		6153E4641B6A71FD00EC50EE /* XWOriginalFrame.m */ = {isa = PBXFileReference; fileEncoding = 4; lastKnownFileType = sourcecode.c.objc; path = XWOriginalFrame.m; sourceTree = "<group>"; };
		6153E4661B6A720C00EC50EE /* XWRetweetFrame.h */ = {isa = PBXFileReference; fileEncoding = 4; lastKnownFileType = sourcecode.c.h; path = XWRetweetFrame.h; sourceTree = "<group>"; };
		6153E4671B6A720C00EC50EE /* XWRetweetFrame.m */ = {isa = PBXFileReference; fileEncoding = 4; lastKnownFileType = sourcecode.c.objc; path = XWRetweetFrame.m; sourceTree = "<group>"; };
		615AE4081B5B8A2300885C71 /* XWUser.h */ = {isa = PBXFileReference; fileEncoding = 4; lastKnownFileType = sourcecode.c.h; path = XWUser.h; sourceTree = "<group>"; };
		615AE4091B5B8A2300885C71 /* XWUser.m */ = {isa = PBXFileReference; fileEncoding = 4; lastKnownFileType = sourcecode.c.objc; path = XWUser.m; sourceTree = "<group>"; };
		615AE40B1B5B8AC600885C71 /* XWStatus.h */ = {isa = PBXFileReference; fileEncoding = 4; lastKnownFileType = sourcecode.c.h; path = XWStatus.h; sourceTree = "<group>"; };
		615AE40C1B5B8AC600885C71 /* XWStatus.m */ = {isa = PBXFileReference; fileEncoding = 4; lastKnownFileType = sourcecode.c.objc; path = XWStatus.m; sourceTree = "<group>"; };
		615AE40E1B5B8C6900885C71 /* XWPhoto.h */ = {isa = PBXFileReference; fileEncoding = 4; lastKnownFileType = sourcecode.c.h; path = XWPhoto.h; sourceTree = "<group>"; };
		615AE40F1B5B8C6900885C71 /* XWPhoto.m */ = {isa = PBXFileReference; fileEncoding = 4; lastKnownFileType = sourcecode.c.objc; path = XWPhoto.m; sourceTree = "<group>"; };
		61602D161B553FCF001B741A /* XWOAuthViewController.h */ = {isa = PBXFileReference; fileEncoding = 4; lastKnownFileType = sourcecode.c.h; path = XWOAuthViewController.h; sourceTree = "<group>"; };
		61602D171B553FCF001B741A /* XWOAuthViewController.m */ = {isa = PBXFileReference; fileEncoding = 4; lastKnownFileType = sourcecode.c.objc; path = XWOAuthViewController.m; sourceTree = "<group>"; };
		61602D1C1B5549B6001B741A /* XWNavigationController.h */ = {isa = PBXFileReference; fileEncoding = 4; lastKnownFileType = sourcecode.c.h; path = XWNavigationController.h; sourceTree = "<group>"; };
		61602D1D1B5549B6001B741A /* XWNavigationController.m */ = {isa = PBXFileReference; fileEncoding = 4; lastKnownFileType = sourcecode.c.objc; path = XWNavigationController.m; sourceTree = "<group>"; };
		61602D1E1B5549B6001B741A /* XWTabBarViewController.h */ = {isa = PBXFileReference; fileEncoding = 4; lastKnownFileType = sourcecode.c.h; path = XWTabBarViewController.h; sourceTree = "<group>"; };
		61602D1F1B5549B6001B741A /* XWTabBarViewController.m */ = {isa = PBXFileReference; fileEncoding = 4; lastKnownFileType = sourcecode.c.objc; path = XWTabBarViewController.m; sourceTree = "<group>"; };
		61602D361B5549B6001B741A /* XWTabBar.h */ = {isa = PBXFileReference; fileEncoding = 4; lastKnownFileType = sourcecode.c.h; path = XWTabBar.h; sourceTree = "<group>"; };
		61602D371B5549B6001B741A /* XWTabBar.m */ = {isa = PBXFileReference; fileEncoding = 4; lastKnownFileType = sourcecode.c.objc; path = XWTabBar.m; sourceTree = "<group>"; };
		6173852D1B63CD5200E8F285 /* MJRefresh.bundle */ = {isa = PBXFileReference; lastKnownFileType = "wrapper.plug-in"; path = MJRefresh.bundle; sourceTree = "<group>"; };
		6173852E1B63CD5200E8F285 /* MJRefresh.h */ = {isa = PBXFileReference; fileEncoding = 4; lastKnownFileType = sourcecode.c.h; path = MJRefresh.h; sourceTree = "<group>"; };
		6173852F1B63CD5200E8F285 /* MJRefreshBaseView.h */ = {isa = PBXFileReference; fileEncoding = 4; lastKnownFileType = sourcecode.c.h; path = MJRefreshBaseView.h; sourceTree = "<group>"; };
		617385301B63CD5200E8F285 /* MJRefreshBaseView.m */ = {isa = PBXFileReference; fileEncoding = 4; lastKnownFileType = sourcecode.c.objc; path = MJRefreshBaseView.m; sourceTree = "<group>"; };
		617385311B63CD5200E8F285 /* MJRefreshConst.h */ = {isa = PBXFileReference; fileEncoding = 4; lastKnownFileType = sourcecode.c.h; path = MJRefreshConst.h; sourceTree = "<group>"; };
		617385321B63CD5200E8F285 /* MJRefreshConst.m */ = {isa = PBXFileReference; fileEncoding = 4; lastKnownFileType = sourcecode.c.objc; path = MJRefreshConst.m; sourceTree = "<group>"; };
		617385331B63CD5200E8F285 /* MJRefreshFooterView.h */ = {isa = PBXFileReference; fileEncoding = 4; lastKnownFileType = sourcecode.c.h; path = MJRefreshFooterView.h; sourceTree = "<group>"; };
		617385341B63CD5200E8F285 /* MJRefreshFooterView.m */ = {isa = PBXFileReference; fileEncoding = 4; lastKnownFileType = sourcecode.c.objc; path = MJRefreshFooterView.m; sourceTree = "<group>"; };
		617385351B63CD5200E8F285 /* MJRefreshHeaderView.h */ = {isa = PBXFileReference; fileEncoding = 4; lastKnownFileType = sourcecode.c.h; path = MJRefreshHeaderView.h; sourceTree = "<group>"; };
		617385361B63CD5200E8F285 /* MJRefreshHeaderView.m */ = {isa = PBXFileReference; fileEncoding = 4; lastKnownFileType = sourcecode.c.objc; path = MJRefreshHeaderView.m; sourceTree = "<group>"; };
		617385371B63CD5200E8F285 /* UIScrollView+MJExtension.h */ = {isa = PBXFileReference; fileEncoding = 4; lastKnownFileType = sourcecode.c.h; path = "UIScrollView+MJExtension.h"; sourceTree = "<group>"; };
		617385381B63CD5200E8F285 /* UIScrollView+MJExtension.m */ = {isa = PBXFileReference; fileEncoding = 4; lastKnownFileType = sourcecode.c.objc; path = "UIScrollView+MJExtension.m"; sourceTree = "<group>"; };
		617385391B63CD5200E8F285 /* UIScrollView+MJRefresh.h */ = {isa = PBXFileReference; fileEncoding = 4; lastKnownFileType = sourcecode.c.h; path = "UIScrollView+MJRefresh.h"; sourceTree = "<group>"; };
		6173853A1B63CD5200E8F285 /* UIScrollView+MJRefresh.m */ = {isa = PBXFileReference; fileEncoding = 4; lastKnownFileType = sourcecode.c.objc; path = "UIScrollView+MJRefresh.m"; sourceTree = "<group>"; };
		6173853B1B63CD5200E8F285 /* UIView+MJExtension.h */ = {isa = PBXFileReference; fileEncoding = 4; lastKnownFileType = sourcecode.c.h; path = "UIView+MJExtension.h"; sourceTree = "<group>"; };
		6173853C1B63CD5200E8F285 /* UIView+MJExtension.m */ = {isa = PBXFileReference; fileEncoding = 4; lastKnownFileType = sourcecode.c.objc; path = "UIView+MJExtension.m"; sourceTree = "<group>"; };
		617385451B63DD0200E8F285 /* Foundation+Log.m */ = {isa = PBXFileReference; fileEncoding = 4; lastKnownFileType = sourcecode.c.objc; path = "Foundation+Log.m"; sourceTree = "<group>"; };
		61738C271B6273D80052B7AA /* AFHTTPRequestOperation.h */ = {isa = PBXFileReference; fileEncoding = 4; lastKnownFileType = sourcecode.c.h; path = AFHTTPRequestOperation.h; sourceTree = "<group>"; };
		61738C281B6273D80052B7AA /* AFHTTPRequestOperation.m */ = {isa = PBXFileReference; fileEncoding = 4; lastKnownFileType = sourcecode.c.objc; path = AFHTTPRequestOperation.m; sourceTree = "<group>"; };
		61738C291B6273D80052B7AA /* AFHTTPRequestOperationManager.h */ = {isa = PBXFileReference; fileEncoding = 4; lastKnownFileType = sourcecode.c.h; path = AFHTTPRequestOperationManager.h; sourceTree = "<group>"; };
		61738C2A1B6273D80052B7AA /* AFHTTPRequestOperationManager.m */ = {isa = PBXFileReference; fileEncoding = 4; lastKnownFileType = sourcecode.c.objc; path = AFHTTPRequestOperationManager.m; sourceTree = "<group>"; };
		61738C2B1B6273D80052B7AA /* AFHTTPSessionManager.h */ = {isa = PBXFileReference; fileEncoding = 4; lastKnownFileType = sourcecode.c.h; path = AFHTTPSessionManager.h; sourceTree = "<group>"; };
		61738C2C1B6273D80052B7AA /* AFHTTPSessionManager.m */ = {isa = PBXFileReference; fileEncoding = 4; lastKnownFileType = sourcecode.c.objc; path = AFHTTPSessionManager.m; sourceTree = "<group>"; };
		61738C2D1B6273D80052B7AA /* AFNetworking.h */ = {isa = PBXFileReference; fileEncoding = 4; lastKnownFileType = sourcecode.c.h; path = AFNetworking.h; sourceTree = "<group>"; };
		61738C2E1B6273D80052B7AA /* AFNetworkReachabilityManager.h */ = {isa = PBXFileReference; fileEncoding = 4; lastKnownFileType = sourcecode.c.h; path = AFNetworkReachabilityManager.h; sourceTree = "<group>"; };
		61738C2F1B6273D80052B7AA /* AFNetworkReachabilityManager.m */ = {isa = PBXFileReference; fileEncoding = 4; lastKnownFileType = sourcecode.c.objc; path = AFNetworkReachabilityManager.m; sourceTree = "<group>"; };
		61738C301B6273D80052B7AA /* AFSecurityPolicy.h */ = {isa = PBXFileReference; fileEncoding = 4; lastKnownFileType = sourcecode.c.h; path = AFSecurityPolicy.h; sourceTree = "<group>"; };
		61738C311B6273D80052B7AA /* AFSecurityPolicy.m */ = {isa = PBXFileReference; fileEncoding = 4; lastKnownFileType = sourcecode.c.objc; path = AFSecurityPolicy.m; sourceTree = "<group>"; };
		61738C321B6273D80052B7AA /* AFURLConnectionOperation.h */ = {isa = PBXFileReference; fileEncoding = 4; lastKnownFileType = sourcecode.c.h; path = AFURLConnectionOperation.h; sourceTree = "<group>"; };
		61738C331B6273D80052B7AA /* AFURLConnectionOperation.m */ = {isa = PBXFileReference; fileEncoding = 4; lastKnownFileType = sourcecode.c.objc; path = AFURLConnectionOperation.m; sourceTree = "<group>"; };
		61738C341B6273D80052B7AA /* AFURLRequestSerialization.h */ = {isa = PBXFileReference; fileEncoding = 4; lastKnownFileType = sourcecode.c.h; path = AFURLRequestSerialization.h; sourceTree = "<group>"; };
		61738C351B6273D80052B7AA /* AFURLRequestSerialization.m */ = {isa = PBXFileReference; fileEncoding = 4; lastKnownFileType = sourcecode.c.objc; path = AFURLRequestSerialization.m; sourceTree = "<group>"; };
		61738C361B6273D80052B7AA /* AFURLResponseSerialization.h */ = {isa = PBXFileReference; fileEncoding = 4; lastKnownFileType = sourcecode.c.h; path = AFURLResponseSerialization.h; sourceTree = "<group>"; };
		61738C371B6273D80052B7AA /* AFURLResponseSerialization.m */ = {isa = PBXFileReference; fileEncoding = 4; lastKnownFileType = sourcecode.c.objc; path = AFURLResponseSerialization.m; sourceTree = "<group>"; };
		61738C381B6273D80052B7AA /* AFURLSessionManager.h */ = {isa = PBXFileReference; fileEncoding = 4; lastKnownFileType = sourcecode.c.h; path = AFURLSessionManager.h; sourceTree = "<group>"; };
		61738C391B6273D80052B7AA /* AFURLSessionManager.m */ = {isa = PBXFileReference; fileEncoding = 4; lastKnownFileType = sourcecode.c.objc; path = AFURLSessionManager.m; sourceTree = "<group>"; };
		61738C3B1B6273D80052B7AA /* MBProgressHUD+MJ.h */ = {isa = PBXFileReference; fileEncoding = 4; lastKnownFileType = sourcecode.c.h; path = "MBProgressHUD+MJ.h"; sourceTree = "<group>"; };
		61738C3C1B6273D80052B7AA /* MBProgressHUD+MJ.m */ = {isa = PBXFileReference; fileEncoding = 4; lastKnownFileType = sourcecode.c.objc; path = "MBProgressHUD+MJ.m"; sourceTree = "<group>"; };
		61738C3D1B6273D80052B7AA /* MBProgressHUD.bundle */ = {isa = PBXFileReference; lastKnownFileType = "wrapper.plug-in"; path = MBProgressHUD.bundle; sourceTree = "<group>"; };
		61738C3E1B6273D80052B7AA /* MBProgressHUD.h */ = {isa = PBXFileReference; fileEncoding = 4; lastKnownFileType = sourcecode.c.h; path = MBProgressHUD.h; sourceTree = "<group>"; };
		61738C3F1B6273D80052B7AA /* MBProgressHUD.m */ = {isa = PBXFileReference; fileEncoding = 4; lastKnownFileType = sourcecode.c.objc; path = MBProgressHUD.m; sourceTree = "<group>"; };
		61738C411B6273D80052B7AA /* MJArgument.h */ = {isa = PBXFileReference; fileEncoding = 4; lastKnownFileType = sourcecode.c.h; path = MJArgument.h; sourceTree = "<group>"; };
		61738C421B6273D80052B7AA /* MJArgument.m */ = {isa = PBXFileReference; fileEncoding = 4; lastKnownFileType = sourcecode.c.objc; path = MJArgument.m; sourceTree = "<group>"; };
		61738C431B6273D80052B7AA /* MJExtension.h */ = {isa = PBXFileReference; fileEncoding = 4; lastKnownFileType = sourcecode.c.h; path = MJExtension.h; sourceTree = "<group>"; };
		61738C441B6273D80052B7AA /* MJIvar.h */ = {isa = PBXFileReference; fileEncoding = 4; lastKnownFileType = sourcecode.c.h; path = MJIvar.h; sourceTree = "<group>"; };
		61738C451B6273D80052B7AA /* MJIvar.m */ = {isa = PBXFileReference; fileEncoding = 4; lastKnownFileType = sourcecode.c.objc; path = MJIvar.m; sourceTree = "<group>"; };
		61738C461B6273D80052B7AA /* MJMember.h */ = {isa = PBXFileReference; fileEncoding = 4; lastKnownFileType = sourcecode.c.h; path = MJMember.h; sourceTree = "<group>"; };
		61738C471B6273D80052B7AA /* MJMember.m */ = {isa = PBXFileReference; fileEncoding = 4; lastKnownFileType = sourcecode.c.objc; path = MJMember.m; sourceTree = "<group>"; };
		61738C481B6273D80052B7AA /* MJMethod.h */ = {isa = PBXFileReference; fileEncoding = 4; lastKnownFileType = sourcecode.c.h; path = MJMethod.h; sourceTree = "<group>"; };
		61738C491B6273D80052B7AA /* MJMethod.m */ = {isa = PBXFileReference; fileEncoding = 4; lastKnownFileType = sourcecode.c.objc; path = MJMethod.m; sourceTree = "<group>"; };
		61738C4A1B6273D80052B7AA /* MJType.h */ = {isa = PBXFileReference; fileEncoding = 4; lastKnownFileType = sourcecode.c.h; path = MJType.h; sourceTree = "<group>"; };
		61738C4B1B6273D80052B7AA /* MJType.m */ = {isa = PBXFileReference; fileEncoding = 4; lastKnownFileType = sourcecode.c.objc; path = MJType.m; sourceTree = "<group>"; };
		61738C4C1B6273D80052B7AA /* MJTypeEncoding.h */ = {isa = PBXFileReference; fileEncoding = 4; lastKnownFileType = sourcecode.c.h; path = MJTypeEncoding.h; sourceTree = "<group>"; };
		61738C4D1B6273D80052B7AA /* MJTypeEncoding.m */ = {isa = PBXFileReference; fileEncoding = 4; lastKnownFileType = sourcecode.c.objc; path = MJTypeEncoding.m; sourceTree = "<group>"; };
		61738C4E1B6273D80052B7AA /* NSObject+MJCoding.h */ = {isa = PBXFileReference; fileEncoding = 4; lastKnownFileType = sourcecode.c.h; path = "NSObject+MJCoding.h"; sourceTree = "<group>"; };
		61738C4F1B6273D80052B7AA /* NSObject+MJCoding.m */ = {isa = PBXFileReference; fileEncoding = 4; lastKnownFileType = sourcecode.c.objc; path = "NSObject+MJCoding.m"; sourceTree = "<group>"; };
		61738C501B6273D80052B7AA /* NSObject+MJKeyValue.h */ = {isa = PBXFileReference; fileEncoding = 4; lastKnownFileType = sourcecode.c.h; path = "NSObject+MJKeyValue.h"; sourceTree = "<group>"; };
		61738C511B6273D80052B7AA /* NSObject+MJKeyValue.m */ = {isa = PBXFileReference; fileEncoding = 4; lastKnownFileType = sourcecode.c.objc; path = "NSObject+MJKeyValue.m"; sourceTree = "<group>"; };
		61738C521B6273D80052B7AA /* NSObject+MJMember.h */ = {isa = PBXFileReference; fileEncoding = 4; lastKnownFileType = sourcecode.c.h; path = "NSObject+MJMember.h"; sourceTree = "<group>"; };
		61738C531B6273D80052B7AA /* NSObject+MJMember.m */ = {isa = PBXFileReference; fileEncoding = 4; lastKnownFileType = sourcecode.c.objc; path = "NSObject+MJMember.m"; sourceTree = "<group>"; };
		617513241B763E55008F6CD7 /* XWStatusPhotosView.h */ = {isa = PBXFileReference; fileEncoding = 4; lastKnownFileType = sourcecode.c.h; path = XWStatusPhotosView.h; sourceTree = "<group>"; };
		617513251B763E55008F6CD7 /* XWStatusPhotosView.m */ = {isa = PBXFileReference; fileEncoding = 4; lastKnownFileType = sourcecode.c.objc; path = XWStatusPhotosView.m; sourceTree = "<group>"; };
		617513271B763E75008F6CD7 /* XWStatusPhotoView.h */ = {isa = PBXFileReference; fileEncoding = 4; lastKnownFileType = sourcecode.c.h; name = XWStatusPhotoView.h; path = toolBarView/XWStatusPhotoView.h; sourceTree = "<group>"; };
		617513281B763E75008F6CD7 /* XWStatusPhotoView.m */ = {isa = PBXFileReference; fileEncoding = 4; lastKnownFileType = sourcecode.c.objc; name = XWStatusPhotoView.m; path = toolBarView/XWStatusPhotoView.m; sourceTree = "<group>"; };
		617B2C161B50B8B200ACEE0C /* AppDelegate.h */ = {isa = PBXFileReference; fileEncoding = 4; lastKnownFileType = sourcecode.c.h; path = AppDelegate.h; sourceTree = "<group>"; };
		617B2C171B50B8B200ACEE0C /* AppDelegate.m */ = {isa = PBXFileReference; fileEncoding = 4; lastKnownFileType = sourcecode.c.objc; path = AppDelegate.m; sourceTree = "<group>"; };
		617B2C1B1B50BB0D00ACEE0C /* XWMsgTableViewController.h */ = {isa = PBXFileReference; fileEncoding = 4; lastKnownFileType = sourcecode.c.h; path = XWMsgTableViewController.h; sourceTree = "<group>"; };
		617B2C1C1B50BB0D00ACEE0C /* XWMsgTableViewController.m */ = {isa = PBXFileReference; fileEncoding = 4; lastKnownFileType = sourcecode.c.objc; path = XWMsgTableViewController.m; sourceTree = "<group>"; };
		617B2C211B50F84200ACEE0C /* XWHomeTableViewController.h */ = {isa = PBXFileReference; fileEncoding = 4; lastKnownFileType = sourcecode.c.h; path = XWHomeTableViewController.h; sourceTree = "<group>"; };
		617B2C221B50F84200ACEE0C /* XWHomeTableViewController.m */ = {isa = PBXFileReference; fileEncoding = 4; lastKnownFileType = sourcecode.c.objc; path = XWHomeTableViewController.m; sourceTree = "<group>"; };
		617B2C241B51057F00ACEE0C /* UIBarButtonItem+Extension.h */ = {isa = PBXFileReference; fileEncoding = 4; lastKnownFileType = sourcecode.c.h; path = "UIBarButtonItem+Extension.h"; sourceTree = "<group>"; };
		617B2C251B51057F00ACEE0C /* UIBarButtonItem+Extension.m */ = {isa = PBXFileReference; fileEncoding = 4; lastKnownFileType = sourcecode.c.objc; path = "UIBarButtonItem+Extension.m"; sourceTree = "<group>"; };
		617B2C271B514B6F00ACEE0C /* XWMeTableViewController.h */ = {isa = PBXFileReference; fileEncoding = 4; lastKnownFileType = sourcecode.c.h; path = XWMeTableViewController.h; sourceTree = "<group>"; };
		617B2C281B514B6F00ACEE0C /* XWMeTableViewController.m */ = {isa = PBXFileReference; fileEncoding = 4; lastKnownFileType = sourcecode.c.objc; path = XWMeTableViewController.m; sourceTree = "<group>"; };
		618A048C1B56867300266683 /* XW新浪微博-Prefix.pch */ = {isa = PBXFileReference; lastKnownFileType = sourcecode.c.h; path = "XW新浪微博-Prefix.pch"; sourceTree = "<group>"; };
		618A048E1B5699D600266683 /* XWAccount.h */ = {isa = PBXFileReference; fileEncoding = 4; lastKnownFileType = sourcecode.c.h; path = XWAccount.h; sourceTree = "<group>"; };
		618A048F1B5699D600266683 /* XWAccount.m */ = {isa = PBXFileReference; fileEncoding = 4; lastKnownFileType = sourcecode.c.objc; path = XWAccount.m; sourceTree = "<group>"; };
		618CDC031B7CCDEF001E834B /* XWInputEmotionView.h */ = {isa = PBXFileReference; fileEncoding = 4; lastKnownFileType = sourcecode.c.h; path = XWInputEmotionView.h; sourceTree = "<group>"; };
		618CDC041B7CCDEF001E834B /* XWInputEmotionView.m */ = {isa = PBXFileReference; fileEncoding = 4; lastKnownFileType = sourcecode.c.objc; path = XWInputEmotionView.m; sourceTree = "<group>"; };
		618CDC061B7CD152001E834B /* XWEmotionListView.h */ = {isa = PBXFileReference; fileEncoding = 4; lastKnownFileType = sourcecode.c.h; path = XWEmotionListView.h; sourceTree = "<group>"; };
		618CDC071B7CD152001E834B /* XWEmotionListView.m */ = {isa = PBXFileReference; fileEncoding = 4; lastKnownFileType = sourcecode.c.objc; path = XWEmotionListView.m; sourceTree = "<group>"; };
		619464151B6FAFF900D90C72 /* NSDate+MJ.h */ = {isa = PBXFileReference; fileEncoding = 4; lastKnownFileType = sourcecode.c.h; path = "NSDate+MJ.h"; sourceTree = "<group>"; };
		619464161B6FAFF900D90C72 /* NSDate+MJ.m */ = {isa = PBXFileReference; fileEncoding = 4; lastKnownFileType = sourcecode.c.objc; path = "NSDate+MJ.m"; sourceTree = "<group>"; };
		619CA1D31B5E7DD80090DC0E /* XWInputToolBar.h */ = {isa = PBXFileReference; fileEncoding = 4; lastKnownFileType = sourcecode.c.h; path = XWInputToolBar.h; sourceTree = "<group>"; };
		619CA1D41B5E7DD80090DC0E /* XWInputToolBar.m */ = {isa = PBXFileReference; fileEncoding = 4; lastKnownFileType = sourcecode.c.objc; path = XWInputToolBar.m; sourceTree = "<group>"; };
		619CB8EB1B6655EB00016A06 /* XWHomeStatusPara.h */ = {isa = PBXFileReference; fileEncoding = 4; lastKnownFileType = sourcecode.c.h; path = XWHomeStatusPara.h; sourceTree = "<group>"; };
		619CB8EC1B6655EB00016A06 /* XWHomeStatusPara.m */ = {isa = PBXFileReference; fileEncoding = 4; lastKnownFileType = sourcecode.c.objc; path = XWHomeStatusPara.m; sourceTree = "<group>"; };
		619CB8EE1B6657D800016A06 /* XWHomeStatusResult.h */ = {isa = PBXFileReference; fileEncoding = 4; lastKnownFileType = sourcecode.c.h; path = XWHomeStatusResult.h; sourceTree = "<group>"; };
		619CB8EF1B6657D800016A06 /* XWHomeStatusResult.m */ = {isa = PBXFileReference; fileEncoding = 4; lastKnownFileType = sourcecode.c.objc; path = XWHomeStatusResult.m; sourceTree = "<group>"; };
		619CB8F11B665AEC00016A06 /* XWHomeStatusTool.h */ = {isa = PBXFileReference; fileEncoding = 4; lastKnownFileType = sourcecode.c.h; path = XWHomeStatusTool.h; sourceTree = "<group>"; };
		619CB8F21B665AEC00016A06 /* XWHomeStatusTool.m */ = {isa = PBXFileReference; fileEncoding = 4; lastKnownFileType = sourcecode.c.objc; path = XWHomeStatusTool.m; sourceTree = "<group>"; };
		619CB8F41B66757200016A06 /* XWUserInfoTool.h */ = {isa = PBXFileReference; fileEncoding = 4; lastKnownFileType = sourcecode.c.h; path = XWUserInfoTool.h; sourceTree = "<group>"; };
		619CB8F51B66757200016A06 /* XWUserInfoTool.m */ = {isa = PBXFileReference; fileEncoding = 4; lastKnownFileType = sourcecode.c.objc; path = XWUserInfoTool.m; sourceTree = "<group>"; };
		619CB8F71B6675CE00016A06 /* XWUserInfoPara.h */ = {isa = PBXFileReference; fileEncoding = 4; lastKnownFileType = sourcecode.c.h; path = XWUserInfoPara.h; sourceTree = "<group>"; };
		619CB8F81B6675CE00016A06 /* XWUserInfoPara.m */ = {isa = PBXFileReference; fileEncoding = 4; lastKnownFileType = sourcecode.c.objc; path = XWUserInfoPara.m; sourceTree = "<group>"; };
		61A0A63D1B67B15A00E48C1D /* XWUnreadCountPara.h */ = {isa = PBXFileReference; fileEncoding = 4; lastKnownFileType = sourcecode.c.h; path = XWUnreadCountPara.h; sourceTree = "<group>"; };
		61A0A63E1B67B15A00E48C1D /* XWUnreadCountPara.m */ = {isa = PBXFileReference; fileEncoding = 4; lastKnownFileType = sourcecode.c.objc; path = XWUnreadCountPara.m; sourceTree = "<group>"; };
		61A0A6401B67B1D900E48C1D /* XWUnreadCountResult.h */ = {isa = PBXFileReference; fileEncoding = 4; lastKnownFileType = sourcecode.c.h; path = XWUnreadCountResult.h; sourceTree = "<group>"; };
		61A0A6411B67B1D900E48C1D /* XWUnreadCountResult.m */ = {isa = PBXFileReference; fileEncoding = 4; lastKnownFileType = sourcecode.c.objc; path = XWUnreadCountResult.m; sourceTree = "<group>"; };
		61A0A6431B67B2D100E48C1D /* XWGetUnreadTool.h */ = {isa = PBXFileReference; fileEncoding = 4; lastKnownFileType = sourcecode.c.h; path = XWGetUnreadTool.h; sourceTree = "<group>"; };
		61A0A6441B67B2D100E48C1D /* XWGetUnreadTool.m */ = {isa = PBXFileReference; fileEncoding = 4; lastKnownFileType = sourcecode.c.objc; path = XWGetUnreadTool.m; sourceTree = "<group>"; };
		61A1085A1B520A2A00A15E88 /* XWDiscoverTableViewController.h */ = {isa = PBXFileReference; fileEncoding = 4; lastKnownFileType = sourcecode.c.h; path = XWDiscoverTableViewController.h; sourceTree = "<group>"; };
		61A1085B1B520A2A00A15E88 /* XWDiscoverTableViewController.m */ = {isa = PBXFileReference; fileEncoding = 4; lastKnownFileType = sourcecode.c.objc; path = XWDiscoverTableViewController.m; sourceTree = "<group>"; };
		61A1085D1B52100000A15E88 /* UIImage+resizable.h */ = {isa = PBXFileReference; fileEncoding = 4; lastKnownFileType = sourcecode.c.h; name = "UIImage+resizable.h"; path = "../UIImage+resizable.h"; sourceTree = "<group>"; };
		61A1085E1B52100000A15E88 /* UIImage+resizable.m */ = {isa = PBXFileReference; fileEncoding = 4; lastKnownFileType = sourcecode.c.objc; name = "UIImage+resizable.m"; path = "../UIImage+resizable.m"; sourceTree = "<group>"; };
		61A108611B524C7B00A15E88 /* XWSearchBar.h */ = {isa = PBXFileReference; fileEncoding = 4; lastKnownFileType = sourcecode.c.h; path = XWSearchBar.h; sourceTree = "<group>"; };
		61A108621B524C7B00A15E88 /* XWSearchBar.m */ = {isa = PBXFileReference; fileEncoding = 4; lastKnownFileType = sourcecode.c.objc; path = XWSearchBar.m; sourceTree = "<group>"; };
		61A108641B52545400A15E88 /* XWHomeTitleButton.h */ = {isa = PBXFileReference; fileEncoding = 4; lastKnownFileType = sourcecode.c.h; path = XWHomeTitleButton.h; sourceTree = "<group>"; };
		61A108651B52545400A15E88 /* XWHomeTitleButton.m */ = {isa = PBXFileReference; fileEncoding = 4; lastKnownFileType = sourcecode.c.objc; path = XWHomeTitleButton.m; sourceTree = "<group>"; };
		61A44B211B7EE11A0093E9F2 /* XWDiscoverCell.h */ = {isa = PBXFileReference; fileEncoding = 4; lastKnownFileType = sourcecode.c.h; name = XWDiscoverCell.h; path = ../model/XWDiscoverCell.h; sourceTree = "<group>"; };
		61A44B221B7EE11A0093E9F2 /* XWDiscoverCell.m */ = {isa = PBXFileReference; fileEncoding = 4; lastKnownFileType = sourcecode.c.objc; name = XWDiscoverCell.m; path = ../model/XWDiscoverCell.m; sourceTree = "<group>"; };
		61A44B241B7F2F200093E9F2 /* UIView+Extension.h */ = {isa = PBXFileReference; fileEncoding = 4; lastKnownFileType = sourcecode.c.h; path = "UIView+Extension.h"; sourceTree = "<group>"; };
		61A44B251B7F2F200093E9F2 /* UIView+Extension.m */ = {isa = PBXFileReference; fileEncoding = 4; lastKnownFileType = sourcecode.c.objc; path = "UIView+Extension.m"; sourceTree = "<group>"; };
		61A4F9951B6C725D0047917C /* NSString+XWCacularTextSizeExtension.h */ = {isa = PBXFileReference; fileEncoding = 4; lastKnownFileType = sourcecode.c.h; path = "NSString+XWCacularTextSizeExtension.h"; sourceTree = "<group>"; };
		61A4F9961B6C725D0047917C /* NSString+XWCacularTextSizeExtension.m */ = {isa = PBXFileReference; fileEncoding = 4; lastKnownFileType = sourcecode.c.objc; path = "NSString+XWCacularTextSizeExtension.m"; sourceTree = "<group>"; };
		61ABB8451B69074A00581D8E /* XWOriginalView.h */ = {isa = PBXFileReference; fileEncoding = 4; lastKnownFileType = sourcecode.c.h; path = XWOriginalView.h; sourceTree = "<group>"; };
		61ABB8461B69074A00581D8E /* XWOriginalView.m */ = {isa = PBXFileReference; fileEncoding = 4; lastKnownFileType = sourcecode.c.objc; path = XWOriginalView.m; sourceTree = "<group>"; };
		61ABB8471B69074A00581D8E /* XWRetweetView.h */ = {isa = PBXFileReference; fileEncoding = 4; lastKnownFileType = sourcecode.c.h; path = XWRetweetView.h; sourceTree = "<group>"; };
		61ABB8481B69074A00581D8E /* XWRetweetView.m */ = {isa = PBXFileReference; fileEncoding = 4; lastKnownFileType = sourcecode.c.objc; path = XWRetweetView.m; sourceTree = "<group>"; };
		61ABB8491B69074A00581D8E /* XWStatusDetailView.h */ = {isa = PBXFileReference; fileEncoding = 4; lastKnownFileType = sourcecode.c.h; path = XWStatusDetailView.h; sourceTree = "<group>"; };
		61ABB84A1B69074A00581D8E /* XWStatusDetailView.m */ = {isa = PBXFileReference; fileEncoding = 4; lastKnownFileType = sourcecode.c.objc; path = XWStatusDetailView.m; sourceTree = "<group>"; };
		61ABB84C1B69074A00581D8E /* XWToolBarView.h */ = {isa = PBXFileReference; fileEncoding = 4; lastKnownFileType = sourcecode.c.h; path = XWToolBarView.h; sourceTree = "<group>"; };
		61ABB84D1B69074A00581D8E /* XWToolBarView.m */ = {isa = PBXFileReference; fileEncoding = 4; lastKnownFileType = sourcecode.c.objc; path = XWToolBarView.m; sourceTree = "<group>"; };
		61ABB84E1B69074A00581D8E /* XWTableViewCell.h */ = {isa = PBXFileReference; fileEncoding = 4; lastKnownFileType = sourcecode.c.h; path = XWTableViewCell.h; sourceTree = "<group>"; };
		61ABB84F1B69074A00581D8E /* XWTableViewCell.m */ = {isa = PBXFileReference; fileEncoding = 4; lastKnownFileType = sourcecode.c.objc; path = XWTableViewCell.m; sourceTree = "<group>"; };
		61AE25EC1B6BA74E00865579 /* XWDetailFrame.h */ = {isa = PBXFileReference; fileEncoding = 4; lastKnownFileType = sourcecode.c.h; path = XWDetailFrame.h; sourceTree = "<group>"; };
		61AE25ED1B6BA74E00865579 /* XWDetailFrame.m */ = {isa = PBXFileReference; fileEncoding = 4; lastKnownFileType = sourcecode.c.objc; path = XWDetailFrame.m; sourceTree = "<group>"; };
		61AE31CD1B61278900E54AEA /* XWSelectImageView.h */ = {isa = PBXFileReference; fileEncoding = 4; lastKnownFileType = sourcecode.c.h; path = XWSelectImageView.h; sourceTree = "<group>"; };
		61AE31CE1B61278900E54AEA /* XWSelectImageView.m */ = {isa = PBXFileReference; fileEncoding = 4; lastKnownFileType = sourcecode.c.objc; path = XWSelectImageView.m; sourceTree = "<group>"; };
		61B579C81B4EB210002B6109 /* UIKit.framework */ = {isa = PBXFileReference; lastKnownFileType = wrapper.framework; name = UIKit.framework; path = System/Library/Frameworks/UIKit.framework; sourceTree = SDKROOT; };
		61BE27821B5D1AF50049D38C /* XWFooterView.h */ = {isa = PBXFileReference; fileEncoding = 4; lastKnownFileType = sourcecode.c.h; path = XWFooterView.h; sourceTree = "<group>"; };
		61BE27831B5D1AF50049D38C /* XWFooterView.m */ = {isa = PBXFileReference; fileEncoding = 4; lastKnownFileType = sourcecode.c.objc; path = XWFooterView.m; sourceTree = "<group>"; };
		61BE27891B5D240D0049D38C /* XWFooterView.xib */ = {isa = PBXFileReference; fileEncoding = 4; lastKnownFileType = file.xib; path = XWFooterView.xib; sourceTree = "<group>"; };
		61BE278D1B5D2DE20049D38C /* XWComposeViewController.h */ = {isa = PBXFileReference; fileEncoding = 4; lastKnownFileType = sourcecode.c.h; path = XWComposeViewController.h; sourceTree = "<group>"; };
		61BE278E1B5D2DE20049D38C /* XWComposeViewController.m */ = {isa = PBXFileReference; fileEncoding = 4; lastKnownFileType = sourcecode.c.objc; path = XWComposeViewController.m; sourceTree = "<group>"; };
		61BE27921B5D2E4E0049D38C /* XWsendWeiboTextView.h */ = {isa = PBXFileReference; fileEncoding = 4; lastKnownFileType = sourcecode.c.h; path = XWsendWeiboTextView.h; sourceTree = "<group>"; };
		61BE27931B5D2E4E0049D38C /* XWsendWeiboTextView.m */ = {isa = PBXFileReference; fileEncoding = 4; lastKnownFileType = sourcecode.c.objc; path = XWsendWeiboTextView.m; sourceTree = "<group>"; };
		61C530141B7E25FA00ACACBC /* XWDiscoverTableViewGroup.h */ = {isa = PBXFileReference; fileEncoding = 4; lastKnownFileType = sourcecode.c.h; path = XWDiscoverTableViewGroup.h; sourceTree = "<group>"; };
		61C530151B7E25FA00ACACBC /* XWDiscoverTableViewGroup.m */ = {isa = PBXFileReference; fileEncoding = 4; lastKnownFileType = sourcecode.c.objc; path = XWDiscoverTableViewGroup.m; sourceTree = "<group>"; };
		61C530171B7E261400ACACBC /* XWDiscoverTableViewItem.h */ = {isa = PBXFileReference; fileEncoding = 4; lastKnownFileType = sourcecode.c.h; path = XWDiscoverTableViewItem.h; sourceTree = "<group>"; };
		61C530181B7E261400ACACBC /* XWDiscoverTableViewItem.m */ = {isa = PBXFileReference; fileEncoding = 4; lastKnownFileType = sourcecode.c.objc; path = XWDiscoverTableViewItem.m; sourceTree = "<group>"; };
		61D1A4921B8206FA00690C2E /* XWStatusDetailTableViewController.h */ = {isa = PBXFileReference; fileEncoding = 4; lastKnownFileType = sourcecode.c.h; path = XWStatusDetailTableViewController.h; sourceTree = "<group>"; };
		61D1A4931B8206FA00690C2E /* XWStatusDetailTableViewController.m */ = {isa = PBXFileReference; fileEncoding = 4; lastKnownFileType = sourcecode.c.objc; path = XWStatusDetailTableViewController.m; sourceTree = "<group>"; };
		61D1A4951B821ECE00690C2E /* XWRetweetedToolBar.h */ = {isa = PBXFileReference; fileEncoding = 4; lastKnownFileType = sourcecode.c.h; path = XWRetweetedToolBar.h; sourceTree = "<group>"; };
		61D1A4961B821ECE00690C2E /* XWRetweetedToolBar.m */ = {isa = PBXFileReference; fileEncoding = 4; lastKnownFileType = sourcecode.c.objc; path = XWRetweetedToolBar.m; sourceTree = "<group>"; };
		61DFDAC41B627F9A00294B05 /* MKAnnotationView+WebCache.h */ = {isa = PBXFileReference; fileEncoding = 4; lastKnownFileType = sourcecode.c.h; path = "MKAnnotationView+WebCache.h"; sourceTree = "<group>"; };
		61DFDAC51B627F9A00294B05 /* MKAnnotationView+WebCache.m */ = {isa = PBXFileReference; fileEncoding = 4; lastKnownFileType = sourcecode.c.objc; path = "MKAnnotationView+WebCache.m"; sourceTree = "<group>"; };
		61DFDAC61B627F9A00294B05 /* NSData+ImageContentType.h */ = {isa = PBXFileReference; fileEncoding = 4; lastKnownFileType = sourcecode.c.h; path = "NSData+ImageContentType.h"; sourceTree = "<group>"; };
		61DFDAC71B627F9A00294B05 /* NSData+ImageContentType.m */ = {isa = PBXFileReference; fileEncoding = 4; lastKnownFileType = sourcecode.c.objc; path = "NSData+ImageContentType.m"; sourceTree = "<group>"; };
		61DFDAC81B627F9A00294B05 /* SDImageCache.h */ = {isa = PBXFileReference; fileEncoding = 4; lastKnownFileType = sourcecode.c.h; path = SDImageCache.h; sourceTree = "<group>"; };
		61DFDAC91B627F9A00294B05 /* SDImageCache.m */ = {isa = PBXFileReference; fileEncoding = 4; lastKnownFileType = sourcecode.c.objc; path = SDImageCache.m; sourceTree = "<group>"; };
		61DFDACA1B627F9A00294B05 /* SDWebImageCompat.h */ = {isa = PBXFileReference; fileEncoding = 4; lastKnownFileType = sourcecode.c.h; path = SDWebImageCompat.h; sourceTree = "<group>"; };
		61DFDACB1B627F9A00294B05 /* SDWebImageCompat.m */ = {isa = PBXFileReference; fileEncoding = 4; lastKnownFileType = sourcecode.c.objc; path = SDWebImageCompat.m; sourceTree = "<group>"; };
		61DFDACC1B627F9A00294B05 /* SDWebImageDecoder.h */ = {isa = PBXFileReference; fileEncoding = 4; lastKnownFileType = sourcecode.c.h; path = SDWebImageDecoder.h; sourceTree = "<group>"; };
		61DFDACD1B627F9A00294B05 /* SDWebImageDecoder.m */ = {isa = PBXFileReference; fileEncoding = 4; lastKnownFileType = sourcecode.c.objc; path = SDWebImageDecoder.m; sourceTree = "<group>"; };
		61DFDACE1B627F9A00294B05 /* SDWebImageDownloader.h */ = {isa = PBXFileReference; fileEncoding = 4; lastKnownFileType = sourcecode.c.h; path = SDWebImageDownloader.h; sourceTree = "<group>"; };
		61DFDACF1B627F9A00294B05 /* SDWebImageDownloader.m */ = {isa = PBXFileReference; fileEncoding = 4; lastKnownFileType = sourcecode.c.objc; path = SDWebImageDownloader.m; sourceTree = "<group>"; };
		61DFDAD01B627F9A00294B05 /* SDWebImageDownloaderOperation.h */ = {isa = PBXFileReference; fileEncoding = 4; lastKnownFileType = sourcecode.c.h; path = SDWebImageDownloaderOperation.h; sourceTree = "<group>"; };
		61DFDAD11B627F9A00294B05 /* SDWebImageDownloaderOperation.m */ = {isa = PBXFileReference; fileEncoding = 4; lastKnownFileType = sourcecode.c.objc; path = SDWebImageDownloaderOperation.m; sourceTree = "<group>"; };
		61DFDAD21B627F9A00294B05 /* SDWebImageManager.h */ = {isa = PBXFileReference; fileEncoding = 4; lastKnownFileType = sourcecode.c.h; path = SDWebImageManager.h; sourceTree = "<group>"; };
		61DFDAD31B627F9A00294B05 /* SDWebImageManager.m */ = {isa = PBXFileReference; fileEncoding = 4; lastKnownFileType = sourcecode.c.objc; path = SDWebImageManager.m; sourceTree = "<group>"; };
		61DFDAD41B627F9A00294B05 /* SDWebImageOperation.h */ = {isa = PBXFileReference; fileEncoding = 4; lastKnownFileType = sourcecode.c.h; path = SDWebImageOperation.h; sourceTree = "<group>"; };
		61DFDAD51B627F9A00294B05 /* SDWebImagePrefetcher.h */ = {isa = PBXFileReference; fileEncoding = 4; lastKnownFileType = sourcecode.c.h; path = SDWebImagePrefetcher.h; sourceTree = "<group>"; };
		61DFDAD61B627F9A00294B05 /* SDWebImagePrefetcher.m */ = {isa = PBXFileReference; fileEncoding = 4; lastKnownFileType = sourcecode.c.objc; path = SDWebImagePrefetcher.m; sourceTree = "<group>"; };
		61DFDAD71B627F9A00294B05 /* UIButton+WebCache.h */ = {isa = PBXFileReference; fileEncoding = 4; lastKnownFileType = sourcecode.c.h; path = "UIButton+WebCache.h"; sourceTree = "<group>"; };
		61DFDAD81B627F9A00294B05 /* UIButton+WebCache.m */ = {isa = PBXFileReference; fileEncoding = 4; lastKnownFileType = sourcecode.c.objc; path = "UIButton+WebCache.m"; sourceTree = "<group>"; };
		61DFDAD91B627F9A00294B05 /* UIImage+GIF.h */ = {isa = PBXFileReference; fileEncoding = 4; lastKnownFileType = sourcecode.c.h; path = "UIImage+GIF.h"; sourceTree = "<group>"; };
		61DFDADA1B627F9A00294B05 /* UIImage+GIF.m */ = {isa = PBXFileReference; fileEncoding = 4; lastKnownFileType = sourcecode.c.objc; path = "UIImage+GIF.m"; sourceTree = "<group>"; };
		61DFDADB1B627F9A00294B05 /* UIImage+MultiFormat.h */ = {isa = PBXFileReference; fileEncoding = 4; lastKnownFileType = sourcecode.c.h; path = "UIImage+MultiFormat.h"; sourceTree = "<group>"; };
		61DFDADC1B627F9A00294B05 /* UIImage+MultiFormat.m */ = {isa = PBXFileReference; fileEncoding = 4; lastKnownFileType = sourcecode.c.objc; path = "UIImage+MultiFormat.m"; sourceTree = "<group>"; };
		61DFDADD1B627F9A00294B05 /* UIImage+WebP.h */ = {isa = PBXFileReference; fileEncoding = 4; lastKnownFileType = sourcecode.c.h; path = "UIImage+WebP.h"; sourceTree = "<group>"; };
		61DFDADE1B627F9A00294B05 /* UIImage+WebP.m */ = {isa = PBXFileReference; fileEncoding = 4; lastKnownFileType = sourcecode.c.objc; path = "UIImage+WebP.m"; sourceTree = "<group>"; };
		61DFDADF1B627F9A00294B05 /* UIImageView+HighlightedWebCache.h */ = {isa = PBXFileReference; fileEncoding = 4; lastKnownFileType = sourcecode.c.h; path = "UIImageView+HighlightedWebCache.h"; sourceTree = "<group>"; };
		61DFDAE01B627F9A00294B05 /* UIImageView+HighlightedWebCache.m */ = {isa = PBXFileReference; fileEncoding = 4; lastKnownFileType = sourcecode.c.objc; path = "UIImageView+HighlightedWebCache.m"; sourceTree = "<group>"; };
		61DFDAE11B627F9A00294B05 /* UIImageView+WebCache.h */ = {isa = PBXFileReference; fileEncoding = 4; lastKnownFileType = sourcecode.c.h; path = "UIImageView+WebCache.h"; sourceTree = "<group>"; };
		61DFDAE21B627F9A00294B05 /* UIImageView+WebCache.m */ = {isa = PBXFileReference; fileEncoding = 4; lastKnownFileType = sourcecode.c.objc; path = "UIImageView+WebCache.m"; sourceTree = "<group>"; };
		61DFDAE31B627F9A00294B05 /* UIView+WebCacheOperation.h */ = {isa = PBXFileReference; fileEncoding = 4; lastKnownFileType = sourcecode.c.h; path = "UIView+WebCacheOperation.h"; sourceTree = "<group>"; };
		61DFDAE41B627F9A00294B05 /* UIView+WebCacheOperation.m */ = {isa = PBXFileReference; fileEncoding = 4; lastKnownFileType = sourcecode.c.objc; path = "UIView+WebCacheOperation.m"; sourceTree = "<group>"; };
/* End PBXFileReference section */

/* Begin PBXFrameworksBuildPhase section */
		611017CD1B4D4A2800C143AC /* Frameworks */ = {
			isa = PBXFrameworksBuildPhase;
			buildActionMask = 2147483647;
			files = (
				61B579C91B4EB210002B6109 /* UIKit.framework in Frameworks */,
			);
			runOnlyForDeploymentPostprocessing = 0;
		};
		611017E61B4D4A2800C143AC /* Frameworks */ = {
			isa = PBXFrameworksBuildPhase;
			buildActionMask = 2147483647;
			files = (
			);
			runOnlyForDeploymentPostprocessing = 0;
		};
/* End PBXFrameworksBuildPhase section */

/* Begin PBXGroup section */
		611017C71B4D4A2700C143AC = {
			isa = PBXGroup;
			children = (
				61B579C81B4EB210002B6109 /* UIKit.framework */,
				611017D21B4D4A2800C143AC /* XW新浪微博 */,
				611017EC1B4D4A2800C143AC /* XW新浪微博Tests */,
				611017D11B4D4A2800C143AC /* Products */,
			);
			sourceTree = "<group>";
		};
		611017D11B4D4A2800C143AC /* Products */ = {
			isa = PBXGroup;
			children = (
				611017D01B4D4A2800C143AC /* XW新浪微博.app */,
				611017E91B4D4A2800C143AC /* XW新浪微博Tests.xctest */,
			);
			name = Products;
			sourceTree = "<group>";
		};
		611017D21B4D4A2800C143AC /* XW新浪微博 */ = {
			isa = PBXGroup;
			children = (
				617B2BFF1B50B8B200ACEE0C /* Class */,
				611017E01B4D4A2800C143AC /* Images.xcassets */,
				611017E21B4D4A2800C143AC /* LaunchScreen.xib */,
				611017D31B4D4A2800C143AC /* Supporting Files */,
			);
			path = "XW新浪微博";
			sourceTree = "<group>";
		};
		611017D31B4D4A2800C143AC /* Supporting Files */ = {
			isa = PBXGroup;
			children = (
				611017F91B4D4B3A00C143AC /* Default@2x.png */,
				611017D41B4D4A2800C143AC /* Info.plist */,
				611017D51B4D4A2800C143AC /* main.m */,
			);
			name = "Supporting Files";
			sourceTree = "<group>";
		};
		611017EC1B4D4A2800C143AC /* XW新浪微博Tests */ = {
			isa = PBXGroup;
			children = (
				611017EF1B4D4A2800C143AC /* XW____Tests.m */,
				611017ED1B4D4A2800C143AC /* Supporting Files */,
			);
			path = "XW新浪微博Tests";
			sourceTree = "<group>";
		};
		611017ED1B4D4A2800C143AC /* Supporting Files */ = {
			isa = PBXGroup;
			children = (
				611017EE1B4D4A2800C143AC /* Info.plist */,
			);
			name = "Supporting Files";
			sourceTree = "<group>";
		};
		6153E45F1B6A71BE00EC50EE /* frame */ = {
			isa = PBXGroup;
			children = (
				6153E4601B6A71DD00EC50EE /* XWStatusFrame.h */,
				6153E4611B6A71DD00EC50EE /* XWStatusFrame.m */,
				61AE25EC1B6BA74E00865579 /* XWDetailFrame.h */,
				61AE25ED1B6BA74E00865579 /* XWDetailFrame.m */,
				6153E4631B6A71FD00EC50EE /* XWOriginalFrame.h */,
				6153E4641B6A71FD00EC50EE /* XWOriginalFrame.m */,
				6153E4661B6A720C00EC50EE /* XWRetweetFrame.h */,
				6153E4671B6A720C00EC50EE /* XWRetweetFrame.m */,
			);
			path = frame;
			sourceTree = "<group>";
		};
		61602D141B553FCF001B741A /* OAuth */ = {
			isa = PBXGroup;
			children = (
				61602D151B553FCF001B741A /* Controller */,
				61602D181B553FCF001B741A /* View */,
			);
			path = OAuth;
			sourceTree = "<group>";
		};
		61602D151B553FCF001B741A /* Controller */ = {
			isa = PBXGroup;
			children = (
				61602D161B553FCF001B741A /* XWOAuthViewController.h */,
				61602D171B553FCF001B741A /* XWOAuthViewController.m */,
			);
			path = Controller;
			sourceTree = "<group>";
		};
		61602D181B553FCF001B741A /* View */ = {
			isa = PBXGroup;
			children = (
			);
			path = View;
			sourceTree = "<group>";
		};
		61602D1A1B5549B6001B741A /* main */ = {
			isa = PBXGroup;
			children = (
				61738C251B6273D80052B7AA /* Libs */,
				618A048D1B5699BD00266683 /* model */,
				61602D1B1B5549B6001B741A /* controller */,
				61602D201B5549B6001B741A /* other */,
				61602D351B5549B6001B741A /* view */,
			);
			path = main;
			sourceTree = "<group>";
		};
		61602D1B1B5549B6001B741A /* controller */ = {
			isa = PBXGroup;
			children = (
				61602D1C1B5549B6001B741A /* XWNavigationController.h */,
				61602D1D1B5549B6001B741A /* XWNavigationController.m */,
				61602D1E1B5549B6001B741A /* XWTabBarViewController.h */,
				61602D1F1B5549B6001B741A /* XWTabBarViewController.m */,
			);
			path = controller;
			sourceTree = "<group>";
		};
		61602D201B5549B6001B741A /* other */ = {
			isa = PBXGroup;
			children = (
				61A0A63C1B67B14300E48C1D /* XWGetUnreadCount */,
				6112212F1B57E2F200EEC110 /* XWAccountTool.h */,
				611221301B57E2F200EEC110 /* XWAccountTool.m */,
				61148DEF1B6504DE00FC96D7 /* XWHttpTool.h */,
				61148DF01B6504DE00FC96D7 /* XWHttpTool.m */,
				619CB8F11B665AEC00016A06 /* XWHomeStatusTool.h */,
				619CB8F21B665AEC00016A06 /* XWHomeStatusTool.m */,
				619CB8F41B66757200016A06 /* XWUserInfoTool.h */,
				619CB8F51B66757200016A06 /* XWUserInfoTool.m */,
			);
			path = other;
			sourceTree = "<group>";
		};
		61602D351B5549B6001B741A /* view */ = {
			isa = PBXGroup;
			children = (
				61602D361B5549B6001B741A /* XWTabBar.h */,
				61602D371B5549B6001B741A /* XWTabBar.m */,
			);
			path = view;
			sourceTree = "<group>";
		};
		6173852C1B63CD5200E8F285 /* MJRefresh(上下拉刷新) */ = {
			isa = PBXGroup;
			children = (
				6173852D1B63CD5200E8F285 /* MJRefresh.bundle */,
				6173852E1B63CD5200E8F285 /* MJRefresh.h */,
				6173852F1B63CD5200E8F285 /* MJRefreshBaseView.h */,
				617385301B63CD5200E8F285 /* MJRefreshBaseView.m */,
				617385311B63CD5200E8F285 /* MJRefreshConst.h */,
				617385321B63CD5200E8F285 /* MJRefreshConst.m */,
				617385331B63CD5200E8F285 /* MJRefreshFooterView.h */,
				617385341B63CD5200E8F285 /* MJRefreshFooterView.m */,
				617385351B63CD5200E8F285 /* MJRefreshHeaderView.h */,
				617385361B63CD5200E8F285 /* MJRefreshHeaderView.m */,
				617385371B63CD5200E8F285 /* UIScrollView+MJExtension.h */,
				617385381B63CD5200E8F285 /* UIScrollView+MJExtension.m */,
				617385391B63CD5200E8F285 /* UIScrollView+MJRefresh.h */,
				6173853A1B63CD5200E8F285 /* UIScrollView+MJRefresh.m */,
				6173853B1B63CD5200E8F285 /* UIView+MJExtension.h */,
				6173853C1B63CD5200E8F285 /* UIView+MJExtension.m */,
			);
			path = "MJRefresh(上下拉刷新)";
			sourceTree = "<group>";
		};
		61738C251B6273D80052B7AA /* Libs */ = {
			isa = PBXGroup;
			children = (
				617385451B63DD0200E8F285 /* Foundation+Log.m */,
				6173852C1B63CD5200E8F285 /* MJRefresh(上下拉刷新) */,
				61DFDAC31B627F9A00294B05 /* SDWebImage */,
				61738C261B6273D80052B7AA /* AFNetworking */,
				61738C3A1B6273D80052B7AA /* MBProgressHUD */,
				61738C401B6273D80052B7AA /* MJExtension */,
				61A4F9951B6C725D0047917C /* NSString+XWCacularTextSizeExtension.h */,
				61A4F9961B6C725D0047917C /* NSString+XWCacularTextSizeExtension.m */,
			);
			path = Libs;
			sourceTree = "<group>";
		};
		61738C261B6273D80052B7AA /* AFNetworking */ = {
			isa = PBXGroup;
			children = (
				61738C271B6273D80052B7AA /* AFHTTPRequestOperation.h */,
				61738C281B6273D80052B7AA /* AFHTTPRequestOperation.m */,
				61738C291B6273D80052B7AA /* AFHTTPRequestOperationManager.h */,
				61738C2A1B6273D80052B7AA /* AFHTTPRequestOperationManager.m */,
				61738C2B1B6273D80052B7AA /* AFHTTPSessionManager.h */,
				61738C2C1B6273D80052B7AA /* AFHTTPSessionManager.m */,
				61738C2D1B6273D80052B7AA /* AFNetworking.h */,
				61738C2E1B6273D80052B7AA /* AFNetworkReachabilityManager.h */,
				61738C2F1B6273D80052B7AA /* AFNetworkReachabilityManager.m */,
				61738C301B6273D80052B7AA /* AFSecurityPolicy.h */,
				61738C311B6273D80052B7AA /* AFSecurityPolicy.m */,
				61738C321B6273D80052B7AA /* AFURLConnectionOperation.h */,
				61738C331B6273D80052B7AA /* AFURLConnectionOperation.m */,
				61738C341B6273D80052B7AA /* AFURLRequestSerialization.h */,
				61738C351B6273D80052B7AA /* AFURLRequestSerialization.m */,
				61738C361B6273D80052B7AA /* AFURLResponseSerialization.h */,
				61738C371B6273D80052B7AA /* AFURLResponseSerialization.m */,
				61738C381B6273D80052B7AA /* AFURLSessionManager.h */,
				61738C391B6273D80052B7AA /* AFURLSessionManager.m */,
			);
			path = AFNetworking;
			sourceTree = "<group>";
		};
		61738C3A1B6273D80052B7AA /* MBProgressHUD */ = {
			isa = PBXGroup;
			children = (
				61738C3B1B6273D80052B7AA /* MBProgressHUD+MJ.h */,
				61738C3C1B6273D80052B7AA /* MBProgressHUD+MJ.m */,
				61738C3D1B6273D80052B7AA /* MBProgressHUD.bundle */,
				61738C3E1B6273D80052B7AA /* MBProgressHUD.h */,
				61738C3F1B6273D80052B7AA /* MBProgressHUD.m */,
			);
			path = MBProgressHUD;
			sourceTree = "<group>";
		};
		61738C401B6273D80052B7AA /* MJExtension */ = {
			isa = PBXGroup;
			children = (
				61738C411B6273D80052B7AA /* MJArgument.h */,
				61738C421B6273D80052B7AA /* MJArgument.m */,
				61738C431B6273D80052B7AA /* MJExtension.h */,
				61738C441B6273D80052B7AA /* MJIvar.h */,
				61738C451B6273D80052B7AA /* MJIvar.m */,
				61738C461B6273D80052B7AA /* MJMember.h */,
				61738C471B6273D80052B7AA /* MJMember.m */,
				61738C481B6273D80052B7AA /* MJMethod.h */,
				61738C491B6273D80052B7AA /* MJMethod.m */,
				61738C4A1B6273D80052B7AA /* MJType.h */,
				61738C4B1B6273D80052B7AA /* MJType.m */,
				61738C4C1B6273D80052B7AA /* MJTypeEncoding.h */,
				61738C4D1B6273D80052B7AA /* MJTypeEncoding.m */,
				61738C4E1B6273D80052B7AA /* NSObject+MJCoding.h */,
				61738C4F1B6273D80052B7AA /* NSObject+MJCoding.m */,
				61738C501B6273D80052B7AA /* NSObject+MJKeyValue.h */,
				61738C511B6273D80052B7AA /* NSObject+MJKeyValue.m */,
				61738C521B6273D80052B7AA /* NSObject+MJMember.h */,
				61738C531B6273D80052B7AA /* NSObject+MJMember.m */,
			);
			path = MJExtension;
			sourceTree = "<group>";
		};
		617B2BFF1B50B8B200ACEE0C /* Class */ = {
			isa = PBXGroup;
			children = (
				61BE278B1B5D2DE20049D38C /* sendWeibo */,
				61602D1A1B5549B6001B741A /* main */,
				61602D141B553FCF001B741A /* OAuth */,
				617B2C001B50B8B200ACEE0C /* discover */,
				617B2C041B50B8B200ACEE0C /* home */,
				617B2C0D1B50B8B200ACEE0C /* me */,
				617B2C111B50B8B200ACEE0C /* message */,
				617B2C151B50B8B200ACEE0C /* others */,
			);
			path = Class;
			sourceTree = "<group>";
		};
		617B2C001B50B8B200ACEE0C /* discover */ = {
			isa = PBXGroup;
			children = (
				617B2C011B50B8B200ACEE0C /* controller */,
				617B2C021B50B8B200ACEE0C /* model */,
				617B2C031B50B8B200ACEE0C /* view */,
			);
			path = discover;
			sourceTree = "<group>";
		};
		617B2C011B50B8B200ACEE0C /* controller */ = {
			isa = PBXGroup;
			children = (
				61A1085A1B520A2A00A15E88 /* XWDiscoverTableViewController.h */,
				61A1085B1B520A2A00A15E88 /* XWDiscoverTableViewController.m */,
			);
			path = controller;
			sourceTree = "<group>";
		};
		617B2C021B50B8B200ACEE0C /* model */ = {
			isa = PBXGroup;
			children = (
				61C530141B7E25FA00ACACBC /* XWDiscoverTableViewGroup.h */,
				61C530151B7E25FA00ACACBC /* XWDiscoverTableViewGroup.m */,
				61C530171B7E261400ACACBC /* XWDiscoverTableViewItem.h */,
				61C530181B7E261400ACACBC /* XWDiscoverTableViewItem.m */,
				613B1C031B80828B0003BF5C /* XWArrowsItem.h */,
				613B1C041B80828B0003BF5C /* XWArrowsItem.m */,
			);
			path = model;
			sourceTree = "<group>";
		};
		617B2C031B50B8B200ACEE0C /* view */ = {
			isa = PBXGroup;
			children = (
				61A44B211B7EE11A0093E9F2 /* XWDiscoverCell.h */,
				61A44B221B7EE11A0093E9F2 /* XWDiscoverCell.m */,
				61A108611B524C7B00A15E88 /* XWSearchBar.h */,
				61A108621B524C7B00A15E88 /* XWSearchBar.m */,
			);
			path = view;
			sourceTree = "<group>";
		};
		617B2C041B50B8B200ACEE0C /* home */ = {
			isa = PBXGroup;
			children = (
				617B2C051B50B8B200ACEE0C /* controller */,
				617B2C061B50B8B200ACEE0C /* model */,
				617B2C071B50B8B200ACEE0C /* view */,
			);
			path = home;
			sourceTree = "<group>";
		};
		617B2C051B50B8B200ACEE0C /* controller */ = {
			isa = PBXGroup;
			children = (
				617B2C211B50F84200ACEE0C /* XWHomeTableViewController.h */,
				617B2C221B50F84200ACEE0C /* XWHomeTableViewController.m */,
				61D1A4921B8206FA00690C2E /* XWStatusDetailTableViewController.h */,
				61D1A4931B8206FA00690C2E /* XWStatusDetailTableViewController.m */,
			);
			path = controller;
			sourceTree = "<group>";
		};
		617B2C061B50B8B200ACEE0C /* model */ = {
			isa = PBXGroup;
			children = (
				6153E45F1B6A71BE00EC50EE /* frame */,
				615AE4081B5B8A2300885C71 /* XWUser.h */,
				615AE4091B5B8A2300885C71 /* XWUser.m */,
				615AE40B1B5B8AC600885C71 /* XWStatus.h */,
				615AE40C1B5B8AC600885C71 /* XWStatus.m */,
				615AE40E1B5B8C6900885C71 /* XWPhoto.h */,
				615AE40F1B5B8C6900885C71 /* XWPhoto.m */,
			);
			path = model;
			sourceTree = "<group>";
		};
		617B2C071B50B8B200ACEE0C /* view */ = {
			isa = PBXGroup;
			children = (
				61ABB8431B69074A00581D8E /* cell */,
				61A108641B52545400A15E88 /* XWHomeTitleButton.h */,
				61A108651B52545400A15E88 /* XWHomeTitleButton.m */,
				61BE27821B5D1AF50049D38C /* XWFooterView.h */,
				61BE27831B5D1AF50049D38C /* XWFooterView.m */,
				61BE27891B5D240D0049D38C /* XWFooterView.xib */,
				61D1A4951B821ECE00690C2E /* XWRetweetedToolBar.h */,
				61D1A4961B821ECE00690C2E /* XWRetweetedToolBar.m */,
			);
			path = view;
			sourceTree = "<group>";
		};
		617B2C0D1B50B8B200ACEE0C /* me */ = {
			isa = PBXGroup;
			children = (
				617B2C0E1B50B8B200ACEE0C /* controller */,
				617B2C0F1B50B8B200ACEE0C /* model */,
				617B2C101B50B8B200ACEE0C /* view */,
			);
			path = me;
			sourceTree = "<group>";
		};
		617B2C0E1B50B8B200ACEE0C /* controller */ = {
			isa = PBXGroup;
			children = (
				617B2C271B514B6F00ACEE0C /* XWMeTableViewController.h */,
				617B2C281B514B6F00ACEE0C /* XWMeTableViewController.m */,
			);
			path = controller;
			sourceTree = "<group>";
		};
		617B2C0F1B50B8B200ACEE0C /* model */ = {
			isa = PBXGroup;
			children = (
			);
			path = model;
			sourceTree = "<group>";
		};
		617B2C101B50B8B200ACEE0C /* view */ = {
			isa = PBXGroup;
			children = (
			);
			path = view;
			sourceTree = "<group>";
		};
		617B2C111B50B8B200ACEE0C /* message */ = {
			isa = PBXGroup;
			children = (
				617B2C121B50B8B200ACEE0C /* controller */,
				617B2C131B50B8B200ACEE0C /* model */,
				617B2C141B50B8B200ACEE0C /* view */,
			);
			path = message;
			sourceTree = "<group>";
		};
		617B2C121B50B8B200ACEE0C /* controller */ = {
			isa = PBXGroup;
			children = (
				617B2C1B1B50BB0D00ACEE0C /* XWMsgTableViewController.h */,
				617B2C1C1B50BB0D00ACEE0C /* XWMsgTableViewController.m */,
			);
			path = controller;
			sourceTree = "<group>";
		};
		617B2C131B50B8B200ACEE0C /* model */ = {
			isa = PBXGroup;
			children = (
			);
			path = model;
			sourceTree = "<group>";
		};
		617B2C141B50B8B200ACEE0C /* view */ = {
			isa = PBXGroup;
			children = (
			);
			path = view;
			sourceTree = "<group>";
		};
		617B2C151B50B8B200ACEE0C /* others */ = {
			isa = PBXGroup;
			children = (
				61A108601B52104E00A15E88 /* catergory */,
				617B2C161B50B8B200ACEE0C /* AppDelegate.h */,
				617B2C171B50B8B200ACEE0C /* AppDelegate.m */,
				618A048C1B56867300266683 /* XW新浪微博-Prefix.pch */,
			);
			path = others;
			sourceTree = "<group>";
		};
		618A048D1B5699BD00266683 /* model */ = {
			isa = PBXGroup;
			children = (
				618A048E1B5699D600266683 /* XWAccount.h */,
				618A048F1B5699D600266683 /* XWAccount.m */,
				619CB8EB1B6655EB00016A06 /* XWHomeStatusPara.h */,
				619CB8EC1B6655EB00016A06 /* XWHomeStatusPara.m */,
				619CB8EE1B6657D800016A06 /* XWHomeStatusResult.h */,
				619CB8EF1B6657D800016A06 /* XWHomeStatusResult.m */,
				619CB8F71B6675CE00016A06 /* XWUserInfoPara.h */,
				619CB8F81B6675CE00016A06 /* XWUserInfoPara.m */,
				61A0A63D1B67B15A00E48C1D /* XWUnreadCountPara.h */,
				61A0A63E1B67B15A00E48C1D /* XWUnreadCountPara.m */,
				61A0A6401B67B1D900E48C1D /* XWUnreadCountResult.h */,
				61A0A6411B67B1D900E48C1D /* XWUnreadCountResult.m */,
			);
			name = model;
			sourceTree = "<group>";
		};
		618CDC021B7CCDCA001E834B /* inputView */ = {
			isa = PBXGroup;
			children = (
				618CDC031B7CCDEF001E834B /* XWInputEmotionView.h */,
				618CDC041B7CCDEF001E834B /* XWInputEmotionView.m */,
				618CDC061B7CD152001E834B /* XWEmotionListView.h */,
				618CDC071B7CD152001E834B /* XWEmotionListView.m */,
			);
			path = inputView;
			sourceTree = "<group>";
		};
		61A0A63C1B67B14300E48C1D /* XWGetUnreadCount */ = {
			isa = PBXGroup;
			children = (
				61A0A6431B67B2D100E48C1D /* XWGetUnreadTool.h */,
				61A0A6441B67B2D100E48C1D /* XWGetUnreadTool.m */,
			);
			path = XWGetUnreadCount;
			sourceTree = "<group>";
		};
		61A108601B52104E00A15E88 /* catergory */ = {
			isa = PBXGroup;
			children = (
				61A44B241B7F2F200093E9F2 /* UIView+Extension.h */,
				61A44B251B7F2F200093E9F2 /* UIView+Extension.m */,
				619464151B6FAFF900D90C72 /* NSDate+MJ.h */,
				619464161B6FAFF900D90C72 /* NSDate+MJ.m */,
				61A1085D1B52100000A15E88 /* UIImage+resizable.h */,
				61A1085E1B52100000A15E88 /* UIImage+resizable.m */,
				617B2C241B51057F00ACEE0C /* UIBarButtonItem+Extension.h */,
				617B2C251B51057F00ACEE0C /* UIBarButtonItem+Extension.m */,
			);
			name = catergory;
			sourceTree = "<group>";
		};
		61ABB8431B69074A00581D8E /* cell */ = {
			isa = PBXGroup;
			children = (
				617513241B763E55008F6CD7 /* XWStatusPhotosView.h */,
				617513251B763E55008F6CD7 /* XWStatusPhotosView.m */,
				617513271B763E75008F6CD7 /* XWStatusPhotoView.h */,
				617513281B763E75008F6CD7 /* XWStatusPhotoView.m */,
				61ABB8441B69074A00581D8E /* detailView */,
				61ABB84B1B69074A00581D8E /* toolBarView */,
				61ABB84E1B69074A00581D8E /* XWTableViewCell.h */,
				61ABB84F1B69074A00581D8E /* XWTableViewCell.m */,
			);
			path = cell;
			sourceTree = "<group>";
		};
		61ABB8441B69074A00581D8E /* detailView */ = {
			isa = PBXGroup;
			children = (
				61ABB8451B69074A00581D8E /* XWOriginalView.h */,
				61ABB8461B69074A00581D8E /* XWOriginalView.m */,
				61ABB8471B69074A00581D8E /* XWRetweetView.h */,
				61ABB8481B69074A00581D8E /* XWRetweetView.m */,
				61ABB8491B69074A00581D8E /* XWStatusDetailView.h */,
				61ABB84A1B69074A00581D8E /* XWStatusDetailView.m */,
			);
			path = detailView;
			sourceTree = "<group>";
		};
		61ABB84B1B69074A00581D8E /* toolBarView */ = {
			isa = PBXGroup;
			children = (
				61ABB84C1B69074A00581D8E /* XWToolBarView.h */,
				61ABB84D1B69074A00581D8E /* XWToolBarView.m */,
			);
			path = toolBarView;
			sourceTree = "<group>";
		};
		61BE278B1B5D2DE20049D38C /* sendWeibo */ = {
			isa = PBXGroup;
			children = (
				61BE278C1B5D2DE20049D38C /* controller */,
				61BE278F1B5D2DE20049D38C /* model */,
				61BE27901B5D2DE20049D38C /* view */,
			);
			path = sendWeibo;
			sourceTree = "<group>";
		};
		61BE278C1B5D2DE20049D38C /* controller */ = {
			isa = PBXGroup;
			children = (
				61BE278D1B5D2DE20049D38C /* XWComposeViewController.h */,
				61BE278E1B5D2DE20049D38C /* XWComposeViewController.m */,
			);
			path = controller;
			sourceTree = "<group>";
		};
		61BE278F1B5D2DE20049D38C /* model */ = {
			isa = PBXGroup;
			children = (
			);
			path = model;
			sourceTree = "<group>";
		};
		61BE27901B5D2DE20049D38C /* view */ = {
			isa = PBXGroup;
			children = (
				618CDC021B7CCDCA001E834B /* inputView */,
				61BE27921B5D2E4E0049D38C /* XWsendWeiboTextView.h */,
				61BE27931B5D2E4E0049D38C /* XWsendWeiboTextView.m */,
				619CA1D31B5E7DD80090DC0E /* XWInputToolBar.h */,
				619CA1D41B5E7DD80090DC0E /* XWInputToolBar.m */,
				61AE31CD1B61278900E54AEA /* XWSelectImageView.h */,
				61AE31CE1B61278900E54AEA /* XWSelectImageView.m */,
			);
			path = view;
			sourceTree = "<group>";
		};
		61DFDAC31B627F9A00294B05 /* SDWebImage */ = {
			isa = PBXGroup;
			children = (
				61DFDAC41B627F9A00294B05 /* MKAnnotationView+WebCache.h */,
				61DFDAC51B627F9A00294B05 /* MKAnnotationView+WebCache.m */,
				61DFDAC61B627F9A00294B05 /* NSData+ImageContentType.h */,
				61DFDAC71B627F9A00294B05 /* NSData+ImageContentType.m */,
				61DFDAC81B627F9A00294B05 /* SDImageCache.h */,
				61DFDAC91B627F9A00294B05 /* SDImageCache.m */,
				61DFDACA1B627F9A00294B05 /* SDWebImageCompat.h */,
				61DFDACB1B627F9A00294B05 /* SDWebImageCompat.m */,
				61DFDACC1B627F9A00294B05 /* SDWebImageDecoder.h */,
				61DFDACD1B627F9A00294B05 /* SDWebImageDecoder.m */,
				61DFDACE1B627F9A00294B05 /* SDWebImageDownloader.h */,
				61DFDACF1B627F9A00294B05 /* SDWebImageDownloader.m */,
				61DFDAD01B627F9A00294B05 /* SDWebImageDownloaderOperation.h */,
				61DFDAD11B627F9A00294B05 /* SDWebImageDownloaderOperation.m */,
				61DFDAD21B627F9A00294B05 /* SDWebImageManager.h */,
				61DFDAD31B627F9A00294B05 /* SDWebImageManager.m */,
				61DFDAD41B627F9A00294B05 /* SDWebImageOperation.h */,
				61DFDAD51B627F9A00294B05 /* SDWebImagePrefetcher.h */,
				61DFDAD61B627F9A00294B05 /* SDWebImagePrefetcher.m */,
				61DFDAD71B627F9A00294B05 /* UIButton+WebCache.h */,
				61DFDAD81B627F9A00294B05 /* UIButton+WebCache.m */,
				61DFDAD91B627F9A00294B05 /* UIImage+GIF.h */,
				61DFDADA1B627F9A00294B05 /* UIImage+GIF.m */,
				61DFDADB1B627F9A00294B05 /* UIImage+MultiFormat.h */,
				61DFDADC1B627F9A00294B05 /* UIImage+MultiFormat.m */,
				61DFDADD1B627F9A00294B05 /* UIImage+WebP.h */,
				61DFDADE1B627F9A00294B05 /* UIImage+WebP.m */,
				61DFDADF1B627F9A00294B05 /* UIImageView+HighlightedWebCache.h */,
				61DFDAE01B627F9A00294B05 /* UIImageView+HighlightedWebCache.m */,
				61DFDAE11B627F9A00294B05 /* UIImageView+WebCache.h */,
				61DFDAE21B627F9A00294B05 /* UIImageView+WebCache.m */,
				61DFDAE31B627F9A00294B05 /* UIView+WebCacheOperation.h */,
				61DFDAE41B627F9A00294B05 /* UIView+WebCacheOperation.m */,
			);
			path = SDWebImage;
			sourceTree = "<group>";
		};
/* End PBXGroup section */

/* Begin PBXNativeTarget section */
		611017CF1B4D4A2800C143AC /* XW新浪微博 */ = {
			isa = PBXNativeTarget;
			buildConfigurationList = 611017F31B4D4A2800C143AC /* Build configuration list for PBXNativeTarget "XW新浪微博" */;
			buildPhases = (
				611017CC1B4D4A2800C143AC /* Sources */,
				611017CD1B4D4A2800C143AC /* Frameworks */,
				611017CE1B4D4A2800C143AC /* Resources */,
			);
			buildRules = (
			);
			dependencies = (
			);
			name = "XW新浪微博";
			productName = "XW新浪微博";
			productReference = 611017D01B4D4A2800C143AC /* XW新浪微博.app */;
			productType = "com.apple.product-type.application";
		};
		611017E81B4D4A2800C143AC /* XW新浪微博Tests */ = {
			isa = PBXNativeTarget;
			buildConfigurationList = 611017F61B4D4A2800C143AC /* Build configuration list for PBXNativeTarget "XW新浪微博Tests" */;
			buildPhases = (
				611017E51B4D4A2800C143AC /* Sources */,
				611017E61B4D4A2800C143AC /* Frameworks */,
				611017E71B4D4A2800C143AC /* Resources */,
			);
			buildRules = (
			);
			dependencies = (
				611017EB1B4D4A2800C143AC /* PBXTargetDependency */,
			);
			name = "XW新浪微博Tests";
			productName = "XW新浪微博Tests";
			productReference = 611017E91B4D4A2800C143AC /* XW新浪微博Tests.xctest */;
			productType = "com.apple.product-type.bundle.unit-test";
		};
/* End PBXNativeTarget section */

/* Begin PBXProject section */
		611017C81B4D4A2700C143AC /* Project object */ = {
			isa = PBXProject;
			attributes = {
				CLASSPREFIX = XW;
				LastUpgradeCheck = 0620;
				ORGANIZATIONNAME = bbq;
				TargetAttributes = {
					611017CF1B4D4A2800C143AC = {
						CreatedOnToolsVersion = 6.2;
					};
					611017E81B4D4A2800C143AC = {
						CreatedOnToolsVersion = 6.2;
						TestTargetID = 611017CF1B4D4A2800C143AC;
					};
				};
			};
			buildConfigurationList = 611017CB1B4D4A2700C143AC /* Build configuration list for PBXProject "XW新浪微博" */;
			compatibilityVersion = "Xcode 3.2";
			developmentRegion = English;
			hasScannedForEncodings = 0;
			knownRegions = (
				en,
				Base,
			);
			mainGroup = 611017C71B4D4A2700C143AC;
			productRefGroup = 611017D11B4D4A2800C143AC /* Products */;
			projectDirPath = "";
			projectRoot = "";
			targets = (
				611017CF1B4D4A2800C143AC /* XW新浪微博 */,
				611017E81B4D4A2800C143AC /* XW新浪微博Tests */,
			);
		};
/* End PBXProject section */

/* Begin PBXResourcesBuildPhase section */
		611017CE1B4D4A2800C143AC /* Resources */ = {
			isa = PBXResourcesBuildPhase;
			buildActionMask = 2147483647;
			files = (
				611017FA1B4D4B3A00C143AC /* Default@2x.png in Resources */,
				611017E41B4D4A2800C143AC /* LaunchScreen.xib in Resources */,
				6173853D1B63CD5200E8F285 /* MJRefresh.bundle in Resources */,
				61BE278A1B5D240D0049D38C /* XWFooterView.xib in Resources */,
				611017E11B4D4A2800C143AC /* Images.xcassets in Resources */,
				61738C7E1B6273D80052B7AA /* MBProgressHUD.bundle in Resources */,
			);
			runOnlyForDeploymentPostprocessing = 0;
		};
		611017E71B4D4A2800C143AC /* Resources */ = {
			isa = PBXResourcesBuildPhase;
			buildActionMask = 2147483647;
			files = (
			);
			runOnlyForDeploymentPostprocessing = 0;
		};
/* End PBXResourcesBuildPhase section */

/* Begin PBXSourcesBuildPhase section */
		611017CC1B4D4A2800C143AC /* Sources */ = {
			isa = PBXSourcesBuildPhase;
			buildActionMask = 2147483647;
			files = (
				61ABB8521B69074A00581D8E /* XWStatusDetailView.m in Sources */,
				617B2C1D1B50BB0D00ACEE0C /* XWMsgTableViewController.m in Sources */,
				61ABB8541B69074A00581D8E /* XWTableViewCell.m in Sources */,
				61738C801B6273D80052B7AA /* MJArgument.m in Sources */,
				61602D381B5549B6001B741A /* XWNavigationController.m in Sources */,
				61738C841B6273D80052B7AA /* MJType.m in Sources */,
				617B2C231B50F84200ACEE0C /* XWHomeTableViewController.m in Sources */,
				618CDC081B7CD152001E834B /* XWEmotionListView.m in Sources */,
				61738C881B6273D80052B7AA /* NSObject+MJMember.m in Sources */,
				617513291B763E75008F6CD7 /* XWStatusPhotoView.m in Sources */,
				61DFDAEB1B627F9A00294B05 /* SDWebImageDownloaderOperation.m in Sources */,
				61DFDAF41B627F9A00294B05 /* UIView+WebCacheOperation.m in Sources */,
				61ABB8531B69074A00581D8E /* XWToolBarView.m in Sources */,
				617385441B63CD5200E8F285 /* UIView+MJExtension.m in Sources */,
				619CB8F61B66757200016A06 /* XWUserInfoTool.m in Sources */,
				61DFDAEE1B627F9A00294B05 /* UIButton+WebCache.m in Sources */,
				61738C7F1B6273D80052B7AA /* MBProgressHUD.m in Sources */,
				617B2C291B514B6F00ACEE0C /* XWMeTableViewController.m in Sources */,
				61738C761B6273D80052B7AA /* AFHTTPSessionManager.m in Sources */,
				61DFDAE81B627F9A00294B05 /* SDWebImageCompat.m in Sources */,
				61DFDAEA1B627F9A00294B05 /* SDWebImageDownloader.m in Sources */,
				617385421B63CD5200E8F285 /* UIScrollView+MJExtension.m in Sources */,
				61DFDAE61B627F9A00294B05 /* NSData+ImageContentType.m in Sources */,
				61738C7D1B6273D80052B7AA /* MBProgressHUD+MJ.m in Sources */,
				61A1085C1B520A2A00A15E88 /* XWDiscoverTableViewController.m in Sources */,
				6153E4651B6A71FD00EC50EE /* XWOriginalFrame.m in Sources */,
				6153E4621B6A71DD00EC50EE /* XWStatusFrame.m in Sources */,
				61738C871B6273D80052B7AA /* NSObject+MJKeyValue.m in Sources */,
				61DFDAF21B627F9A00294B05 /* UIImageView+HighlightedWebCache.m in Sources */,
				617B2C1A1B50B8B200ACEE0C /* AppDelegate.m in Sources */,
				61602D431B5549B6001B741A /* XWTabBar.m in Sources */,
				61A0A63F1B67B15A00E48C1D /* XWUnreadCountPara.m in Sources */,
				617385461B63DD0200E8F285 /* Foundation+Log.m in Sources */,
				61D1A4941B8206FA00690C2E /* XWStatusDetailTableViewController.m in Sources */,
				61DFDAE51B627F9A00294B05 /* MKAnnotationView+WebCache.m in Sources */,
				61738C861B6273D80052B7AA /* NSObject+MJCoding.m in Sources */,
				61BE27941B5D2E4E0049D38C /* XWsendWeiboTextView.m in Sources */,
				61DFDAE91B627F9A00294B05 /* SDWebImageDecoder.m in Sources */,
				61AE25EE1B6BA74E00865579 /* XWDetailFrame.m in Sources */,
				61C530161B7E25FA00ACACBC /* XWDiscoverTableViewGroup.m in Sources */,
				61DFDAEC1B627F9A00294B05 /* SDWebImageManager.m in Sources */,
				61738C851B6273D80052B7AA /* MJTypeEncoding.m in Sources */,
				615AE4101B5B8C6900885C71 /* XWPhoto.m in Sources */,
				617B2C261B51057F00ACEE0C /* UIBarButtonItem+Extension.m in Sources */,
				61738C751B6273D80052B7AA /* AFHTTPRequestOperationManager.m in Sources */,
				61738C831B6273D80052B7AA /* MJMethod.m in Sources */,
				615AE40A1B5B8A2300885C71 /* XWUser.m in Sources */,
				611017D61B4D4A2800C143AC /* main.m in Sources */,
				61A0A6421B67B1D900E48C1D /* XWUnreadCountResult.m in Sources */,
				61A108631B524C7B00A15E88 /* XWSearchBar.m in Sources */,
				61D1A4971B821ECE00690C2E /* XWRetweetedToolBar.m in Sources */,
				61DFDAF31B627F9A00294B05 /* UIImageView+WebCache.m in Sources */,
				61738C7A1B6273D80052B7AA /* AFURLRequestSerialization.m in Sources */,
				61A4F9971B6C725D0047917C /* NSString+XWCacularTextSizeExtension.m in Sources */,
				619CB8F31B665AEC00016A06 /* XWHomeStatusTool.m in Sources */,
				61602D191B553FCF001B741A /* XWOAuthViewController.m in Sources */,
				61AE31CF1B61278900E54AEA /* XWSelectImageView.m in Sources */,
				61738C771B6273D80052B7AA /* AFNetworkReachabilityManager.m in Sources */,
				61DFDAEF1B627F9A00294B05 /* UIImage+GIF.m in Sources */,
				61DFDAF11B627F9A00294B05 /* UIImage+WebP.m in Sources */,
				615AE40D1B5B8AC600885C71 /* XWStatus.m in Sources */,
				61A44B231B7EE11A0093E9F2 /* XWDiscoverCell.m in Sources */,
				61BE27841B5D1AF50049D38C /* XWFooterView.m in Sources */,
				61738C741B6273D80052B7AA /* AFHTTPRequestOperation.m in Sources */,
				61A1085F1B52100000A15E88 /* UIImage+resizable.m in Sources */,
				61BE27911B5D2DE20049D38C /* XWComposeViewController.m in Sources */,
				618A04901B5699D600266683 /* XWAccount.m in Sources */,
				61738C791B6273D80052B7AA /* AFURLConnectionOperation.m in Sources */,
				617385401B63CD5200E8F285 /* MJRefreshFooterView.m in Sources */,
				619CA1D51B5E7DD80090DC0E /* XWInputToolBar.m in Sources */,
				61148DF11B6504DE00FC96D7 /* XWHttpTool.m in Sources */,
				6173853E1B63CD5200E8F285 /* MJRefreshBaseView.m in Sources */,
				6173853F1B63CD5200E8F285 /* MJRefreshConst.m in Sources */,
				61738C7C1B6273D80052B7AA /* AFURLSessionManager.m in Sources */,
				61DFDAF01B627F9A00294B05 /* UIImage+MultiFormat.m in Sources */,
				61738C811B6273D80052B7AA /* MJIvar.m in Sources */,
				61ABB8511B69074A00581D8E /* XWRetweetView.m in Sources */,
				617385431B63CD5200E8F285 /* UIScrollView+MJRefresh.m in Sources */,
				61602D391B5549B6001B741A /* XWTabBarViewController.m in Sources */,
				619CB8F91B6675CE00016A06 /* XWUserInfoPara.m in Sources */,
				61A44B261B7F2F200093E9F2 /* UIView+Extension.m in Sources */,
				619CB8F01B6657D800016A06 /* XWHomeStatusResult.m in Sources */,
				617513261B763E55008F6CD7 /* XWStatusPhotosView.m in Sources */,
				619CB8ED1B6655EB00016A06 /* XWHomeStatusPara.m in Sources */,
				611221311B57E2F200EEC110 /* XWAccountTool.m in Sources */,
				6153E4681B6A720C00EC50EE /* XWRetweetFrame.m in Sources */,
				618CDC051B7CCDEF001E834B /* XWInputEmotionView.m in Sources */,
				61A0A6451B67B2D100E48C1D /* XWGetUnreadTool.m in Sources */,
				61C530191B7E261400ACACBC /* XWDiscoverTableViewItem.m in Sources */,
				613B1C051B80828B0003BF5C /* XWArrowsItem.m in Sources */,
				61738C821B6273D80052B7AA /* MJMember.m in Sources */,
				617385411B63CD5200E8F285 /* MJRefreshHeaderView.m in Sources */,
				61ABB8501B69074A00581D8E /* XWOriginalView.m in Sources */,
				61DFDAED1B627F9A00294B05 /* SDWebImagePrefetcher.m in Sources */,
				61738C7B1B6273D80052B7AA /* AFURLResponseSerialization.m in Sources */,
				61A108661B52545400A15E88 /* XWHomeTitleButton.m in Sources */,
				61738C781B6273D80052B7AA /* AFSecurityPolicy.m in Sources */,
				61DFDAE71B627F9A00294B05 /* SDImageCache.m in Sources */,
				619464171B6FAFF900D90C72 /* NSDate+MJ.m in Sources */,
			);
			runOnlyForDeploymentPostprocessing = 0;
		};
		611017E51B4D4A2800C143AC /* Sources */ = {
			isa = PBXSourcesBuildPhase;
			buildActionMask = 2147483647;
			files = (
				611017F01B4D4A2800C143AC /* XW____Tests.m in Sources */,
			);
			runOnlyForDeploymentPostprocessing = 0;
		};
/* End PBXSourcesBuildPhase section */

/* Begin PBXTargetDependency section */
		611017EB1B4D4A2800C143AC /* PBXTargetDependency */ = {
			isa = PBXTargetDependency;
			target = 611017CF1B4D4A2800C143AC /* XW新浪微博 */;
			targetProxy = 611017EA1B4D4A2800C143AC /* PBXContainerItemProxy */;
		};
/* End PBXTargetDependency section */

/* Begin PBXVariantGroup section */
		611017E21B4D4A2800C143AC /* LaunchScreen.xib */ = {
			isa = PBXVariantGroup;
			children = (
				611017E31B4D4A2800C143AC /* Base */,
			);
			name = LaunchScreen.xib;
			sourceTree = "<group>";
		};
/* End PBXVariantGroup section */

/* Begin XCBuildConfiguration section */
		611017F11B4D4A2800C143AC /* Debug */ = {
			isa = XCBuildConfiguration;
			buildSettings = {
				ALWAYS_SEARCH_USER_PATHS = NO;
				CLANG_CXX_LANGUAGE_STANDARD = "gnu++0x";
				CLANG_CXX_LIBRARY = "libc++";
				CLANG_ENABLE_MODULES = YES;
				CLANG_ENABLE_OBJC_ARC = YES;
				CLANG_WARN_BOOL_CONVERSION = YES;
				CLANG_WARN_CONSTANT_CONVERSION = YES;
				CLANG_WARN_DIRECT_OBJC_ISA_USAGE = YES_ERROR;
				CLANG_WARN_EMPTY_BODY = YES;
				CLANG_WARN_ENUM_CONVERSION = YES;
				CLANG_WARN_INT_CONVERSION = YES;
				CLANG_WARN_OBJC_ROOT_CLASS = YES_ERROR;
				CLANG_WARN_UNREACHABLE_CODE = YES;
				CLANG_WARN__DUPLICATE_METHOD_MATCH = YES;
				"CODE_SIGN_IDENTITY[sdk=iphoneos*]" = "iPhone Developer";
				COPY_PHASE_STRIP = NO;
				ENABLE_STRICT_OBJC_MSGSEND = YES;
				GCC_C_LANGUAGE_STANDARD = gnu99;
				GCC_DYNAMIC_NO_PIC = NO;
				GCC_OPTIMIZATION_LEVEL = 0;
				GCC_PREPROCESSOR_DEFINITIONS = (
					"DEBUG=1",
					"$(inherited)",
				);
				GCC_SYMBOLS_PRIVATE_EXTERN = NO;
				GCC_WARN_64_TO_32_BIT_CONVERSION = YES;
				GCC_WARN_ABOUT_RETURN_TYPE = YES_ERROR;
				GCC_WARN_UNDECLARED_SELECTOR = YES;
				GCC_WARN_UNINITIALIZED_AUTOS = YES_AGGRESSIVE;
				GCC_WARN_UNUSED_FUNCTION = YES;
				GCC_WARN_UNUSED_VARIABLE = YES;
				IPHONEOS_DEPLOYMENT_TARGET = 8.2;
				MTL_ENABLE_DEBUG_INFO = YES;
				ONLY_ACTIVE_ARCH = YES;
				SDKROOT = iphoneos;
				TARGETED_DEVICE_FAMILY = "1,2";
			};
			name = Debug;
		};
		611017F21B4D4A2800C143AC /* Release */ = {
			isa = XCBuildConfiguration;
			buildSettings = {
				ALWAYS_SEARCH_USER_PATHS = NO;
				CLANG_CXX_LANGUAGE_STANDARD = "gnu++0x";
				CLANG_CXX_LIBRARY = "libc++";
				CLANG_ENABLE_MODULES = YES;
				CLANG_ENABLE_OBJC_ARC = YES;
				CLANG_WARN_BOOL_CONVERSION = YES;
				CLANG_WARN_CONSTANT_CONVERSION = YES;
				CLANG_WARN_DIRECT_OBJC_ISA_USAGE = YES_ERROR;
				CLANG_WARN_EMPTY_BODY = YES;
				CLANG_WARN_ENUM_CONVERSION = YES;
				CLANG_WARN_INT_CONVERSION = YES;
				CLANG_WARN_OBJC_ROOT_CLASS = YES_ERROR;
				CLANG_WARN_UNREACHABLE_CODE = YES;
				CLANG_WARN__DUPLICATE_METHOD_MATCH = YES;
				"CODE_SIGN_IDENTITY[sdk=iphoneos*]" = "iPhone Developer";
				COPY_PHASE_STRIP = NO;
				ENABLE_NS_ASSERTIONS = NO;
				ENABLE_STRICT_OBJC_MSGSEND = YES;
				GCC_C_LANGUAGE_STANDARD = gnu99;
				GCC_WARN_64_TO_32_BIT_CONVERSION = YES;
				GCC_WARN_ABOUT_RETURN_TYPE = YES_ERROR;
				GCC_WARN_UNDECLARED_SELECTOR = YES;
				GCC_WARN_UNINITIALIZED_AUTOS = YES_AGGRESSIVE;
				GCC_WARN_UNUSED_FUNCTION = YES;
				GCC_WARN_UNUSED_VARIABLE = YES;
				IPHONEOS_DEPLOYMENT_TARGET = 8.2;
				MTL_ENABLE_DEBUG_INFO = NO;
				SDKROOT = iphoneos;
				TARGETED_DEVICE_FAMILY = "1,2";
				VALIDATE_PRODUCT = YES;
			};
			name = Release;
		};
		611017F41B4D4A2800C143AC /* Debug */ = {
			isa = XCBuildConfiguration;
			buildSettings = {
				ASSETCATALOG_COMPILER_APPICON_NAME = AppIcon;
				GCC_PRECOMPILE_PREFIX_HEADER = YES;
				GCC_PREFIX_HEADER = "$(SRCROOT)/XW新浪微博/Class/others/XW新浪微博-Prefix.pch";
				INFOPLIST_FILE = "XW新浪微博/Info.plist";
				LD_RUNPATH_SEARCH_PATHS = "$(inherited) @executable_path/Frameworks";
				PRODUCT_NAME = "$(TARGET_NAME)";
			};
			name = Debug;
		};
		611017F51B4D4A2800C143AC /* Release */ = {
			isa = XCBuildConfiguration;
			buildSettings = {
				ASSETCATALOG_COMPILER_APPICON_NAME = AppIcon;
				GCC_PRECOMPILE_PREFIX_HEADER = YES;
				GCC_PREFIX_HEADER = "$(SRCROOT)/XW新浪微博/Class/others/XW新浪微博-Prefix.pch";
				INFOPLIST_FILE = "XW新浪微博/Info.plist";
				LD_RUNPATH_SEARCH_PATHS = "$(inherited) @executable_path/Frameworks";
				PRODUCT_NAME = "$(TARGET_NAME)";
			};
			name = Release;
		};
		611017F71B4D4A2800C143AC /* Debug */ = {
			isa = XCBuildConfiguration;
			buildSettings = {
				BUNDLE_LOADER = "$(TEST_HOST)";
				FRAMEWORK_SEARCH_PATHS = (
					"$(SDKROOT)/Developer/Library/Frameworks",
					"$(inherited)",
				);
				GCC_PREPROCESSOR_DEFINITIONS = (
					"DEBUG=1",
					"$(inherited)",
				);
				INFOPLIST_FILE = "XW新浪微博Tests/Info.plist";
				LD_RUNPATH_SEARCH_PATHS = "$(inherited) @executable_path/Frameworks @loader_path/Frameworks";
				PRODUCT_NAME = "$(TARGET_NAME)";
				TEST_HOST = "$(BUILT_PRODUCTS_DIR)/XW新浪微博.app/XW新浪微博";
			};
			name = Debug;
		};
		611017F81B4D4A2800C143AC /* Release */ = {
			isa = XCBuildConfiguration;
			buildSettings = {
				BUNDLE_LOADER = "$(TEST_HOST)";
				FRAMEWORK_SEARCH_PATHS = (
					"$(SDKROOT)/Developer/Library/Frameworks",
					"$(inherited)",
				);
				INFOPLIST_FILE = "XW新浪微博Tests/Info.plist";
				LD_RUNPATH_SEARCH_PATHS = "$(inherited) @executable_path/Frameworks @loader_path/Frameworks";
				PRODUCT_NAME = "$(TARGET_NAME)";
				TEST_HOST = "$(BUILT_PRODUCTS_DIR)/XW新浪微博.app/XW新浪微博";
			};
			name = Release;
		};
/* End XCBuildConfiguration section */

/* Begin XCConfigurationList section */
		611017CB1B4D4A2700C143AC /* Build configuration list for PBXProject "XW新浪微博" */ = {
			isa = XCConfigurationList;
			buildConfigurations = (
				611017F11B4D4A2800C143AC /* Debug */,
				611017F21B4D4A2800C143AC /* Release */,
			);
			defaultConfigurationIsVisible = 0;
			defaultConfigurationName = Release;
		};
		611017F31B4D4A2800C143AC /* Build configuration list for PBXNativeTarget "XW新浪微博" */ = {
			isa = XCConfigurationList;
			buildConfigurations = (
				611017F41B4D4A2800C143AC /* Debug */,
				611017F51B4D4A2800C143AC /* Release */,
			);
			defaultConfigurationIsVisible = 0;
			defaultConfigurationName = Release;
		};
		611017F61B4D4A2800C143AC /* Build configuration list for PBXNativeTarget "XW新浪微博Tests" */ = {
			isa = XCConfigurationList;
			buildConfigurations = (
				611017F71B4D4A2800C143AC /* Debug */,
				611017F81B4D4A2800C143AC /* Release */,
			);
			defaultConfigurationIsVisible = 0;
			defaultConfigurationName = Release;
		};
/* End XCConfigurationList section */
	};
	rootObject = 611017C81B4D4A2700C143AC /* Project object */;
}
