// !$*UTF8*$!
{
	archiveVersion = 1;
	classes = {
	};
	objectVersion = 46;
	objects = {

/* Begin PBXBuildFile section */
		611017D61B4D4A2800C143AC /* main.m in Sources */ = {isa = PBXBuildFile; fileRef = 611017D51B4D4A2800C143AC /* main.m */; };
		611017D91B4D4A2800C143AC /* AppDelegate.m in Sources */ = {isa = PBXBuildFile; fileRef = 611017D81B4D4A2800C143AC /* AppDelegate.m */; };
		611017E11B4D4A2800C143AC /* Images.xcassets in Resources */ = {isa = PBXBuildFile; fileRef = 611017E01B4D4A2800C143AC /* Images.xcassets */; };
		611017E41B4D4A2800C143AC /* LaunchScreen.xib in Resources */ = {isa = PBXBuildFile; fileRef = 611017E21B4D4A2800C143AC /* LaunchScreen.xib */; };
		611017F01B4D4A2800C143AC /* XW____Tests.m in Sources */ = {isa = PBXBuildFile; fileRef = 611017EF1B4D4A2800C143AC /* XW____Tests.m */; };
		611017FA1B4D4B3A00C143AC /* Default@2x.png in Resources */ = {isa = PBXBuildFile; fileRef = 611017F91B4D4B3A00C143AC /* Default@2x.png */; };
/* End PBXBuildFile section */

/* Begin PBXContainerItemProxy section */
		611017EA1B4D4A2800C143AC /* PBXContainerItemProxy */ = {
			isa = PBXContainerItemProxy;
			containerPortal = 611017C81B4D4A2700C143AC /* Project object */;
			proxyType = 1;
			remoteGlobalIDString = 611017CF1B4D4A2800C143AC;
			remoteInfo = "XW新浪微博";
		};
/* End PBXContainerItemProxy section */

/* Begin PBXFileReference section */
		611017D01B4D4A2800C143AC /* XW新浪微博.app */ = {isa = PBXFileReference; explicitFileType = wrapper.application; includeInIndex = 0; path = "XW新浪微博.app"; sourceTree = BUILT_PRODUCTS_DIR; };
		611017D41B4D4A2800C143AC /* Info.plist */ = {isa = PBXFileReference; lastKnownFileType = text.plist.xml; path = Info.plist; sourceTree = "<group>"; };
		611017D51B4D4A2800C143AC /* main.m */ = {isa = PBXFileReference; lastKnownFileType = sourcecode.c.objc; path = main.m; sourceTree = "<group>"; };
		611017D71B4D4A2800C143AC /* AppDelegate.h */ = {isa = PBXFileReference; lastKnownFileType = sourcecode.c.h; path = AppDelegate.h; sourceTree = "<group>"; };
		611017D81B4D4A2800C143AC /* AppDelegate.m */ = {isa = PBXFileReference; lastKnownFileType = sourcecode.c.objc; path = AppDelegate.m; sourceTree = "<group>"; };
		611017E01B4D4A2800C143AC /* Images.xcassets */ = {isa = PBXFileReference; lastKnownFileType = folder.assetcatalog; path = Images.xcassets; sourceTree = "<group>"; };
		611017E31B4D4A2800C143AC /* Base */ = {isa = PBXFileReference; lastKnownFileType = file.xib; name = Base; path = Base.lproj/LaunchScreen.xib; sourceTree = "<group>"; };
		611017E91B4D4A2800C143AC /* XW新浪微博Tests.xctest */ = {isa = PBXFileReference; explicitFileType = wrapper.cfbundle; includeInIndex = 0; path = "XW新浪微博Tests.xctest"; sourceTree = BUILT_PRODUCTS_DIR; };
		611017EE1B4D4A2800C143AC /* Info.plist */ = {isa = PBXFileReference; lastKnownFileType = text.plist.xml; path = Info.plist; sourceTree = "<group>"; };
		611017EF1B4D4A2800C143AC /* XW____Tests.m */ = {isa = PBXFileReference; lastKnownFileType = sourcecode.c.objc; path = "XW____Tests.m"; sourceTree = "<group>"; };
		611017F91B4D4B3A00C143AC /* Default@2x.png */ = {isa = PBXFileReference; lastKnownFileType = image.png; name = "Default@2x.png"; path = "../../../../Documents/黑马ios/0703/代码/黑马微博03-增加导航功能/黑马微博/Images.xcassets/LaunchImage.launchimage/Default@2x.png"; sourceTree = "<group>"; };
/* End PBXFileReference section */

/* Begin PBXFrameworksBuildPhase section */
		611017CD1B4D4A2800C143AC /* Frameworks */ = {
			isa = PBXFrameworksBuildPhase;
			buildActionMask = 2147483647;
			files = (
			);
			runOnlyForDeploymentPostprocessing = 0;
		};
		611017E61B4D4A2800C143AC /* Frameworks */ = {
			isa = PBXFrameworksBuildPhase;
			buildActionMask = 2147483647;
			files = (
			);
			runOnlyForDeploymentPostprocessing = 0;
		};
/* End PBXFrameworksBuildPhase section */

/* Begin PBXGroup section */
		611017C71B4D4A2700C143AC = {
			isa = PBXGroup;
			children = (
				611017D21B4D4A2800C143AC /* XW新浪微博 */,
				611017EC1B4D4A2800C143AC /* XW新浪微博Tests */,
				611017D11B4D4A2800C143AC /* Products */,
			);
			sourceTree = "<group>";
		};
		611017D11B4D4A2800C143AC /* Products */ = {
			isa = PBXGroup;
			children = (
				611017D01B4D4A2800C143AC /* XW新浪微博.app */,
				611017E91B4D4A2800C143AC /* XW新浪微博Tests.xctest */,
			);
			name = Products;
			sourceTree = "<group>";
		};
		611017D21B4D4A2800C143AC /* XW新浪微博 */ = {
			isa = PBXGroup;
			children = (
				611017D71B4D4A2800C143AC /* AppDelegate.h */,
				611017D81B4D4A2800C143AC /* AppDelegate.m */,
				611017E01B4D4A2800C143AC /* Images.xcassets */,
				611017E21B4D4A2800C143AC /* LaunchScreen.xib */,
				611017D31B4D4A2800C143AC /* Supporting Files */,
			);
			path = "XW新浪微博";
			sourceTree = "<group>";
		};
		611017D31B4D4A2800C143AC /* Supporting Files */ = {
			isa = PBXGroup;
			children = (
				611017F91B4D4B3A00C143AC /* Default@2x.png */,
				611017D41B4D4A2800C143AC /* Info.plist */,
				611017D51B4D4A2800C143AC /* main.m */,
			);
			name = "Supporting Files";
			sourceTree = "<group>";
		};
		611017EC1B4D4A2800C143AC /* XW新浪微博Tests */ = {
			isa = PBXGroup;
			children = (
				611017EF1B4D4A2800C143AC /* XW____Tests.m */,
				611017ED1B4D4A2800C143AC /* Supporting Files */,
			);
			path = "XW新浪微博Tests";
			sourceTree = "<group>";
		};
		611017ED1B4D4A2800C143AC /* Supporting Files */ = {
			isa = PBXGroup;
			children = (
				611017EE1B4D4A2800C143AC /* Info.plist */,
			);
			name = "Supporting Files";
			sourceTree = "<group>";
		};
/* End PBXGroup section */

/* Begin PBXNativeTarget section */
		611017CF1B4D4A2800C143AC /* XW新浪微博 */ = {
			isa = PBXNativeTarget;
			buildConfigurationList = 611017F31B4D4A2800C143AC /* Build configuration list for PBXNativeTarget "XW新浪微博" */;
			buildPhases = (
				611017CC1B4D4A2800C143AC /* Sources */,
				611017CD1B4D4A2800C143AC /* Frameworks */,
				611017CE1B4D4A2800C143AC /* Resources */,
			);
			buildRules = (
			);
			dependencies = (
			);
			name = "XW新浪微博";
			productName = "XW新浪微博";
			productReference = 611017D01B4D4A2800C143AC /* XW新浪微博.app */;
			productType = "com.apple.product-type.application";
		};
		611017E81B4D4A2800C143AC /* XW新浪微博Tests */ = {
			isa = PBXNativeTarget;
			buildConfigurationList = 611017F61B4D4A2800C143AC /* Build configuration list for PBXNativeTarget "XW新浪微博Tests" */;
			buildPhases = (
				611017E51B4D4A2800C143AC /* Sources */,
				611017E61B4D4A2800C143AC /* Frameworks */,
				611017E71B4D4A2800C143AC /* Resources */,
			);
			buildRules = (
			);
			dependencies = (
				611017EB1B4D4A2800C143AC /* PBXTargetDependency */,
			);
			name = "XW新浪微博Tests";
			productName = "XW新浪微博Tests";
			productReference = 611017E91B4D4A2800C143AC /* XW新浪微博Tests.xctest */;
			productType = "com.apple.product-type.bundle.unit-test";
		};
/* End PBXNativeTarget section */

/* Begin PBXProject section */
		611017C81B4D4A2700C143AC /* Project object */ = {
			isa = PBXProject;
			attributes = {
				CLASSPREFIX = XW;
				LastUpgradeCheck = 0620;
				ORGANIZATIONNAME = bbq;
				TargetAttributes = {
					611017CF1B4D4A2800C143AC = {
						CreatedOnToolsVersion = 6.2;
					};
					611017E81B4D4A2800C143AC = {
						CreatedOnToolsVersion = 6.2;
						TestTargetID = 611017CF1B4D4A2800C143AC;
					};
				};
			};
			buildConfigurationList = 611017CB1B4D4A2700C143AC /* Build configuration list for PBXProject "XW新浪微博" */;
			compatibilityVersion = "Xcode 3.2";
			developmentRegion = English;
			hasScannedForEncodings = 0;
			knownRegions = (
				en,
				Base,
			);
			mainGroup = 611017C71B4D4A2700C143AC;
			productRefGroup = 611017D11B4D4A2800C143AC /* Products */;
			projectDirPath = "";
			projectRoot = "";
			targets = (
				611017CF1B4D4A2800C143AC /* XW新浪微博 */,
				611017E81B4D4A2800C143AC /* XW新浪微博Tests */,
			);
		};
/* End PBXProject section */

/* Begin PBXResourcesBuildPhase section */
		611017CE1B4D4A2800C143AC /* Resources */ = {
			isa = PBXResourcesBuildPhase;
			buildActionMask = 2147483647;
			files = (
				611017FA1B4D4B3A00C143AC /* Default@2x.png in Resources */,
				611017E41B4D4A2800C143AC /* LaunchScreen.xib in Resources */,
				611017E11B4D4A2800C143AC /* Images.xcassets in Resources */,
			);
			runOnlyForDeploymentPostprocessing = 0;
		};
		611017E71B4D4A2800C143AC /* Resources */ = {
			isa = PBXResourcesBuildPhase;
			buildActionMask = 2147483647;
			files = (
			);
			runOnlyForDeploymentPostprocessing = 0;
		};
/* End PBXResourcesBuildPhase section */

/* Begin PBXSourcesBuildPhase section */
		611017CC1B4D4A2800C143AC /* Sources */ = {
			isa = PBXSourcesBuildPhase;
			buildActionMask = 2147483647;
			files = (
				611017D91B4D4A2800C143AC /* AppDelegate.m in Sources */,
				611017D61B4D4A2800C143AC /* main.m in Sources */,
			);
			runOnlyForDeploymentPostprocessing = 0;
		};
		611017E51B4D4A2800C143AC /* Sources */ = {
			isa = PBXSourcesBuildPhase;
			buildActionMask = 2147483647;
			files = (
				611017F01B4D4A2800C143AC /* XW____Tests.m in Sources */,
			);
			runOnlyForDeploymentPostprocessing = 0;
		};
/* End PBXSourcesBuildPhase section */

/* Begin PBXTargetDependency section */
		611017EB1B4D4A2800C143AC /* PBXTargetDependency */ = {
			isa = PBXTargetDependency;
			target = 611017CF1B4D4A2800C143AC /* XW新浪微博 */;
			targetProxy = 611017EA1B4D4A2800C143AC /* PBXContainerItemProxy */;
		};
/* End PBXTargetDependency section */

/* Begin PBXVariantGroup section */
		611017E21B4D4A2800C143AC /* LaunchScreen.xib */ = {
			isa = PBXVariantGroup;
			children = (
				611017E31B4D4A2800C143AC /* Base */,
			);
			name = LaunchScreen.xib;
			sourceTree = "<group>";
		};
/* End PBXVariantGroup section */

/* Begin XCBuildConfiguration section */
		611017F11B4D4A2800C143AC /* Debug */ = {
			isa = XCBuildConfiguration;
			buildSettings = {
				ALWAYS_SEARCH_USER_PATHS = NO;
				CLANG_CXX_LANGUAGE_STANDARD = "gnu++0x";
				CLANG_CXX_LIBRARY = "libc++";
				CLANG_ENABLE_MODULES = YES;
				CLANG_ENABLE_OBJC_ARC = YES;
				CLANG_WARN_BOOL_CONVERSION = YES;
				CLANG_WARN_CONSTANT_CONVERSION = YES;
				CLANG_WARN_DIRECT_OBJC_ISA_USAGE = YES_ERROR;
				CLANG_WARN_EMPTY_BODY = YES;
				CLANG_WARN_ENUM_CONVERSION = YES;
				CLANG_WARN_INT_CONVERSION = YES;
				CLANG_WARN_OBJC_ROOT_CLASS = YES_ERROR;
				CLANG_WARN_UNREACHABLE_CODE = YES;
				CLANG_WARN__DUPLICATE_METHOD_MATCH = YES;
				"CODE_SIGN_IDENTITY[sdk=iphoneos*]" = "iPhone Developer";
				COPY_PHASE_STRIP = NO;
				ENABLE_STRICT_OBJC_MSGSEND = YES;
				GCC_C_LANGUAGE_STANDARD = gnu99;
				GCC_DYNAMIC_NO_PIC = NO;
				GCC_OPTIMIZATION_LEVEL = 0;
				GCC_PREPROCESSOR_DEFINITIONS = (
					"DEBUG=1",
					"$(inherited)",
				);
				GCC_SYMBOLS_PRIVATE_EXTERN = NO;
				GCC_WARN_64_TO_32_BIT_CONVERSION = YES;
				GCC_WARN_ABOUT_RETURN_TYPE = YES_ERROR;
				GCC_WARN_UNDECLARED_SELECTOR = YES;
				GCC_WARN_UNINITIALIZED_AUTOS = YES_AGGRESSIVE;
				GCC_WARN_UNUSED_FUNCTION = YES;
				GCC_WARN_UNUSED_VARIABLE = YES;
				IPHONEOS_DEPLOYMENT_TARGET = 8.2;
				MTL_ENABLE_DEBUG_INFO = YES;
				ONLY_ACTIVE_ARCH = YES;
				SDKROOT = iphoneos;
				TARGETED_DEVICE_FAMILY = "1,2";
			};
			name = Debug;
		};
		611017F21B4D4A2800C143AC /* Release */ = {
			isa = XCBuildConfiguration;
			buildSettings = {
				ALWAYS_SEARCH_USER_PATHS = NO;
				CLANG_CXX_LANGUAGE_STANDARD = "gnu++0x";
				CLANG_CXX_LIBRARY = "libc++";
				CLANG_ENABLE_MODULES = YES;
				CLANG_ENABLE_OBJC_ARC = YES;
				CLANG_WARN_BOOL_CONVERSION = YES;
				CLANG_WARN_CONSTANT_CONVERSION = YES;
				CLANG_WARN_DIRECT_OBJC_ISA_USAGE = YES_ERROR;
				CLANG_WARN_EMPTY_BODY = YES;
				CLANG_WARN_ENUM_CONVERSION = YES;
				CLANG_WARN_INT_CONVERSION = YES;
				CLANG_WARN_OBJC_ROOT_CLASS = YES_ERROR;
				CLANG_WARN_UNREACHABLE_CODE = YES;
				CLANG_WARN__DUPLICATE_METHOD_MATCH = YES;
				"CODE_SIGN_IDENTITY[sdk=iphoneos*]" = "iPhone Developer";
				COPY_PHASE_STRIP = NO;
				ENABLE_NS_ASSERTIONS = NO;
				ENABLE_STRICT_OBJC_MSGSEND = YES;
				GCC_C_LANGUAGE_STANDARD = gnu99;
				GCC_WARN_64_TO_32_BIT_CONVERSION = YES;
				GCC_WARN_ABOUT_RETURN_TYPE = YES_ERROR;
				GCC_WARN_UNDECLARED_SELECTOR = YES;
				GCC_WARN_UNINITIALIZED_AUTOS = YES_AGGRESSIVE;
				GCC_WARN_UNUSED_FUNCTION = YES;
				GCC_WARN_UNUSED_VARIABLE = YES;
				IPHONEOS_DEPLOYMENT_TARGET = 8.2;
				MTL_ENABLE_DEBUG_INFO = NO;
				SDKROOT = iphoneos;
				TARGETED_DEVICE_FAMILY = "1,2";
				VALIDATE_PRODUCT = YES;
			};
			name = Release;
		};
		611017F41B4D4A2800C143AC /* Debug */ = {
			isa = XCBuildConfiguration;
			buildSettings = {
				ASSETCATALOG_COMPILER_APPICON_NAME = AppIcon;
				INFOPLIST_FILE = "XW新浪微博/Info.plist";
				LD_RUNPATH_SEARCH_PATHS = "$(inherited) @executable_path/Frameworks";
				PRODUCT_NAME = "$(TARGET_NAME)";
			};
			name = Debug;
		};
		611017F51B4D4A2800C143AC /* Release */ = {
			isa = XCBuildConfiguration;
			buildSettings = {
				ASSETCATALOG_COMPILER_APPICON_NAME = AppIcon;
				INFOPLIST_FILE = "XW新浪微博/Info.plist";
				LD_RUNPATH_SEARCH_PATHS = "$(inherited) @executable_path/Frameworks";
				PRODUCT_NAME = "$(TARGET_NAME)";
			};
			name = Release;
		};
		611017F71B4D4A2800C143AC /* Debug */ = {
			isa = XCBuildConfiguration;
			buildSettings = {
				BUNDLE_LOADER = "$(TEST_HOST)";
				FRAMEWORK_SEARCH_PATHS = (
					"$(SDKROOT)/Developer/Library/Frameworks",
					"$(inherited)",
				);
				GCC_PREPROCESSOR_DEFINITIONS = (
					"DEBUG=1",
					"$(inherited)",
				);
				INFOPLIST_FILE = "XW新浪微博Tests/Info.plist";
				LD_RUNPATH_SEARCH_PATHS = "$(inherited) @executable_path/Frameworks @loader_path/Frameworks";
				PRODUCT_NAME = "$(TARGET_NAME)";
				TEST_HOST = "$(BUILT_PRODUCTS_DIR)/XW新浪微博.app/XW新浪微博";
			};
			name = Debug;
		};
		611017F81B4D4A2800C143AC /* Release */ = {
			isa = XCBuildConfiguration;
			buildSettings = {
				BUNDLE_LOADER = "$(TEST_HOST)";
				FRAMEWORK_SEARCH_PATHS = (
					"$(SDKROOT)/Developer/Library/Frameworks",
					"$(inherited)",
				);
				INFOPLIST_FILE = "XW新浪微博Tests/Info.plist";
				LD_RUNPATH_SEARCH_PATHS = "$(inherited) @executable_path/Frameworks @loader_path/Frameworks";
				PRODUCT_NAME = "$(TARGET_NAME)";
				TEST_HOST = "$(BUILT_PRODUCTS_DIR)/XW新浪微博.app/XW新浪微博";
			};
			name = Release;
		};
/* End XCBuildConfiguration section */

/* Begin XCConfigurationList section */
		611017CB1B4D4A2700C143AC /* Build configuration list for PBXProject "XW新浪微博" */ = {
			isa = XCConfigurationList;
			buildConfigurations = (
				611017F11B4D4A2800C143AC /* Debug */,
				611017F21B4D4A2800C143AC /* Release */,
			);
			defaultConfigurationIsVisible = 0;
			defaultConfigurationName = Release;
		};
		611017F31B4D4A2800C143AC /* Build configuration list for PBXNativeTarget "XW新浪微博" */ = {
			isa = XCConfigurationList;
			buildConfigurations = (
				611017F41B4D4A2800C143AC /* Debug */,
				611017F51B4D4A2800C143AC /* Release */,
			);
			defaultConfigurationIsVisible = 0;
		};
		611017F61B4D4A2800C143AC /* Build configuration list for PBXNativeTarget "XW新浪微博Tests" */ = {
			isa = XCConfigurationList;
			buildConfigurations = (
				611017F71B4D4A2800C143AC /* Debug */,
				611017F81B4D4A2800C143AC /* Release */,
			);
			defaultConfigurationIsVisible = 0;
		};
/* End XCConfigurationList section */
	};
	rootObject = 611017C81B4D4A2700C143AC /* Project object */;
}
